PODS:
  - AFNetworking (1.3.2)
  - DVCoreDataFinders (0.4)
  - InflectorKit (0.0.1)
  - LibYAML (0.1.4)
  - MBFaker (0.0.1):
    - LibYAML (~> 0.1.4)
  - MBProgressHUD (0.7)
  - NSDate+Helper (0.0.1)
  - NSDate-Extensions (0.0.1)
  - TransformerKit (0.2.4)
  - YISplashScreen (1.0.0)

DEPENDENCIES:
  - AFNetworking (~> 1.3.2)
  - DVCoreDataFinders (~> 0.4)
  - InflectorKit (~> 0.0.1)
  - MBFaker (from `git@github.com:juarlex/MBFaker.git`)
  - MBProgressHUD (~> 0.7)
  - NSDate+Helper (~> 0.0.1)
  - NSDate-Extensions (~> 0.0.1)
  - TransformerKit (~> 0.2.4)
  - YISplashScreen (~> 1.0.0)

EXTERNAL SOURCES:
  MBFaker:
    :git: git@github.com:juarlex/MBFaker.git

SPEC CHECKSUMS:
  AFNetworking: 7f9bcd7c287a75476cd5c61e82fd3380e93e4c54
  DVCoreDataFinders: 9049f24f1bdccc11af4ff6b2bc2e098994827a0f
  InflectorKit: 9dccab02f95541093995adac639342c9eb9e6c12
  LibYAML: 49b77e5b3f4417fa512a8f1f4675a78480bf6b3d
  MBFaker: da77c465bf2c2540e1e6c0546b2d34afd7e9cdf4
  MBProgressHUD: 1fd8591a2216d5dec6de24e09187bb03bcbe9946
  NSDate+Helper: 3015cb57778256bce7c549fca172474308740059
  NSDate-Extensions: b78c2b3f363acdcd7b5d2547a6bef6656cd8ff70
  TransformerKit: 3c60759694b70d41b833dfe4005b031762d54e7f
  YISplashScreen: c0d3f8d37e32baf8346d750c038f6e7b0dcbbb25

COCOAPODS: 0.23.0
