// !$*UTF8*$!
{
	archiveVersion = 1;
	classes = {
	};
	objectVersion = 46;
	objects = {

/* Begin PBXBuildFile section */
		FA0D403E176146E80025725F /* equipment.png in Resources */ = {isa = PBXBuildFile; fileRef = FA0D4039176146E80025725F /* equipment.png */; };
		FA0D403F176146E80025725F /* lines.png in Resources */ = {isa = PBXBuildFile; fileRef = FA0D403A176146E80025725F /* lines.png */; };
		FA0D4040176146E80025725F /* price.png in Resources */ = {isa = PBXBuildFile; fileRef = FA0D403B176146E80025725F /* price.png */; };
		FA0D4041176146E80025725F /* safety.png in Resources */ = {isa = PBXBuildFile; fileRef = FA0D403C176146E80025725F /* safety.png */; };
		FA0D4042176146E80025725F /* technical_details.png in Resources */ = {isa = PBXBuildFile; fileRef = FA0D403D176146E80025725F /* technical_details.png */; };
		FA0D4045176148300025725F /* DummyViewController.m in Sources */ = {isa = PBXBuildFile; fileRef = FA0D4044176148300025725F /* DummyViewController.m */; };
		FA1929BB1766707700A887E3 /* SpecificationType.m in Sources */ = {isa = PBXBuildFile; fileRef = FA1929BA1766707700A887E3 /* SpecificationType.m */; };
		FA1929BF1766707700A887E3 /* Maker.m in Sources */ = {isa = PBXBuildFile; fileRef = FA1929BE1766707700A887E3 /* Maker.m */; };
		FA1929C21766707700A887E3 /* Model.m in Sources */ = {isa = PBXBuildFile; fileRef = FA1929C11766707700A887E3 /* Model.m */; };
		FA1929C51766707700A887E3 /* Comparative.m in Sources */ = {isa = PBXBuildFile; fileRef = FA1929C41766707700A887E3 /* Comparative.m */; };
		FA1929C81766707700A887E3 /* Feature.m in Sources */ = {isa = PBXBuildFile; fileRef = FA1929C71766707700A887E3 /* Feature.m */; };
		FA1929CB1766707700A887E3 /* Serie.m in Sources */ = {isa = PBXBuildFile; fileRef = FA1929CA1766707700A887E3 /* Serie.m */; };
		FA1929CE1766707700A887E3 /* Car.m in Sources */ = {isa = PBXBuildFile; fileRef = FA1929CD1766707700A887E3 /* Car.m */; };
		FA1929D11766707700A887E3 /* ComparedCar.m in Sources */ = {isa = PBXBuildFile; fileRef = FA1929D01766707700A887E3 /* ComparedCar.m */; };
		FA1929D41766707800A887E3 /* Line.m in Sources */ = {isa = PBXBuildFile; fileRef = FA1929D31766707800A887E3 /* Line.m */; };
		FA1929D71766707800A887E3 /* Offer.m in Sources */ = {isa = PBXBuildFile; fileRef = FA1929D61766707800A887E3 /* Offer.m */; };
		FA1929DA1766707800A887E3 /* Specification.m in Sources */ = {isa = PBXBuildFile; fileRef = FA1929D91766707800A887E3 /* Specification.m */; };
		FA2AF9601755A50A001BA8ED /* UIKit.framework in Frameworks */ = {isa = PBXBuildFile; fileRef = FA2AF95F1755A50A001BA8ED /* UIKit.framework */; };
		FA2AF9621755A50A001BA8ED /* Foundation.framework in Frameworks */ = {isa = PBXBuildFile; fileRef = FA2AF9611755A50A001BA8ED /* Foundation.framework */; };
		FA2AF9641755A50A001BA8ED /* CoreGraphics.framework in Frameworks */ = {isa = PBXBuildFile; fileRef = FA2AF9631755A50A001BA8ED /* CoreGraphics.framework */; };
		FA2AF96A1755A50A001BA8ED /* InfoPlist.strings in Resources */ = {isa = PBXBuildFile; fileRef = FA2AF9681755A50A001BA8ED /* InfoPlist.strings */; };
		FA2AF96C1755A50A001BA8ED /* main.m in Sources */ = {isa = PBXBuildFile; fileRef = FA2AF96B1755A50A001BA8ED /* main.m */; };
		FA2AF9701755A50A001BA8ED /* AppDelegate.m in Sources */ = {isa = PBXBuildFile; fileRef = FA2AF96F1755A50A001BA8ED /* AppDelegate.m */; };
		FA2AF9791755A50A001BA8ED /* MainStoryboard.storyboard in Resources */ = {isa = PBXBuildFile; fileRef = FA2AF9771755A50A001BA8ED /* MainStoryboard.storyboard */; };
		FA2AF97E1755A50A001BA8ED /* first.png in Resources */ = {isa = PBXBuildFile; fileRef = FA2AF97D1755A50A001BA8ED /* first.png */; };
		FA2AF9801755A50B001BA8ED /* first@2x.png in Resources */ = {isa = PBXBuildFile; fileRef = FA2AF97F1755A50B001BA8ED /* first@2x.png */; };
		FA2AF9851755A50B001BA8ED /* second.png in Resources */ = {isa = PBXBuildFile; fileRef = FA2AF9841755A50B001BA8ED /* second.png */; };
		FA2AF9871755A50B001BA8ED /* second@2x.png in Resources */ = {isa = PBXBuildFile; fileRef = FA2AF9861755A50B001BA8ED /* second@2x.png */; };
		FA2AF98F1755A50B001BA8ED /* SenTestingKit.framework in Frameworks */ = {isa = PBXBuildFile; fileRef = FA2AF98E1755A50B001BA8ED /* SenTestingKit.framework */; };
		FA2AF9901755A50B001BA8ED /* UIKit.framework in Frameworks */ = {isa = PBXBuildFile; fileRef = FA2AF95F1755A50A001BA8ED /* UIKit.framework */; };
		FA2AF9911755A50B001BA8ED /* Foundation.framework in Frameworks */ = {isa = PBXBuildFile; fileRef = FA2AF9611755A50A001BA8ED /* Foundation.framework */; };
		FA2AF9991755A50B001BA8ED /* InfoPlist.strings in Resources */ = {isa = PBXBuildFile; fileRef = FA2AF9971755A50B001BA8ED /* InfoPlist.strings */; };
		FA2AF99C1755A50B001BA8ED /* CarSideBySideTests.m in Sources */ = {isa = PBXBuildFile; fileRef = FA2AF99B1755A50B001BA8ED /* CarSideBySideTests.m */; };
		FA2AF9A61755B3B9001BA8ED /* CoreData.framework in Frameworks */ = {isa = PBXBuildFile; fileRef = FA2AF9A51755B3B9001BA8ED /* CoreData.framework */; settings = {ATTRIBUTES = (Required, ); }; };
		FA2B058117590313000EBAB1 /* CarListViewController.m in Sources */ = {isa = PBXBuildFile; fileRef = FA2B058017590313000EBAB1 /* CarListViewController.m */; };
		FA2B0584175905DD000EBAB1 /* CarCell.m in Sources */ = {isa = PBXBuildFile; fileRef = FA2B0583175905DD000EBAB1 /* CarCell.m */; };
		FA590727175674B8008F8B78 /* bmw_offer_test_1.jpg in Resources */ = {isa = PBXBuildFile; fileRef = FA590724175674B8008F8B78 /* bmw_offer_test_1.jpg */; };
		FA590728175674B8008F8B78 /* bmw_offer_test_2.jpg in Resources */ = {isa = PBXBuildFile; fileRef = FA590725175674B8008F8B78 /* bmw_offer_test_2.jpg */; };
		FA590729175674B8008F8B78 /* bmw_offer_test_3.jpg in Resources */ = {isa = PBXBuildFile; fileRef = FA590726175674B8008F8B78 /* bmw_offer_test_3.jpg */; };
		FA5A9B081756FD0600B718C1 /* Podfile in Resources */ = {isa = PBXBuildFile; fileRef = FA5A9AE61756FD0600B718C1 /* Podfile */; };
		FA5A9B091756FD0600B718C1 /* Podfile.lock in Resources */ = {isa = PBXBuildFile; fileRef = FA5A9AE71756FD0600B718C1 /* Podfile.lock */; };
		FA5A9B0A1756FD0600B718C1 /* Manifest.lock in Resources */ = {isa = PBXBuildFile; fileRef = FA5A9AF31756FD0600B718C1 /* Manifest.lock */; };
		FA5A9B0B1756FD0600B718C1 /* Pods-acknowledgements.markdown in Resources */ = {isa = PBXBuildFile; fileRef = FA5A9AF41756FD0600B718C1 /* Pods-acknowledgements.markdown */; };
		FA5A9B0C1756FD0600B718C1 /* Pods-acknowledgements.plist in Resources */ = {isa = PBXBuildFile; fileRef = FA5A9AF51756FD0600B718C1 /* Pods-acknowledgements.plist */; };
		FA5A9B0D1756FD0600B718C1 /* Pods-dummy.m in Sources */ = {isa = PBXBuildFile; fileRef = FA5A9AF61756FD0600B718C1 /* Pods-dummy.m */; };
		FA5A9B0E1756FD0600B718C1 /* Pods-resources.sh in Resources */ = {isa = PBXBuildFile; fileRef = FA5A9AF91756FD0600B718C1 /* Pods-resources.sh */; };
		FA5A9B0F1756FD0600B718C1 /* Pods.xcconfig in Resources */ = {isa = PBXBuildFile; fileRef = FA5A9AFA1756FD0600B718C1 /* Pods.xcconfig */; };
		FA5A9B101756FD0600B718C1 /* YISplashScreen+Migration.m in Sources */ = {isa = PBXBuildFile; fileRef = FA5A9B011756FD0600B718C1 /* YISplashScreen+Migration.m */; };
		FA5A9B111756FD0600B718C1 /* YISplashScreen.m in Sources */ = {isa = PBXBuildFile; fileRef = FA5A9B031756FD0600B718C1 /* YISplashScreen.m */; };
		FA5A9B121756FD0600B718C1 /* YISplashScreenAnimation.m in Sources */ = {isa = PBXBuildFile; fileRef = FA5A9B051756FD0600B718C1 /* YISplashScreenAnimation.m */; };
		FA5A9B131756FD0600B718C1 /* README.md in Resources */ = {isa = PBXBuildFile; fileRef = FA5A9B061756FD0600B718C1 /* README.md */; };
		FA5A9B141756FD0600B718C1 /* README.md in Resources */ = {isa = PBXBuildFile; fileRef = FA5A9B071756FD0600B718C1 /* README.md */; };
		FA6EAAF2175E3A5400502168 /* Icon-72.png in Resources */ = {isa = PBXBuildFile; fileRef = FA6EAAEE175E3A5400502168 /* Icon-72.png */; };
		FA6EAAF3175E3A5400502168 /* Icon-72@2x.png in Resources */ = {isa = PBXBuildFile; fileRef = FA6EAAEF175E3A5400502168 /* Icon-72@2x.png */; };
		FA88C2BB1755B90400603295 /* CarSideBySide.xcdatamodeld in Sources */ = {isa = PBXBuildFile; fileRef = FA88C2B91755B90400603295 /* CarSideBySide.xcdatamodeld */; };
		FA8B0835175A321300C58E04 /* OfferListHeaderView.m in Sources */ = {isa = PBXBuildFile; fileRef = FA8B0834175A321300C58E04 /* OfferListHeaderView.m */; };
		FA8B0839175A397700C58E04 /* OfferDetailViewController.m in Sources */ = {isa = PBXBuildFile; fileRef = FA8B0838175A397700C58E04 /* OfferDetailViewController.m */; };
		FA953D141757027D004F770D /* OfferCell.m in Sources */ = {isa = PBXBuildFile; fileRef = FA953D131757027D004F770D /* OfferCell.m */; };
		FA98C5A11760FB4600B64805 /* CarListHeaderView.m in Sources */ = {isa = PBXBuildFile; fileRef = FA98C5A01760FB4600B64805 /* CarListHeaderView.m */; };
		FA98C5A517610B1F00B64805 /* SerieListViewController.m in Sources */ = {isa = PBXBuildFile; fileRef = FA98C5A417610B1F00B64805 /* SerieListViewController.m */; };
		FAA37F8117594483005DC530 /* CarDetailViewController.m in Sources */ = {isa = PBXBuildFile; fileRef = FAA37F8017594483005DC530 /* CarDetailViewController.m */; };
		FACE6928175E75870009F595 /* Default-Landscape~ipad.png in Resources */ = {isa = PBXBuildFile; fileRef = FACE6926175E75870009F595 /* Default-Landscape~ipad.png */; };
		FACE6929175E75870009F595 /* Default-Portrait~ipad.png in Resources */ = {isa = PBXBuildFile; fileRef = FACE6927175E75870009F595 /* Default-Portrait~ipad.png */; };
		FAD9DA781756B54500293DA4 /* OfferListViewController.m in Sources */ = {isa = PBXBuildFile; fileRef = FAD9DA771756B54500293DA4 /* OfferListViewController.m */; };
		FADABF4F1755CC490072E8C9 /* bmw_s1_3_puertas_large.jpg in Resources */ = {isa = PBXBuildFile; fileRef = FADABF351755CC490072E8C9 /* bmw_s1_3_puertas_large.jpg */; };
		FADABF501755CC490072E8C9 /* bmw_s1_3_puertas.jpg in Resources */ = {isa = PBXBuildFile; fileRef = FADABF361755CC490072E8C9 /* bmw_s1_3_puertas.jpg */; };
		FADABF511755CC490072E8C9 /* bmw_s1_5_puertas_large.jpg in Resources */ = {isa = PBXBuildFile; fileRef = FADABF371755CC490072E8C9 /* bmw_s1_5_puertas_large.jpg */; };
		FADABF521755CC490072E8C9 /* bmw_s1_5_puertas.jpg in Resources */ = {isa = PBXBuildFile; fileRef = FADABF381755CC490072E8C9 /* bmw_s1_5_puertas.jpg */; };
		FADABF531755CC490072E8C9 /* bmw_s1_active_e_large.jpg in Resources */ = {isa = PBXBuildFile; fileRef = FADABF391755CC490072E8C9 /* bmw_s1_active_e_large.jpg */; };
		FADABF541755CC490072E8C9 /* bmw_s1_active_e.jpg in Resources */ = {isa = PBXBuildFile; fileRef = FADABF3A1755CC490072E8C9 /* bmw_s1_active_e.jpg */; };
		FADABF551755CC490072E8C9 /* bmw_s1_convertible_large.jpg in Resources */ = {isa = PBXBuildFile; fileRef = FADABF3B1755CC490072E8C9 /* bmw_s1_convertible_large.jpg */; };
		FADABF561755CC490072E8C9 /* bmw_s1_convertible.jpg in Resources */ = {isa = PBXBuildFile; fileRef = FADABF3C1755CC490072E8C9 /* bmw_s1_convertible.jpg */; };
		FADABF571755CC490072E8C9 /* bmw_s1_coupe_large.jpg in Resources */ = {isa = PBXBuildFile; fileRef = FADABF3D1755CC490072E8C9 /* bmw_s1_coupe_large.jpg */; };
		FADABF581755CC490072E8C9 /* bmw_s1_coupe.jpg in Resources */ = {isa = PBXBuildFile; fileRef = FADABF3E1755CC490072E8C9 /* bmw_s1_coupe.jpg */; };
		FADABF591755CC490072E8C9 /* bmw_s3_convertible_large.jpg in Resources */ = {isa = PBXBuildFile; fileRef = FADABF3F1755CC490072E8C9 /* bmw_s3_convertible_large.jpg */; };
		FADABF5A1755CC490072E8C9 /* bmw_s3_convertible.jpg in Resources */ = {isa = PBXBuildFile; fileRef = FADABF401755CC490072E8C9 /* bmw_s3_convertible.jpg */; };
		FADABF5B1755CC490072E8C9 /* bmw_s3_coupe.jpg in Resources */ = {isa = PBXBuildFile; fileRef = FADABF411755CC490072E8C9 /* bmw_s3_coupe.jpg */; };
		FADABF5C1755CC490072E8C9 /* bmw_s3_coupe_large.jpg in Resources */ = {isa = PBXBuildFile; fileRef = FADABF421755CC490072E8C9 /* bmw_s3_coupe_large.jpg */; };
		FADABF5D1755CC490072E8C9 /* bmw_s3_gran_turismo_large.jpg in Resources */ = {isa = PBXBuildFile; fileRef = FADABF431755CC490072E8C9 /* bmw_s3_gran_turismo_large.jpg */; };
		FADABF5E1755CC490072E8C9 /* bmw_s3_gran_turismo.jpg in Resources */ = {isa = PBXBuildFile; fileRef = FADABF441755CC490072E8C9 /* bmw_s3_gran_turismo.jpg */; };
		FADABF5F1755CC490072E8C9 /* bmw_s3_sedan_active_hybrid_large.jpg in Resources */ = {isa = PBXBuildFile; fileRef = FADABF451755CC490072E8C9 /* bmw_s3_sedan_active_hybrid_large.jpg */; };
		FADABF601755CC490072E8C9 /* bmw_s3_sedan_active_hybrid.jpg in Resources */ = {isa = PBXBuildFile; fileRef = FADABF461755CC490072E8C9 /* bmw_s3_sedan_active_hybrid.jpg */; };
		FADABF611755CC490072E8C9 /* bmw_s3_sedan_large.jpg in Resources */ = {isa = PBXBuildFile; fileRef = FADABF471755CC490072E8C9 /* bmw_s3_sedan_large.jpg */; };
		FADABF621755CC490072E8C9 /* bmw_s3_sedan.jpg in Resources */ = {isa = PBXBuildFile; fileRef = FADABF481755CC490072E8C9 /* bmw_s3_sedan.jpg */; };
		FADABF631755CC490072E8C9 /* bmw_s3_touring_large.jpg in Resources */ = {isa = PBXBuildFile; fileRef = FADABF491755CC490072E8C9 /* bmw_s3_touring_large.jpg */; };
		FADABF641755CC490072E8C9 /* bmw_s3_touring.jpg in Resources */ = {isa = PBXBuildFile; fileRef = FADABF4A1755CC490072E8C9 /* bmw_s3_touring.jpg */; };
		FADABF651755CC490072E8C9 /* bmw_s5_gran_turismo_large.jpg in Resources */ = {isa = PBXBuildFile; fileRef = FADABF4B1755CC490072E8C9 /* bmw_s5_gran_turismo_large.jpg */; };
		FADABF661755CC490072E8C9 /* bmw_s5_gran_turismo.jpg in Resources */ = {isa = PBXBuildFile; fileRef = FADABF4C1755CC490072E8C9 /* bmw_s5_gran_turismo.jpg */; };
		FADABF671755CC490072E8C9 /* bmw_s5_sedan_large.jpg in Resources */ = {isa = PBXBuildFile; fileRef = FADABF4D1755CC490072E8C9 /* bmw_s5_sedan_large.jpg */; };
		FADABF681755CC490072E8C9 /* bmw_s5_sedan.jpg in Resources */ = {isa = PBXBuildFile; fileRef = FADABF4E1755CC490072E8C9 /* bmw_s5_sedan.jpg */; };
/* End PBXBuildFile section */

/* Begin PBXContainerItemProxy section */
		FA2AF9921755A50B001BA8ED /* PBXContainerItemProxy */ = {
			isa = PBXContainerItemProxy;
			containerPortal = FA2AF9541755A50A001BA8ED /* Project object */;
			proxyType = 1;
			remoteGlobalIDString = FA2AF95B1755A50A001BA8ED;
			remoteInfo = CarSideBySide;
		};
		FA5A9B161756FD0600B718C1 /* PBXContainerItemProxy */ = {
			isa = PBXContainerItemProxy;
			containerPortal = FA5A9AFB1756FD0600B718C1 /* Pods.xcodeproj */;
			proxyType = 2;
			remoteGlobalIDString = 09410A49B7D04B929359D2C9;
			remoteInfo = Pods;
		};
/* End PBXContainerItemProxy section */

/* Begin PBXFileReference section */
		966C47EF87414A41B6537359 /* Pods.xcconfig */ = {isa = PBXFileReference; includeInIndex = 1; lastKnownFileType = text.xcconfig; name = Pods.xcconfig; path = Pods/Pods.xcconfig; sourceTree = SOURCE_ROOT; };
		FA0D4039176146E80025725F /* equipment.png */ = {isa = PBXFileReference; lastKnownFileType = image.png; path = equipment.png; sourceTree = "<group>"; };
		FA0D403A176146E80025725F /* lines.png */ = {isa = PBXFileReference; lastKnownFileType = image.png; path = lines.png; sourceTree = "<group>"; };
		FA0D403B176146E80025725F /* price.png */ = {isa = PBXFileReference; lastKnownFileType = image.png; path = price.png; sourceTree = "<group>"; };
		FA0D403C176146E80025725F /* safety.png */ = {isa = PBXFileReference; lastKnownFileType = image.png; path = safety.png; sourceTree = "<group>"; };
		FA0D403D176146E80025725F /* technical_details.png */ = {isa = PBXFileReference; lastKnownFileType = image.png; path = technical_details.png; sourceTree = "<group>"; };
		FA0D4043176148300025725F /* DummyViewController.h */ = {isa = PBXFileReference; fileEncoding = 4; lastKnownFileType = sourcecode.c.h; path = DummyViewController.h; sourceTree = "<group>"; };
		FA0D4044176148300025725F /* DummyViewController.m */ = {isa = PBXFileReference; fileEncoding = 4; lastKnownFileType = sourcecode.c.objc; path = DummyViewController.m; sourceTree = "<group>"; };
		FA1929B91766707700A887E3 /* SpecificationType.h */ = {isa = PBXFileReference; fileEncoding = 4; lastKnownFileType = sourcecode.c.h; path = SpecificationType.h; sourceTree = "<group>"; };
		FA1929BA1766707700A887E3 /* SpecificationType.m */ = {isa = PBXFileReference; fileEncoding = 4; lastKnownFileType = sourcecode.c.objc; path = SpecificationType.m; sourceTree = "<group>"; };
		FA1929BD1766707700A887E3 /* Maker.h */ = {isa = PBXFileReference; fileEncoding = 4; lastKnownFileType = sourcecode.c.h; path = Maker.h; sourceTree = "<group>"; };
		FA1929BE1766707700A887E3 /* Maker.m */ = {isa = PBXFileReference; fileEncoding = 4; lastKnownFileType = sourcecode.c.objc; path = Maker.m; sourceTree = "<group>"; };
		FA1929C01766707700A887E3 /* Model.h */ = {isa = PBXFileReference; fileEncoding = 4; lastKnownFileType = sourcecode.c.h; path = Model.h; sourceTree = "<group>"; };
		FA1929C11766707700A887E3 /* Model.m */ = {isa = PBXFileReference; fileEncoding = 4; lastKnownFileType = sourcecode.c.objc; path = Model.m; sourceTree = "<group>"; };
		FA1929C31766707700A887E3 /* Comparative.h */ = {isa = PBXFileReference; fileEncoding = 4; lastKnownFileType = sourcecode.c.h; path = Comparative.h; sourceTree = "<group>"; };
		FA1929C41766707700A887E3 /* Comparative.m */ = {isa = PBXFileReference; fileEncoding = 4; lastKnownFileType = sourcecode.c.objc; path = Comparative.m; sourceTree = "<group>"; };
		FA1929C61766707700A887E3 /* Feature.h */ = {isa = PBXFileReference; fileEncoding = 4; lastKnownFileType = sourcecode.c.h; path = Feature.h; sourceTree = "<group>"; };
		FA1929C71766707700A887E3 /* Feature.m */ = {isa = PBXFileReference; fileEncoding = 4; lastKnownFileType = sourcecode.c.objc; path = Feature.m; sourceTree = "<group>"; };
		FA1929C91766707700A887E3 /* Serie.h */ = {isa = PBXFileReference; fileEncoding = 4; lastKnownFileType = sourcecode.c.h; path = Serie.h; sourceTree = "<group>"; };
		FA1929CA1766707700A887E3 /* Serie.m */ = {isa = PBXFileReference; fileEncoding = 4; lastKnownFileType = sourcecode.c.objc; path = Serie.m; sourceTree = "<group>"; };
		FA1929CC1766707700A887E3 /* Car.h */ = {isa = PBXFileReference; fileEncoding = 4; lastKnownFileType = sourcecode.c.h; path = Car.h; sourceTree = "<group>"; };
		FA1929CD1766707700A887E3 /* Car.m */ = {isa = PBXFileReference; fileEncoding = 4; lastKnownFileType = sourcecode.c.objc; path = Car.m; sourceTree = "<group>"; };
		FA1929CF1766707700A887E3 /* ComparedCar.h */ = {isa = PBXFileReference; fileEncoding = 4; lastKnownFileType = sourcecode.c.h; path = ComparedCar.h; sourceTree = "<group>"; };
		FA1929D01766707700A887E3 /* ComparedCar.m */ = {isa = PBXFileReference; fileEncoding = 4; lastKnownFileType = sourcecode.c.objc; path = ComparedCar.m; sourceTree = "<group>"; };
		FA1929D21766707800A887E3 /* Line.h */ = {isa = PBXFileReference; fileEncoding = 4; lastKnownFileType = sourcecode.c.h; path = Line.h; sourceTree = "<group>"; };
		FA1929D31766707800A887E3 /* Line.m */ = {isa = PBXFileReference; fileEncoding = 4; lastKnownFileType = sourcecode.c.objc; path = Line.m; sourceTree = "<group>"; };
		FA1929D51766707800A887E3 /* Offer.h */ = {isa = PBXFileReference; fileEncoding = 4; lastKnownFileType = sourcecode.c.h; path = Offer.h; sourceTree = "<group>"; };
		FA1929D61766707800A887E3 /* Offer.m */ = {isa = PBXFileReference; fileEncoding = 4; lastKnownFileType = sourcecode.c.objc; path = Offer.m; sourceTree = "<group>"; };
		FA1929D81766707800A887E3 /* Specification.h */ = {isa = PBXFileReference; fileEncoding = 4; lastKnownFileType = sourcecode.c.h; path = Specification.h; sourceTree = "<group>"; };
		FA1929D91766707800A887E3 /* Specification.m */ = {isa = PBXFileReference; fileEncoding = 4; lastKnownFileType = sourcecode.c.objc; path = Specification.m; sourceTree = "<group>"; };
		FA2AF95C1755A50A001BA8ED /* CarSideBySide.app */ = {isa = PBXFileReference; explicitFileType = wrapper.application; includeInIndex = 0; path = CarSideBySide.app; sourceTree = BUILT_PRODUCTS_DIR; };
		FA2AF95F1755A50A001BA8ED /* UIKit.framework */ = {isa = PBXFileReference; lastKnownFileType = wrapper.framework; name = UIKit.framework; path = System/Library/Frameworks/UIKit.framework; sourceTree = SDKROOT; };
		FA2AF9611755A50A001BA8ED /* Foundation.framework */ = {isa = PBXFileReference; lastKnownFileType = wrapper.framework; name = Foundation.framework; path = System/Library/Frameworks/Foundation.framework; sourceTree = SDKROOT; };
		FA2AF9631755A50A001BA8ED /* CoreGraphics.framework */ = {isa = PBXFileReference; lastKnownFileType = wrapper.framework; name = CoreGraphics.framework; path = System/Library/Frameworks/CoreGraphics.framework; sourceTree = SDKROOT; };
		FA2AF9671755A50A001BA8ED /* CarSideBySide-Info.plist */ = {isa = PBXFileReference; lastKnownFileType = text.plist.xml; path = "CarSideBySide-Info.plist"; sourceTree = "<group>"; };
		FA2AF9691755A50A001BA8ED /* en */ = {isa = PBXFileReference; lastKnownFileType = text.plist.strings; name = en; path = en.lproj/InfoPlist.strings; sourceTree = "<group>"; };
		FA2AF96B1755A50A001BA8ED /* main.m */ = {isa = PBXFileReference; lastKnownFileType = sourcecode.c.objc; path = main.m; sourceTree = "<group>"; };
		FA2AF96D1755A50A001BA8ED /* CarSideBySide-Prefix.pch */ = {isa = PBXFileReference; lastKnownFileType = sourcecode.c.h; path = "CarSideBySide-Prefix.pch"; sourceTree = "<group>"; };
		FA2AF96E1755A50A001BA8ED /* AppDelegate.h */ = {isa = PBXFileReference; lastKnownFileType = sourcecode.c.h; path = AppDelegate.h; sourceTree = "<group>"; };
		FA2AF96F1755A50A001BA8ED /* AppDelegate.m */ = {isa = PBXFileReference; lastKnownFileType = sourcecode.c.objc; path = AppDelegate.m; sourceTree = "<group>"; };
		FA2AF9781755A50A001BA8ED /* en */ = {isa = PBXFileReference; lastKnownFileType = file.storyboard; name = en; path = en.lproj/MainStoryboard.storyboard; sourceTree = "<group>"; };
		FA2AF97D1755A50A001BA8ED /* first.png */ = {isa = PBXFileReference; lastKnownFileType = image.png; path = first.png; sourceTree = "<group>"; };
		FA2AF97F1755A50B001BA8ED /* first@2x.png */ = {isa = PBXFileReference; lastKnownFileType = image.png; path = "first@2x.png"; sourceTree = "<group>"; };
		FA2AF9841755A50B001BA8ED /* second.png */ = {isa = PBXFileReference; lastKnownFileType = image.png; path = second.png; sourceTree = "<group>"; };
		FA2AF9861755A50B001BA8ED /* second@2x.png */ = {isa = PBXFileReference; lastKnownFileType = image.png; path = "second@2x.png"; sourceTree = "<group>"; };
		FA2AF98D1755A50B001BA8ED /* CarSideBySideTests.octest */ = {isa = PBXFileReference; explicitFileType = wrapper.cfbundle; includeInIndex = 0; path = CarSideBySideTests.octest; sourceTree = BUILT_PRODUCTS_DIR; };
		FA2AF98E1755A50B001BA8ED /* SenTestingKit.framework */ = {isa = PBXFileReference; lastKnownFileType = wrapper.framework; name = SenTestingKit.framework; path = Library/Frameworks/SenTestingKit.framework; sourceTree = DEVELOPER_DIR; };
		FA2AF9961755A50B001BA8ED /* CarSideBySideTests-Info.plist */ = {isa = PBXFileReference; lastKnownFileType = text.plist.xml; path = "CarSideBySideTests-Info.plist"; sourceTree = "<group>"; };
		FA2AF9981755A50B001BA8ED /* en */ = {isa = PBXFileReference; lastKnownFileType = text.plist.strings; name = en; path = en.lproj/InfoPlist.strings; sourceTree = "<group>"; };
		FA2AF99A1755A50B001BA8ED /* CarSideBySideTests.h */ = {isa = PBXFileReference; lastKnownFileType = sourcecode.c.h; path = CarSideBySideTests.h; sourceTree = "<group>"; };
		FA2AF99B1755A50B001BA8ED /* CarSideBySideTests.m */ = {isa = PBXFileReference; lastKnownFileType = sourcecode.c.objc; path = CarSideBySideTests.m; sourceTree = "<group>"; };
		FA2AF9A51755B3B9001BA8ED /* CoreData.framework */ = {isa = PBXFileReference; lastKnownFileType = wrapper.framework; name = CoreData.framework; path = System/Library/Frameworks/CoreData.framework; sourceTree = SDKROOT; };
		FA2B057F17590313000EBAB1 /* CarListViewController.h */ = {isa = PBXFileReference; fileEncoding = 4; lastKnownFileType = sourcecode.c.h; path = CarListViewController.h; sourceTree = "<group>"; };
		FA2B058017590313000EBAB1 /* CarListViewController.m */ = {isa = PBXFileReference; fileEncoding = 4; lastKnownFileType = sourcecode.c.objc; path = CarListViewController.m; sourceTree = "<group>"; };
		FA2B0582175905DD000EBAB1 /* CarCell.h */ = {isa = PBXFileReference; fileEncoding = 4; lastKnownFileType = sourcecode.c.h; path = CarCell.h; sourceTree = "<group>"; };
		FA2B0583175905DD000EBAB1 /* CarCell.m */ = {isa = PBXFileReference; fileEncoding = 4; lastKnownFileType = sourcecode.c.objc; path = CarCell.m; sourceTree = "<group>"; };
		FA590724175674B8008F8B78 /* bmw_offer_test_1.jpg */ = {isa = PBXFileReference; lastKnownFileType = image.jpeg; path = bmw_offer_test_1.jpg; sourceTree = "<group>"; };
		FA590725175674B8008F8B78 /* bmw_offer_test_2.jpg */ = {isa = PBXFileReference; lastKnownFileType = image.jpeg; path = bmw_offer_test_2.jpg; sourceTree = "<group>"; };
		FA590726175674B8008F8B78 /* bmw_offer_test_3.jpg */ = {isa = PBXFileReference; lastKnownFileType = image.jpeg; path = bmw_offer_test_3.jpg; sourceTree = "<group>"; };
		FA5A9AE61756FD0600B718C1 /* Podfile */ = {isa = PBXFileReference; fileEncoding = 4; lastKnownFileType = text; path = Podfile; sourceTree = "<group>"; xcLanguageSpecificationIdentifier = xcode.lang.ruby; };
		FA5A9AE71756FD0600B718C1 /* Podfile.lock */ = {isa = PBXFileReference; fileEncoding = 4; lastKnownFileType = text; path = Podfile.lock; sourceTree = "<group>"; };
		FA5A9AEB1756FD0600B718C1 /* YISplashScreen+Migration.h */ = {isa = PBXFileReference; fileEncoding = 4; lastKnownFileType = sourcecode.c.h; path = "YISplashScreen+Migration.h"; sourceTree = "<group>"; };
		FA5A9AEC1756FD0600B718C1 /* YISplashScreen.h */ = {isa = PBXFileReference; fileEncoding = 4; lastKnownFileType = sourcecode.c.h; path = YISplashScreen.h; sourceTree = "<group>"; };
		FA5A9AED1756FD0600B718C1 /* YISplashScreenAnimation.h */ = {isa = PBXFileReference; fileEncoding = 4; lastKnownFileType = sourcecode.c.h; path = YISplashScreenAnimation.h; sourceTree = "<group>"; };
		FA5A9AF01756FD0600B718C1 /* YISplashScreen+Migration.h */ = {isa = PBXFileReference; fileEncoding = 4; lastKnownFileType = sourcecode.c.h; path = "YISplashScreen+Migration.h"; sourceTree = "<group>"; };
		FA5A9AF11756FD0600B718C1 /* YISplashScreen.h */ = {isa = PBXFileReference; fileEncoding = 4; lastKnownFileType = sourcecode.c.h; path = YISplashScreen.h; sourceTree = "<group>"; };
		FA5A9AF21756FD0600B718C1 /* YISplashScreenAnimation.h */ = {isa = PBXFileReference; fileEncoding = 4; lastKnownFileType = sourcecode.c.h; path = YISplashScreenAnimation.h; sourceTree = "<group>"; };
		FA5A9AF31756FD0600B718C1 /* Manifest.lock */ = {isa = PBXFileReference; fileEncoding = 4; lastKnownFileType = text; path = Manifest.lock; sourceTree = "<group>"; };
		FA5A9AF41756FD0600B718C1 /* Pods-acknowledgements.markdown */ = {isa = PBXFileReference; fileEncoding = 4; lastKnownFileType = text; path = "Pods-acknowledgements.markdown"; sourceTree = "<group>"; };
		FA5A9AF51756FD0600B718C1 /* Pods-acknowledgements.plist */ = {isa = PBXFileReference; fileEncoding = 4; lastKnownFileType = text.plist.xml; path = "Pods-acknowledgements.plist"; sourceTree = "<group>"; };
		FA5A9AF61756FD0600B718C1 /* Pods-dummy.m */ = {isa = PBXFileReference; fileEncoding = 4; lastKnownFileType = sourcecode.c.objc; path = "Pods-dummy.m"; sourceTree = "<group>"; };
		FA5A9AF71756FD0600B718C1 /* Pods-environment.h */ = {isa = PBXFileReference; fileEncoding = 4; lastKnownFileType = sourcecode.c.h; path = "Pods-environment.h"; sourceTree = "<group>"; };
		FA5A9AF81756FD0600B718C1 /* Pods-prefix.pch */ = {isa = PBXFileReference; fileEncoding = 4; lastKnownFileType = sourcecode.c.h; path = "Pods-prefix.pch"; sourceTree = "<group>"; };
		FA5A9AF91756FD0600B718C1 /* Pods-resources.sh */ = {isa = PBXFileReference; fileEncoding = 4; lastKnownFileType = text.script.sh; path = "Pods-resources.sh"; sourceTree = "<group>"; };
		FA5A9AFA1756FD0600B718C1 /* Pods.xcconfig */ = {isa = PBXFileReference; fileEncoding = 4; lastKnownFileType = text.xcconfig; path = Pods.xcconfig; sourceTree = "<group>"; };
		FA5A9AFB1756FD0600B718C1 /* Pods.xcodeproj */ = {isa = PBXFileReference; lastKnownFileType = "wrapper.pb-project"; path = Pods.xcodeproj; sourceTree = "<group>"; };
		FA5A9B001756FD0600B718C1 /* YISplashScreen+Migration.h */ = {isa = PBXFileReference; fileEncoding = 4; lastKnownFileType = sourcecode.c.h; path = "YISplashScreen+Migration.h"; sourceTree = "<group>"; };
		FA5A9B011756FD0600B718C1 /* YISplashScreen+Migration.m */ = {isa = PBXFileReference; fileEncoding = 4; lastKnownFileType = sourcecode.c.objc; path = "YISplashScreen+Migration.m"; sourceTree = "<group>"; };
		FA5A9B021756FD0600B718C1 /* YISplashScreen.h */ = {isa = PBXFileReference; fileEncoding = 4; lastKnownFileType = sourcecode.c.h; path = YISplashScreen.h; sourceTree = "<group>"; };
		FA5A9B031756FD0600B718C1 /* YISplashScreen.m */ = {isa = PBXFileReference; fileEncoding = 4; lastKnownFileType = sourcecode.c.objc; path = YISplashScreen.m; sourceTree = "<group>"; };
		FA5A9B041756FD0600B718C1 /* YISplashScreenAnimation.h */ = {isa = PBXFileReference; fileEncoding = 4; lastKnownFileType = sourcecode.c.h; path = YISplashScreenAnimation.h; sourceTree = "<group>"; };
		FA5A9B051756FD0600B718C1 /* YISplashScreenAnimation.m */ = {isa = PBXFileReference; fileEncoding = 4; lastKnownFileType = sourcecode.c.objc; path = YISplashScreenAnimation.m; sourceTree = "<group>"; };
		FA5A9B061756FD0600B718C1 /* README.md */ = {isa = PBXFileReference; fileEncoding = 4; lastKnownFileType = text; path = README.md; sourceTree = "<group>"; };
		FA5A9B071756FD0600B718C1 /* README.md */ = {isa = PBXFileReference; fileEncoding = 4; lastKnownFileType = text; path = README.md; sourceTree = "<group>"; };
		FA6EAAEE175E3A5400502168 /* Icon-72.png */ = {isa = PBXFileReference; lastKnownFileType = image.png; path = "Icon-72.png"; sourceTree = "<group>"; };
		FA6EAAEF175E3A5400502168 /* Icon-72@2x.png */ = {isa = PBXFileReference; lastKnownFileType = image.png; path = "Icon-72@2x.png"; sourceTree = "<group>"; };
		FA88C2BA1755B90400603295 /* CarSideBySide.xcdatamodel */ = {isa = PBXFileReference; lastKnownFileType = wrapper.xcdatamodel; path = CarSideBySide.xcdatamodel; sourceTree = "<group>"; };
		FA8B0833175A321300C58E04 /* OfferListHeaderView.h */ = {isa = PBXFileReference; fileEncoding = 4; lastKnownFileType = sourcecode.c.h; path = OfferListHeaderView.h; sourceTree = "<group>"; };
		FA8B0834175A321300C58E04 /* OfferListHeaderView.m */ = {isa = PBXFileReference; fileEncoding = 4; lastKnownFileType = sourcecode.c.objc; path = OfferListHeaderView.m; sourceTree = "<group>"; };
		FA8B0837175A397700C58E04 /* OfferDetailViewController.h */ = {isa = PBXFileReference; fileEncoding = 4; lastKnownFileType = sourcecode.c.h; path = OfferDetailViewController.h; sourceTree = "<group>"; };
		FA8B0838175A397700C58E04 /* OfferDetailViewController.m */ = {isa = PBXFileReference; fileEncoding = 4; lastKnownFileType = sourcecode.c.objc; path = OfferDetailViewController.m; sourceTree = "<group>"; };
		FA953D121757027D004F770D /* OfferCell.h */ = {isa = PBXFileReference; fileEncoding = 4; lastKnownFileType = sourcecode.c.h; path = OfferCell.h; sourceTree = "<group>"; };
		FA953D131757027D004F770D /* OfferCell.m */ = {isa = PBXFileReference; fileEncoding = 4; lastKnownFileType = sourcecode.c.objc; path = OfferCell.m; sourceTree = "<group>"; };
		FA98C59F1760FB4600B64805 /* CarListHeaderView.h */ = {isa = PBXFileReference; fileEncoding = 4; lastKnownFileType = sourcecode.c.h; path = CarListHeaderView.h; sourceTree = "<group>"; };
		FA98C5A01760FB4600B64805 /* CarListHeaderView.m */ = {isa = PBXFileReference; fileEncoding = 4; lastKnownFileType = sourcecode.c.objc; path = CarListHeaderView.m; sourceTree = "<group>"; };
		FA98C5A317610B1F00B64805 /* SerieListViewController.h */ = {isa = PBXFileReference; fileEncoding = 4; lastKnownFileType = sourcecode.c.h; path = SerieListViewController.h; sourceTree = "<group>"; };
		FA98C5A417610B1F00B64805 /* SerieListViewController.m */ = {isa = PBXFileReference; fileEncoding = 4; lastKnownFileType = sourcecode.c.objc; path = SerieListViewController.m; sourceTree = "<group>"; };
		FAA37F7F17594483005DC530 /* CarDetailViewController.h */ = {isa = PBXFileReference; fileEncoding = 4; lastKnownFileType = sourcecode.c.h; path = CarDetailViewController.h; sourceTree = "<group>"; };
		FAA37F8017594483005DC530 /* CarDetailViewController.m */ = {isa = PBXFileReference; fileEncoding = 4; lastKnownFileType = sourcecode.c.objc; path = CarDetailViewController.m; sourceTree = "<group>"; };
		FACE6926175E75870009F595 /* Default-Landscape~ipad.png */ = {isa = PBXFileReference; lastKnownFileType = image.png; path = "Default-Landscape~ipad.png"; sourceTree = "<group>"; };
		FACE6927175E75870009F595 /* Default-Portrait~ipad.png */ = {isa = PBXFileReference; lastKnownFileType = image.png; path = "Default-Portrait~ipad.png"; sourceTree = "<group>"; };
		FAD9DA761756B54500293DA4 /* OfferListViewController.h */ = {isa = PBXFileReference; fileEncoding = 4; lastKnownFileType = sourcecode.c.h; path = OfferListViewController.h; sourceTree = "<group>"; };
		FAD9DA771756B54500293DA4 /* OfferListViewController.m */ = {isa = PBXFileReference; fileEncoding = 4; lastKnownFileType = sourcecode.c.objc; path = OfferListViewController.m; sourceTree = "<group>"; };
		FADABF351755CC490072E8C9 /* bmw_s1_3_puertas_large.jpg */ = {isa = PBXFileReference; lastKnownFileType = image.jpeg; path = bmw_s1_3_puertas_large.jpg; sourceTree = "<group>"; };
		FADABF361755CC490072E8C9 /* bmw_s1_3_puertas.jpg */ = {isa = PBXFileReference; lastKnownFileType = image.jpeg; path = bmw_s1_3_puertas.jpg; sourceTree = "<group>"; };
		FADABF371755CC490072E8C9 /* bmw_s1_5_puertas_large.jpg */ = {isa = PBXFileReference; lastKnownFileType = image.jpeg; path = bmw_s1_5_puertas_large.jpg; sourceTree = "<group>"; };
		FADABF381755CC490072E8C9 /* bmw_s1_5_puertas.jpg */ = {isa = PBXFileReference; lastKnownFileType = image.jpeg; path = bmw_s1_5_puertas.jpg; sourceTree = "<group>"; };
		FADABF391755CC490072E8C9 /* bmw_s1_active_e_large.jpg */ = {isa = PBXFileReference; lastKnownFileType = image.jpeg; path = bmw_s1_active_e_large.jpg; sourceTree = "<group>"; };
		FADABF3A1755CC490072E8C9 /* bmw_s1_active_e.jpg */ = {isa = PBXFileReference; lastKnownFileType = image.jpeg; path = bmw_s1_active_e.jpg; sourceTree = "<group>"; };
		FADABF3B1755CC490072E8C9 /* bmw_s1_convertible_large.jpg */ = {isa = PBXFileReference; lastKnownFileType = image.jpeg; path = bmw_s1_convertible_large.jpg; sourceTree = "<group>"; };
		FADABF3C1755CC490072E8C9 /* bmw_s1_convertible.jpg */ = {isa = PBXFileReference; lastKnownFileType = image.jpeg; path = bmw_s1_convertible.jpg; sourceTree = "<group>"; };
		FADABF3D1755CC490072E8C9 /* bmw_s1_coupe_large.jpg */ = {isa = PBXFileReference; lastKnownFileType = image.jpeg; path = bmw_s1_coupe_large.jpg; sourceTree = "<group>"; };
		FADABF3E1755CC490072E8C9 /* bmw_s1_coupe.jpg */ = {isa = PBXFileReference; lastKnownFileType = image.jpeg; path = bmw_s1_coupe.jpg; sourceTree = "<group>"; };
		FADABF3F1755CC490072E8C9 /* bmw_s3_convertible_large.jpg */ = {isa = PBXFileReference; lastKnownFileType = image.jpeg; path = bmw_s3_convertible_large.jpg; sourceTree = "<group>"; };
		FADABF401755CC490072E8C9 /* bmw_s3_convertible.jpg */ = {isa = PBXFileReference; lastKnownFileType = image.jpeg; path = bmw_s3_convertible.jpg; sourceTree = "<group>"; };
		FADABF411755CC490072E8C9 /* bmw_s3_coupe.jpg */ = {isa = PBXFileReference; lastKnownFileType = image.jpeg; path = bmw_s3_coupe.jpg; sourceTree = "<group>"; };
		FADABF421755CC490072E8C9 /* bmw_s3_coupe_large.jpg */ = {isa = PBXFileReference; lastKnownFileType = image.jpeg; path = bmw_s3_coupe_large.jpg; sourceTree = "<group>"; };
		FADABF431755CC490072E8C9 /* bmw_s3_gran_turismo_large.jpg */ = {isa = PBXFileReference; lastKnownFileType = image.jpeg; path = bmw_s3_gran_turismo_large.jpg; sourceTree = "<group>"; };
		FADABF441755CC490072E8C9 /* bmw_s3_gran_turismo.jpg */ = {isa = PBXFileReference; lastKnownFileType = image.jpeg; path = bmw_s3_gran_turismo.jpg; sourceTree = "<group>"; };
		FADABF451755CC490072E8C9 /* bmw_s3_sedan_active_hybrid_large.jpg */ = {isa = PBXFileReference; lastKnownFileType = image.jpeg; path = bmw_s3_sedan_active_hybrid_large.jpg; sourceTree = "<group>"; };
		FADABF461755CC490072E8C9 /* bmw_s3_sedan_active_hybrid.jpg */ = {isa = PBXFileReference; lastKnownFileType = image.jpeg; path = bmw_s3_sedan_active_hybrid.jpg; sourceTree = "<group>"; };
		FADABF471755CC490072E8C9 /* bmw_s3_sedan_large.jpg */ = {isa = PBXFileReference; lastKnownFileType = image.jpeg; path = bmw_s3_sedan_large.jpg; sourceTree = "<group>"; };
		FADABF481755CC490072E8C9 /* bmw_s3_sedan.jpg */ = {isa = PBXFileReference; lastKnownFileType = image.jpeg; path = bmw_s3_sedan.jpg; sourceTree = "<group>"; };
		FADABF491755CC490072E8C9 /* bmw_s3_touring_large.jpg */ = {isa = PBXFileReference; lastKnownFileType = image.jpeg; path = bmw_s3_touring_large.jpg; sourceTree = "<group>"; };
		FADABF4A1755CC490072E8C9 /* bmw_s3_touring.jpg */ = {isa = PBXFileReference; lastKnownFileType = image.jpeg; path = bmw_s3_touring.jpg; sourceTree = "<group>"; };
		FADABF4B1755CC490072E8C9 /* bmw_s5_gran_turismo_large.jpg */ = {isa = PBXFileReference; lastKnownFileType = image.jpeg; path = bmw_s5_gran_turismo_large.jpg; sourceTree = "<group>"; };
		FADABF4C1755CC490072E8C9 /* bmw_s5_gran_turismo.jpg */ = {isa = PBXFileReference; lastKnownFileType = image.jpeg; path = bmw_s5_gran_turismo.jpg; sourceTree = "<group>"; };
		FADABF4D1755CC490072E8C9 /* bmw_s5_sedan_large.jpg */ = {isa = PBXFileReference; lastKnownFileType = image.jpeg; path = bmw_s5_sedan_large.jpg; sourceTree = "<group>"; };
		FADABF4E1755CC490072E8C9 /* bmw_s5_sedan.jpg */ = {isa = PBXFileReference; lastKnownFileType = image.jpeg; path = bmw_s5_sedan.jpg; sourceTree = "<group>"; };
/* End PBXFileReference section */

/* Begin PBXFrameworksBuildPhase section */
		FA2AF9591755A50A001BA8ED /* Frameworks */ = {
			isa = PBXFrameworksBuildPhase;
			buildActionMask = 2147483647;
			files = (
				FA2AF9A61755B3B9001BA8ED /* CoreData.framework in Frameworks */,
				FA2AF9601755A50A001BA8ED /* UIKit.framework in Frameworks */,
				FA2AF9621755A50A001BA8ED /* Foundation.framework in Frameworks */,
				FA2AF9641755A50A001BA8ED /* CoreGraphics.framework in Frameworks */,
			);
			runOnlyForDeploymentPostprocessing = 0;
		};
		FA2AF9891755A50B001BA8ED /* Frameworks */ = {
			isa = PBXFrameworksBuildPhase;
			buildActionMask = 2147483647;
			files = (
				FA2AF98F1755A50B001BA8ED /* SenTestingKit.framework in Frameworks */,
				FA2AF9901755A50B001BA8ED /* UIKit.framework in Frameworks */,
				FA2AF9911755A50B001BA8ED /* Foundation.framework in Frameworks */,
			);
			runOnlyForDeploymentPostprocessing = 0;
		};
/* End PBXFrameworksBuildPhase section */

/* Begin PBXGroup section */
		FA0D4037176146C00025725F /* Dummy */ = {
			isa = PBXGroup;
			children = (
				FA0D4039176146E80025725F /* equipment.png */,
				FA0D403A176146E80025725F /* lines.png */,
				FA0D403B176146E80025725F /* price.png */,
				FA0D403C176146E80025725F /* safety.png */,
				FA0D403D176146E80025725F /* technical_details.png */,
			);
			name = Dummy;
			sourceTree = "<group>";
		};
		FA2AF9531755A50A001BA8ED = {
			isa = PBXGroup;
			children = (
				FA2AF9651755A50A001BA8ED /* CarSideBySide */,
				FA2AF9941755A50B001BA8ED /* CarSideBySideTests */,
				FA5A9AE61756FD0600B718C1 /* Podfile */,
				FA5A9AE71756FD0600B718C1 /* Podfile.lock */,
				FA5A9AE81756FD0600B718C1 /* Pods */,
				FA5A9B071756FD0600B718C1 /* README.md */,
				FA2AF95E1755A50A001BA8ED /* Frameworks */,
				FA2AF95D1755A50A001BA8ED /* Products */,
				966C47EF87414A41B6537359 /* Pods.xcconfig */,
			);
			sourceTree = "<group>";
		};
		FA2AF95D1755A50A001BA8ED /* Products */ = {
			isa = PBXGroup;
			children = (
				FA2AF95C1755A50A001BA8ED /* CarSideBySide.app */,
				FA2AF98D1755A50B001BA8ED /* CarSideBySideTests.octest */,
			);
			name = Products;
			sourceTree = "<group>";
		};
		FA2AF95E1755A50A001BA8ED /* Frameworks */ = {
			isa = PBXGroup;
			children = (
				FA2AF9A51755B3B9001BA8ED /* CoreData.framework */,
				FA2AF95F1755A50A001BA8ED /* UIKit.framework */,
				FA2AF9611755A50A001BA8ED /* Foundation.framework */,
				FA2AF9631755A50A001BA8ED /* CoreGraphics.framework */,
				FA2AF98E1755A50B001BA8ED /* SenTestingKit.framework */,
			);
			name = Frameworks;
			sourceTree = "<group>";
		};
		FA2AF9651755A50A001BA8ED /* CarSideBySide */ = {
			isa = PBXGroup;
			children = (
				FA2AF9A71755B41C001BA8ED /* Models */,
				FA2AF96E1755A50A001BA8ED /* AppDelegate.h */,
				FA2AF96F1755A50A001BA8ED /* AppDelegate.m */,
				FA2AF9771755A50A001BA8ED /* MainStoryboard.storyboard */,
				FA0D4043176148300025725F /* DummyViewController.h */,
				FA0D4044176148300025725F /* DummyViewController.m */,
				FA98C5A317610B1F00B64805 /* SerieListViewController.h */,
				FA98C5A417610B1F00B64805 /* SerieListViewController.m */,
				FA8B0837175A397700C58E04 /* OfferDetailViewController.h */,
				FA8B0838175A397700C58E04 /* OfferDetailViewController.m */,
				FA8B0833175A321300C58E04 /* OfferListHeaderView.h */,
				FA8B0834175A321300C58E04 /* OfferListHeaderView.m */,
				FA98C59F1760FB4600B64805 /* CarListHeaderView.h */,
				FA98C5A01760FB4600B64805 /* CarListHeaderView.m */,
				FAA37F7F17594483005DC530 /* CarDetailViewController.h */,
				FAA37F8017594483005DC530 /* CarDetailViewController.m */,
				FA2B057F17590313000EBAB1 /* CarListViewController.h */,
				FA2B058017590313000EBAB1 /* CarListViewController.m */,
				FAD9DA761756B54500293DA4 /* OfferListViewController.h */,
				FAD9DA771756B54500293DA4 /* OfferListViewController.m */,
				FA953D121757027D004F770D /* OfferCell.h */,
				FA953D131757027D004F770D /* OfferCell.m */,
				FA2B0582175905DD000EBAB1 /* CarCell.h */,
				FA2B0583175905DD000EBAB1 /* CarCell.m */,
				FA2AF97D1755A50A001BA8ED /* first.png */,
				FA2AF97F1755A50B001BA8ED /* first@2x.png */,
				FA2AF9841755A50B001BA8ED /* second.png */,
				FA2AF9861755A50B001BA8ED /* second@2x.png */,
				FA2AF9661755A50A001BA8ED /* Supporting Files */,
			);
			path = CarSideBySide;
			sourceTree = "<group>";
		};
		FA2AF9661755A50A001BA8ED /* Supporting Files */ = {
			isa = PBXGroup;
			children = (
				FACE6926175E75870009F595 /* Default-Landscape~ipad.png */,
				FACE6927175E75870009F595 /* Default-Portrait~ipad.png */,
				FA6EAAEE175E3A5400502168 /* Icon-72.png */,
				FA6EAAEF175E3A5400502168 /* Icon-72@2x.png */,
				FADABF341755CC1B0072E8C9 /* Images */,
				FA2AF9671755A50A001BA8ED /* CarSideBySide-Info.plist */,
				FA2AF9681755A50A001BA8ED /* InfoPlist.strings */,
				FA2AF96B1755A50A001BA8ED /* main.m */,
				FA2AF96D1755A50A001BA8ED /* CarSideBySide-Prefix.pch */,
			);
			name = "Supporting Files";
			sourceTree = "<group>";
		};
		FA2AF9941755A50B001BA8ED /* CarSideBySideTests */ = {
			isa = PBXGroup;
			children = (
				FA2AF99A1755A50B001BA8ED /* CarSideBySideTests.h */,
				FA2AF99B1755A50B001BA8ED /* CarSideBySideTests.m */,
				FA2AF9951755A50B001BA8ED /* Supporting Files */,
			);
			path = CarSideBySideTests;
			sourceTree = "<group>";
		};
		FA2AF9951755A50B001BA8ED /* Supporting Files */ = {
			isa = PBXGroup;
			children = (
				FA2AF9961755A50B001BA8ED /* CarSideBySideTests-Info.plist */,
				FA2AF9971755A50B001BA8ED /* InfoPlist.strings */,
			);
			name = "Supporting Files";
			sourceTree = "<group>";
		};
		FA2AF9A71755B41C001BA8ED /* Models */ = {
			isa = PBXGroup;
			children = (
				FA88C2B91755B90400603295 /* CarSideBySide.xcdatamodeld */,
				FA1929D81766707800A887E3 /* Specification.h */,
				FA1929D91766707800A887E3 /* Specification.m */,
				FA1929D51766707800A887E3 /* Offer.h */,
				FA1929D61766707800A887E3 /* Offer.m */,
				FA1929D21766707800A887E3 /* Line.h */,
				FA1929D31766707800A887E3 /* Line.m */,
				FA1929CF1766707700A887E3 /* ComparedCar.h */,
				FA1929D01766707700A887E3 /* ComparedCar.m */,
				FA1929CC1766707700A887E3 /* Car.h */,
				FA1929CD1766707700A887E3 /* Car.m */,
				FA1929C91766707700A887E3 /* Serie.h */,
				FA1929CA1766707700A887E3 /* Serie.m */,
				FA1929C61766707700A887E3 /* Feature.h */,
				FA1929C71766707700A887E3 /* Feature.m */,
				FA1929C31766707700A887E3 /* Comparative.h */,
				FA1929C41766707700A887E3 /* Comparative.m */,
				FA1929C01766707700A887E3 /* Model.h */,
				FA1929C11766707700A887E3 /* Model.m */,
				FA1929BD1766707700A887E3 /* Maker.h */,
				FA1929BE1766707700A887E3 /* Maker.m */,
				FA1929B91766707700A887E3 /* SpecificationType.h */,
				FA1929BA1766707700A887E3 /* SpecificationType.m */,
			);
			name = Models;
			sourceTree = "<group>";
		};
		FA5A9AE81756FD0600B718C1 /* Pods */ = {
			isa = PBXGroup;
			children = (
				FA5A9AE91756FD0600B718C1 /* BuildHeaders */,
				FA5A9AEE1756FD0600B718C1 /* Headers */,
				FA5A9AF31756FD0600B718C1 /* Manifest.lock */,
				FA5A9AF41756FD0600B718C1 /* Pods-acknowledgements.markdown */,
				FA5A9AF51756FD0600B718C1 /* Pods-acknowledgements.plist */,
				FA5A9AF61756FD0600B718C1 /* Pods-dummy.m */,
				FA5A9AF71756FD0600B718C1 /* Pods-environment.h */,
				FA5A9AF81756FD0600B718C1 /* Pods-prefix.pch */,
				FA5A9AF91756FD0600B718C1 /* Pods-resources.sh */,
				FA5A9AFA1756FD0600B718C1 /* Pods.xcconfig */,
				FA5A9AFB1756FD0600B718C1 /* Pods.xcodeproj */,
				FA5A9AFE1756FD0600B718C1 /* YISplashScreen */,
			);
			path = Pods;
			sourceTree = "<group>";
		};
		FA5A9AE91756FD0600B718C1 /* BuildHeaders */ = {
			isa = PBXGroup;
			children = (
				FA5A9AEA1756FD0600B718C1 /* YISplashScreen */,
			);
			path = BuildHeaders;
			sourceTree = "<group>";
		};
		FA5A9AEA1756FD0600B718C1 /* YISplashScreen */ = {
			isa = PBXGroup;
			children = (
				FA5A9AEB1756FD0600B718C1 /* YISplashScreen+Migration.h */,
				FA5A9AEC1756FD0600B718C1 /* YISplashScreen.h */,
				FA5A9AED1756FD0600B718C1 /* YISplashScreenAnimation.h */,
			);
			path = YISplashScreen;
			sourceTree = "<group>";
		};
		FA5A9AEE1756FD0600B718C1 /* Headers */ = {
			isa = PBXGroup;
			children = (
				FA5A9AEF1756FD0600B718C1 /* YISplashScreen */,
			);
			path = Headers;
			sourceTree = "<group>";
		};
		FA5A9AEF1756FD0600B718C1 /* YISplashScreen */ = {
			isa = PBXGroup;
			children = (
				FA5A9AF01756FD0600B718C1 /* YISplashScreen+Migration.h */,
				FA5A9AF11756FD0600B718C1 /* YISplashScreen.h */,
				FA5A9AF21756FD0600B718C1 /* YISplashScreenAnimation.h */,
			);
			path = YISplashScreen;
			sourceTree = "<group>";
		};
		FA5A9AFC1756FD0600B718C1 /* Products */ = {
			isa = PBXGroup;
			children = (
				FA5A9B171756FD0600B718C1 /* libPods.a */,
			);
			name = Products;
			sourceTree = "<group>";
		};
		FA5A9AFE1756FD0600B718C1 /* YISplashScreen */ = {
			isa = PBXGroup;
			children = (
				FA5A9AFF1756FD0600B718C1 /* Classes */,
				FA5A9B061756FD0600B718C1 /* README.md */,
			);
			path = YISplashScreen;
			sourceTree = "<group>";
		};
		FA5A9AFF1756FD0600B718C1 /* Classes */ = {
			isa = PBXGroup;
			children = (
				FA5A9B001756FD0600B718C1 /* YISplashScreen+Migration.h */,
				FA5A9B011756FD0600B718C1 /* YISplashScreen+Migration.m */,
				FA5A9B021756FD0600B718C1 /* YISplashScreen.h */,
				FA5A9B031756FD0600B718C1 /* YISplashScreen.m */,
				FA5A9B041756FD0600B718C1 /* YISplashScreenAnimation.h */,
				FA5A9B051756FD0600B718C1 /* YISplashScreenAnimation.m */,
			);
			path = Classes;
			sourceTree = "<group>";
		};
		FAD4A376175652D500CB039A /* Cars */ = {
			isa = PBXGroup;
			children = (
				FADABF351755CC490072E8C9 /* bmw_s1_3_puertas_large.jpg */,
				FADABF361755CC490072E8C9 /* bmw_s1_3_puertas.jpg */,
				FADABF371755CC490072E8C9 /* bmw_s1_5_puertas_large.jpg */,
				FADABF381755CC490072E8C9 /* bmw_s1_5_puertas.jpg */,
				FADABF391755CC490072E8C9 /* bmw_s1_active_e_large.jpg */,
				FADABF3A1755CC490072E8C9 /* bmw_s1_active_e.jpg */,
				FADABF3B1755CC490072E8C9 /* bmw_s1_convertible_large.jpg */,
				FADABF3C1755CC490072E8C9 /* bmw_s1_convertible.jpg */,
				FADABF3D1755CC490072E8C9 /* bmw_s1_coupe_large.jpg */,
				FADABF3E1755CC490072E8C9 /* bmw_s1_coupe.jpg */,
				FADABF3F1755CC490072E8C9 /* bmw_s3_convertible_large.jpg */,
				FADABF401755CC490072E8C9 /* bmw_s3_convertible.jpg */,
				FADABF411755CC490072E8C9 /* bmw_s3_coupe.jpg */,
				FADABF421755CC490072E8C9 /* bmw_s3_coupe_large.jpg */,
				FADABF431755CC490072E8C9 /* bmw_s3_gran_turismo_large.jpg */,
				FADABF441755CC490072E8C9 /* bmw_s3_gran_turismo.jpg */,
				FADABF451755CC490072E8C9 /* bmw_s3_sedan_active_hybrid_large.jpg */,
				FADABF461755CC490072E8C9 /* bmw_s3_sedan_active_hybrid.jpg */,
				FADABF471755CC490072E8C9 /* bmw_s3_sedan_large.jpg */,
				FADABF481755CC490072E8C9 /* bmw_s3_sedan.jpg */,
				FADABF491755CC490072E8C9 /* bmw_s3_touring_large.jpg */,
				FADABF4A1755CC490072E8C9 /* bmw_s3_touring.jpg */,
				FADABF4B1755CC490072E8C9 /* bmw_s5_gran_turismo_large.jpg */,
				FADABF4C1755CC490072E8C9 /* bmw_s5_gran_turismo.jpg */,
				FADABF4D1755CC490072E8C9 /* bmw_s5_sedan_large.jpg */,
				FADABF4E1755CC490072E8C9 /* bmw_s5_sedan.jpg */,
			);
			name = Cars;
			sourceTree = "<group>";
		};
		FAD4A377175652F700CB039A /* Offers */ = {
			isa = PBXGroup;
			children = (
				FA590724175674B8008F8B78 /* bmw_offer_test_1.jpg */,
				FA590725175674B8008F8B78 /* bmw_offer_test_2.jpg */,
				FA590726175674B8008F8B78 /* bmw_offer_test_3.jpg */,
			);
			name = Offers;
			sourceTree = "<group>";
		};
		FADABF341755CC1B0072E8C9 /* Images */ = {
			isa = PBXGroup;
			children = (
				FA0D4037176146C00025725F /* Dummy */,
				FAD4A377175652F700CB039A /* Offers */,
				FAD4A376175652D500CB039A /* Cars */,
			);
			name = Images;
			sourceTree = "<group>";
		};
/* End PBXGroup section */

/* Begin PBXNativeTarget section */
		FA2AF95B1755A50A001BA8ED /* CarSideBySide */ = {
			isa = PBXNativeTarget;
			buildConfigurationList = FA2AF99F1755A50B001BA8ED /* Build configuration list for PBXNativeTarget "CarSideBySide" */;
			buildPhases = (
				7D31D978B22B4099BFBE992B /* Check Pods Manifest.lock */,
				53774DFE7CAB4928A640B8D6 /* Check Pods Manifest.lock */,
				1ECA49F1D8114DBE84890535 /* Check Pods Manifest.lock */,
				99214348A4BB48E9987F4AA8 /* Check Pods Manifest.lock */,
				9163863AEFC344968983A568 /* Check Pods Manifest.lock */,
				FA2AF9581755A50A001BA8ED /* Sources */,
				FA2AF9591755A50A001BA8ED /* Frameworks */,
				FA2AF95A1755A50A001BA8ED /* Resources */,
				702D6ADA80D343D9A6D2320F /* Copy Pods Resources */,
				7E2342C1FD0949B083FF8FF6 /* Copy Pods Resources */,
				D2D73A937FC34085A2073288 /* Copy Pods Resources */,
				7EC78669A07E4236A3827B04 /* Copy Pods Resources */,
				C561D85885364BCDA0442A1A /* Copy Pods Resources */,
			);
			buildRules = (
			);
			dependencies = (
			);
			name = CarSideBySide;
			productName = CarSideBySide;
			productReference = FA2AF95C1755A50A001BA8ED /* CarSideBySide.app */;
			productType = "com.apple.product-type.application";
		};
		FA2AF98C1755A50B001BA8ED /* CarSideBySideTests */ = {
			isa = PBXNativeTarget;
			buildConfigurationList = FA2AF9A21755A50B001BA8ED /* Build configuration list for PBXNativeTarget "CarSideBySideTests" */;
			buildPhases = (
				FA2AF9881755A50B001BA8ED /* Sources */,
				FA2AF9891755A50B001BA8ED /* Frameworks */,
				FA2AF98A1755A50B001BA8ED /* Resources */,
				FA2AF98B1755A50B001BA8ED /* ShellScript */,
			);
			buildRules = (
			);
			dependencies = (
				FA2AF9931755A50B001BA8ED /* PBXTargetDependency */,
			);
			name = CarSideBySideTests;
			productName = CarSideBySideTests;
			productReference = FA2AF98D1755A50B001BA8ED /* CarSideBySideTests.octest */;
			productType = "com.apple.product-type.bundle";
		};
/* End PBXNativeTarget section */

/* Begin PBXProject section */
		FA2AF9541755A50A001BA8ED /* Project object */ = {
			isa = PBXProject;
			attributes = {
				LastUpgradeCheck = 0460;
				ORGANIZATIONNAME = "Alejandro Juarez Robles";
			};
			buildConfigurationList = FA2AF9571755A50A001BA8ED /* Build configuration list for PBXProject "CarSideBySide" */;
			compatibilityVersion = "Xcode 3.2";
			developmentRegion = English;
			hasScannedForEncodings = 0;
			knownRegions = (
				en,
			);
			mainGroup = FA2AF9531755A50A001BA8ED;
			productRefGroup = FA2AF95D1755A50A001BA8ED /* Products */;
			projectDirPath = "";
			projectReferences = (
				{
					ProductGroup = FA5A9AFC1756FD0600B718C1 /* Products */;
					ProjectRef = FA5A9AFB1756FD0600B718C1 /* Pods.xcodeproj */;
				},
			);
			projectRoot = "";
			targets = (
				FA2AF95B1755A50A001BA8ED /* CarSideBySide */,
				FA2AF98C1755A50B001BA8ED /* CarSideBySideTests */,
			);
		};
/* End PBXProject section */

/* Begin PBXReferenceProxy section */
		FA5A9B171756FD0600B718C1 /* libPods.a */ = {
			isa = PBXReferenceProxy;
			fileType = archive.ar;
			path = libPods.a;
			remoteRef = FA5A9B161756FD0600B718C1 /* PBXContainerItemProxy */;
			sourceTree = BUILT_PRODUCTS_DIR;
		};
/* End PBXReferenceProxy section */

/* Begin PBXResourcesBuildPhase section */
		FA2AF95A1755A50A001BA8ED /* Resources */ = {
			isa = PBXResourcesBuildPhase;
			buildActionMask = 2147483647;
			files = (
				FA2AF96A1755A50A001BA8ED /* InfoPlist.strings in Resources */,
				FA2AF9791755A50A001BA8ED /* MainStoryboard.storyboard in Resources */,
				FA2AF97E1755A50A001BA8ED /* first.png in Resources */,
				FA2AF9801755A50B001BA8ED /* first@2x.png in Resources */,
				FA2AF9851755A50B001BA8ED /* second.png in Resources */,
				FA2AF9871755A50B001BA8ED /* second@2x.png in Resources */,
				FADABF4F1755CC490072E8C9 /* bmw_s1_3_puertas_large.jpg in Resources */,
				FADABF501755CC490072E8C9 /* bmw_s1_3_puertas.jpg in Resources */,
				FADABF511755CC490072E8C9 /* bmw_s1_5_puertas_large.jpg in Resources */,
				FADABF521755CC490072E8C9 /* bmw_s1_5_puertas.jpg in Resources */,
				FADABF531755CC490072E8C9 /* bmw_s1_active_e_large.jpg in Resources */,
				FADABF541755CC490072E8C9 /* bmw_s1_active_e.jpg in Resources */,
				FADABF551755CC490072E8C9 /* bmw_s1_convertible_large.jpg in Resources */,
				FADABF561755CC490072E8C9 /* bmw_s1_convertible.jpg in Resources */,
				FADABF571755CC490072E8C9 /* bmw_s1_coupe_large.jpg in Resources */,
				FADABF581755CC490072E8C9 /* bmw_s1_coupe.jpg in Resources */,
				FADABF591755CC490072E8C9 /* bmw_s3_convertible_large.jpg in Resources */,
				FADABF5A1755CC490072E8C9 /* bmw_s3_convertible.jpg in Resources */,
				FADABF5B1755CC490072E8C9 /* bmw_s3_coupe.jpg in Resources */,
				FADABF5C1755CC490072E8C9 /* bmw_s3_coupe_large.jpg in Resources */,
				FADABF5D1755CC490072E8C9 /* bmw_s3_gran_turismo_large.jpg in Resources */,
				FADABF5E1755CC490072E8C9 /* bmw_s3_gran_turismo.jpg in Resources */,
				FADABF5F1755CC490072E8C9 /* bmw_s3_sedan_active_hybrid_large.jpg in Resources */,
				FADABF601755CC490072E8C9 /* bmw_s3_sedan_active_hybrid.jpg in Resources */,
				FADABF611755CC490072E8C9 /* bmw_s3_sedan_large.jpg in Resources */,
				FADABF621755CC490072E8C9 /* bmw_s3_sedan.jpg in Resources */,
				FADABF631755CC490072E8C9 /* bmw_s3_touring_large.jpg in Resources */,
				FADABF641755CC490072E8C9 /* bmw_s3_touring.jpg in Resources */,
				FADABF651755CC490072E8C9 /* bmw_s5_gran_turismo_large.jpg in Resources */,
				FADABF661755CC490072E8C9 /* bmw_s5_gran_turismo.jpg in Resources */,
				FADABF671755CC490072E8C9 /* bmw_s5_sedan_large.jpg in Resources */,
				FADABF681755CC490072E8C9 /* bmw_s5_sedan.jpg in Resources */,
				FA590727175674B8008F8B78 /* bmw_offer_test_1.jpg in Resources */,
				FA590728175674B8008F8B78 /* bmw_offer_test_2.jpg in Resources */,
				FA590729175674B8008F8B78 /* bmw_offer_test_3.jpg in Resources */,
				FA5A9B081756FD0600B718C1 /* Podfile in Resources */,
				FA5A9B091756FD0600B718C1 /* Podfile.lock in Resources */,
				FA5A9B0A1756FD0600B718C1 /* Manifest.lock in Resources */,
				FA5A9B0B1756FD0600B718C1 /* Pods-acknowledgements.markdown in Resources */,
				FA5A9B0C1756FD0600B718C1 /* Pods-acknowledgements.plist in Resources */,
				FA5A9B0E1756FD0600B718C1 /* Pods-resources.sh in Resources */,
				FA5A9B0F1756FD0600B718C1 /* Pods.xcconfig in Resources */,
				FA5A9B131756FD0600B718C1 /* README.md in Resources */,
				FA5A9B141756FD0600B718C1 /* README.md in Resources */,
				FA6EAAF2175E3A5400502168 /* Icon-72.png in Resources */,
				FA6EAAF3175E3A5400502168 /* Icon-72@2x.png in Resources */,
				FACE6928175E75870009F595 /* Default-Landscape~ipad.png in Resources */,
				FACE6929175E75870009F595 /* Default-Portrait~ipad.png in Resources */,
				FA0D403E176146E80025725F /* equipment.png in Resources */,
				FA0D403F176146E80025725F /* lines.png in Resources */,
				FA0D4040176146E80025725F /* price.png in Resources */,
				FA0D4041176146E80025725F /* safety.png in Resources */,
				FA0D4042176146E80025725F /* technical_details.png in Resources */,
			);
			runOnlyForDeploymentPostprocessing = 0;
		};
		FA2AF98A1755A50B001BA8ED /* Resources */ = {
			isa = PBXResourcesBuildPhase;
			buildActionMask = 2147483647;
			files = (
				FA2AF9991755A50B001BA8ED /* InfoPlist.strings in Resources */,
			);
			runOnlyForDeploymentPostprocessing = 0;
		};
/* End PBXResourcesBuildPhase section */

/* Begin PBXShellScriptBuildPhase section */
		1ECA49F1D8114DBE84890535 /* Check Pods Manifest.lock */ = {
			isa = PBXShellScriptBuildPhase;
			buildActionMask = 2147483647;
			files = (
			);
			inputPaths = (
			);
			name = "Check Pods Manifest.lock";
			outputPaths = (
			);
			runOnlyForDeploymentPostprocessing = 0;
			shellPath = /bin/sh;
			shellScript = "diff \"${PODS_ROOT}/../Podfile.lock\" \"${PODS_ROOT}/Manifest.lock\" > /dev/null\nif [[ $? != 0 ]] ; then\n    cat << EOM\nerror: The sandbox is not in sync with the Podfile.lock. Run 'pod install' or update your CocoaPods installation.\nEOM\n    exit 1\nfi\n";
		};
		53774DFE7CAB4928A640B8D6 /* Check Pods Manifest.lock */ = {
			isa = PBXShellScriptBuildPhase;
			buildActionMask = 2147483647;
			files = (
			);
			inputPaths = (
			);
			name = "Check Pods Manifest.lock";
			outputPaths = (
			);
			runOnlyForDeploymentPostprocessing = 0;
			shellPath = /bin/sh;
			shellScript = "diff \"${PODS_ROOT}/../Podfile.lock\" \"${PODS_ROOT}/Manifest.lock\" > /dev/null\nif [[ $? != 0 ]] ; then\n    cat << EOM\nerror: The sandbox is not in sync with the Podfile.lock. Run 'pod install' or update your CocoaPods installation.\nEOM\n    exit 1\nfi\n";
		};
		702D6ADA80D343D9A6D2320F /* Copy Pods Resources */ = {
			isa = PBXShellScriptBuildPhase;
			buildActionMask = 2147483647;
			files = (
			);
			inputPaths = (
			);
			name = "Copy Pods Resources";
			outputPaths = (
			);
			runOnlyForDeploymentPostprocessing = 0;
			shellPath = /bin/sh;
			shellScript = "\"${SRCROOT}/Pods/Pods-resources.sh\"\n";
		};
		7D31D978B22B4099BFBE992B /* Check Pods Manifest.lock */ = {
			isa = PBXShellScriptBuildPhase;
			buildActionMask = 2147483647;
			files = (
			);
			inputPaths = (
			);
			name = "Check Pods Manifest.lock";
			outputPaths = (
			);
			runOnlyForDeploymentPostprocessing = 0;
			shellPath = /bin/sh;
			shellScript = "diff \"${PODS_ROOT}/../Podfile.lock\" \"${PODS_ROOT}/Manifest.lock\" > /dev/null\nif [[ $? != 0 ]] ; then\n    cat << EOM\nerror: The sandbox is not in sync with the Podfile.lock. Run 'pod install' or update your CocoaPods installation.\nEOM\n    exit 1\nfi\n";
		};
		7E2342C1FD0949B083FF8FF6 /* Copy Pods Resources */ = {
			isa = PBXShellScriptBuildPhase;
			buildActionMask = 2147483647;
			files = (
			);
			inputPaths = (
			);
			name = "Copy Pods Resources";
			outputPaths = (
			);
			runOnlyForDeploymentPostprocessing = 0;
			shellPath = /bin/sh;
			shellScript = "\"${SRCROOT}/Pods/Pods-resources.sh\"\n";
		};
		7EC78669A07E4236A3827B04 /* Copy Pods Resources */ = {
			isa = PBXShellScriptBuildPhase;
			buildActionMask = 2147483647;
			files = (
			);
			inputPaths = (
			);
			name = "Copy Pods Resources";
			outputPaths = (
			);
			runOnlyForDeploymentPostprocessing = 0;
			shellPath = /bin/sh;
			shellScript = "\"${SRCROOT}/Pods/Pods-resources.sh\"\n";
		};
		9163863AEFC344968983A568 /* Check Pods Manifest.lock */ = {
			isa = PBXShellScriptBuildPhase;
			buildActionMask = 2147483647;
			files = (
			);
			inputPaths = (
			);
			name = "Check Pods Manifest.lock";
			outputPaths = (
			);
			runOnlyForDeploymentPostprocessing = 0;
			shellPath = /bin/sh;
			shellScript = "diff \"${PODS_ROOT}/../Podfile.lock\" \"${PODS_ROOT}/Manifest.lock\" > /dev/null\nif [[ $? != 0 ]] ; then\n    cat << EOM\nerror: The sandbox is not in sync with the Podfile.lock. Run 'pod install' or update your CocoaPods installation.\nEOM\n    exit 1\nfi\n";
		};
		99214348A4BB48E9987F4AA8 /* Check Pods Manifest.lock */ = {
			isa = PBXShellScriptBuildPhase;
			buildActionMask = 2147483647;
			files = (
			);
			inputPaths = (
			);
			name = "Check Pods Manifest.lock";
			outputPaths = (
			);
			runOnlyForDeploymentPostprocessing = 0;
			shellPath = /bin/sh;
			shellScript = "diff \"${PODS_ROOT}/../Podfile.lock\" \"${PODS_ROOT}/Manifest.lock\" > /dev/null\nif [[ $? != 0 ]] ; then\n    cat << EOM\nerror: The sandbox is not in sync with the Podfile.lock. Run 'pod install' or update your CocoaPods installation.\nEOM\n    exit 1\nfi\n";
		};
		C561D85885364BCDA0442A1A /* Copy Pods Resources */ = {
			isa = PBXShellScriptBuildPhase;
			buildActionMask = 2147483647;
			files = (
			);
			inputPaths = (
			);
			name = "Copy Pods Resources";
			outputPaths = (
			);
			runOnlyForDeploymentPostprocessing = 0;
			shellPath = /bin/sh;
			shellScript = "\"${SRCROOT}/Pods/Pods-resources.sh\"\n";
		};
		D2D73A937FC34085A2073288 /* Copy Pods Resources */ = {
			isa = PBXShellScriptBuildPhase;
			buildActionMask = 2147483647;
			files = (
			);
			inputPaths = (
			);
			name = "Copy Pods Resources";
			outputPaths = (
			);
			runOnlyForDeploymentPostprocessing = 0;
			shellPath = /bin/sh;
			shellScript = "\"${SRCROOT}/Pods/Pods-resources.sh\"\n";
		};
		FA2AF98B1755A50B001BA8ED /* ShellScript */ = {
			isa = PBXShellScriptBuildPhase;
			buildActionMask = 2147483647;
			files = (
			);
			inputPaths = (
			);
			outputPaths = (
			);
			runOnlyForDeploymentPostprocessing = 0;
			shellPath = /bin/sh;
			shellScript = "# Run the unit tests in this test bundle.\n\"${SYSTEM_DEVELOPER_DIR}/Tools/RunUnitTests\"\n";
		};
/* End PBXShellScriptBuildPhase section */

/* Begin PBXSourcesBuildPhase section */
		FA2AF9581755A50A001BA8ED /* Sources */ = {
			isa = PBXSourcesBuildPhase;
			buildActionMask = 2147483647;
			files = (
				FA2AF96C1755A50A001BA8ED /* main.m in Sources */,
				FA2AF9701755A50A001BA8ED /* AppDelegate.m in Sources */,
				FA88C2BB1755B90400603295 /* CarSideBySide.xcdatamodeld in Sources */,
				FAD9DA781756B54500293DA4 /* OfferListViewController.m in Sources */,
				FA5A9B0D1756FD0600B718C1 /* Pods-dummy.m in Sources */,
				FA5A9B101756FD0600B718C1 /* YISplashScreen+Migration.m in Sources */,
				FA5A9B111756FD0600B718C1 /* YISplashScreen.m in Sources */,
				FA5A9B121756FD0600B718C1 /* YISplashScreenAnimation.m in Sources */,
				FA953D141757027D004F770D /* OfferCell.m in Sources */,
				FA2B058117590313000EBAB1 /* CarListViewController.m in Sources */,
				FA2B0584175905DD000EBAB1 /* CarCell.m in Sources */,
				FAA37F8117594483005DC530 /* CarDetailViewController.m in Sources */,
				FA8B0835175A321300C58E04 /* OfferListHeaderView.m in Sources */,
				FA8B0839175A397700C58E04 /* OfferDetailViewController.m in Sources */,
				FA98C5A11760FB4600B64805 /* CarListHeaderView.m in Sources */,
				FA98C5A517610B1F00B64805 /* SerieListViewController.m in Sources */,
				FA0D4045176148300025725F /* DummyViewController.m in Sources */,
				FA1929BB1766707700A887E3 /* SpecificationType.m in Sources */,
				FA1929BF1766707700A887E3 /* Maker.m in Sources */,
				FA1929C21766707700A887E3 /* Model.m in Sources */,
				FA1929C51766707700A887E3 /* Comparative.m in Sources */,
				FA1929C81766707700A887E3 /* Feature.m in Sources */,
				FA1929CB1766707700A887E3 /* Serie.m in Sources */,
				FA1929CE1766707700A887E3 /* Car.m in Sources */,
				FA1929D11766707700A887E3 /* ComparedCar.m in Sources */,
				FA1929D41766707800A887E3 /* Line.m in Sources */,
				FA1929D71766707800A887E3 /* Offer.m in Sources */,
				FA1929DA1766707800A887E3 /* Specification.m in Sources */,
			);
			runOnlyForDeploymentPostprocessing = 0;
		};
		FA2AF9881755A50B001BA8ED /* Sources */ = {
			isa = PBXSourcesBuildPhase;
			buildActionMask = 2147483647;
			files = (
				FA2AF99C1755A50B001BA8ED /* CarSideBySideTests.m in Sources */,
			);
			runOnlyForDeploymentPostprocessing = 0;
		};
/* End PBXSourcesBuildPhase section */

/* Begin PBXTargetDependency section */
		FA2AF9931755A50B001BA8ED /* PBXTargetDependency */ = {
			isa = PBXTargetDependency;
			target = FA2AF95B1755A50A001BA8ED /* CarSideBySide */;
			targetProxy = FA2AF9921755A50B001BA8ED /* PBXContainerItemProxy */;
		};
/* End PBXTargetDependency section */

/* Begin PBXVariantGroup section */
		FA2AF9681755A50A001BA8ED /* InfoPlist.strings */ = {
			isa = PBXVariantGroup;
			children = (
				FA2AF9691755A50A001BA8ED /* en */,
			);
			name = InfoPlist.strings;
			sourceTree = "<group>";
		};
		FA2AF9771755A50A001BA8ED /* MainStoryboard.storyboard */ = {
			isa = PBXVariantGroup;
			children = (
				FA2AF9781755A50A001BA8ED /* en */,
			);
			name = MainStoryboard.storyboard;
			sourceTree = "<group>";
		};
		FA2AF9971755A50B001BA8ED /* InfoPlist.strings */ = {
			isa = PBXVariantGroup;
			children = (
				FA2AF9981755A50B001BA8ED /* en */,
			);
			name = InfoPlist.strings;
			sourceTree = "<group>";
		};
/* End PBXVariantGroup section */

/* Begin XCBuildConfiguration section */
		FA2AF99D1755A50B001BA8ED /* Debug */ = {
			isa = XCBuildConfiguration;
			buildSettings = {
				ALWAYS_SEARCH_USER_PATHS = NO;
				CLANG_CXX_LANGUAGE_STANDARD = "gnu++0x";
				CLANG_CXX_LIBRARY = "libc++";
				CLANG_ENABLE_OBJC_ARC = YES;
				CLANG_WARN_CONSTANT_CONVERSION = YES;
				CLANG_WARN_EMPTY_BODY = YES;
				CLANG_WARN_ENUM_CONVERSION = YES;
				CLANG_WARN_INT_CONVERSION = YES;
				CLANG_WARN__DUPLICATE_METHOD_MATCH = YES;
				COPY_PHASE_STRIP = NO;
				GCC_C_LANGUAGE_STANDARD = gnu99;
				GCC_DYNAMIC_NO_PIC = NO;
				GCC_OPTIMIZATION_LEVEL = 0;
				GCC_PREPROCESSOR_DEFINITIONS = (
					"DEBUG=1",
					"$(inherited)",
				);
				GCC_SYMBOLS_PRIVATE_EXTERN = NO;
				GCC_WARN_ABOUT_RETURN_TYPE = YES;
				GCC_WARN_UNINITIALIZED_AUTOS = YES;
				GCC_WARN_UNUSED_VARIABLE = YES;
				IPHONEOS_DEPLOYMENT_TARGET = 6.1;
				New_Setting = "";
				ONLY_ACTIVE_ARCH = YES;
				SDKROOT = iphoneos;
				TARGETED_DEVICE_FAMILY = 2;
			};
			name = Debug;
		};
		FA2AF99E1755A50B001BA8ED /* Release */ = {
			isa = XCBuildConfiguration;
			buildSettings = {
				ALWAYS_SEARCH_USER_PATHS = NO;
				CLANG_CXX_LANGUAGE_STANDARD = "gnu++0x";
				CLANG_CXX_LIBRARY = "libc++";
				CLANG_ENABLE_OBJC_ARC = YES;
				CLANG_WARN_CONSTANT_CONVERSION = YES;
				CLANG_WARN_EMPTY_BODY = YES;
				CLANG_WARN_ENUM_CONVERSION = YES;
				CLANG_WARN_INT_CONVERSION = YES;
				CLANG_WARN__DUPLICATE_METHOD_MATCH = YES;
				COPY_PHASE_STRIP = YES;
				GCC_C_LANGUAGE_STANDARD = gnu99;
				GCC_WARN_ABOUT_RETURN_TYPE = YES;
				GCC_WARN_UNINITIALIZED_AUTOS = YES;
				GCC_WARN_UNUSED_VARIABLE = YES;
				IPHONEOS_DEPLOYMENT_TARGET = 6.1;
				New_Setting = "";
				OTHER_CFLAGS = "-DNS_BLOCK_ASSERTIONS=1";
				SDKROOT = iphoneos;
				TARGETED_DEVICE_FAMILY = 2;
				VALIDATE_PRODUCT = YES;
			};
			name = Release;
		};
		FA2AF9A01755A50B001BA8ED /* Debug */ = {
			isa = XCBuildConfiguration;
			baseConfigurationReference = 966C47EF87414A41B6537359 /* Pods.xcconfig */;
			buildSettings = {
				GCC_PRECOMPILE_PREFIX_HEADER = YES;
				GCC_PREFIX_HEADER = "CarSideBySide/CarSideBySide-Prefix.pch";
				INFOPLIST_FILE = "CarSideBySide/CarSideBySide-Info.plist";
				IPHONEOS_DEPLOYMENT_TARGET = 6.1;
				PRODUCT_NAME = "$(TARGET_NAME)";
				WRAPPER_EXTENSION = app;
			};
			name = Debug;
		};
		FA2AF9A11755A50B001BA8ED /* Release */ = {
			isa = XCBuildConfiguration;
			baseConfigurationReference = 966C47EF87414A41B6537359 /* Pods.xcconfig */;
			buildSettings = {
				GCC_PRECOMPILE_PREFIX_HEADER = YES;
				GCC_PREFIX_HEADER = "CarSideBySide/CarSideBySide-Prefix.pch";
				INFOPLIST_FILE = "CarSideBySide/CarSideBySide-Info.plist";
				IPHONEOS_DEPLOYMENT_TARGET = 6.1;
				PRODUCT_NAME = "$(TARGET_NAME)";
				WRAPPER_EXTENSION = app;
			};
			name = Release;
		};
		FA2AF9A31755A50B001BA8ED /* Debug */ = {
			isa = XCBuildConfiguration;
			buildSettings = {
				BUNDLE_LOADER = "$(BUILT_PRODUCTS_DIR)/CarSideBySide.app/CarSideBySide";
				FRAMEWORK_SEARCH_PATHS = (
					"\"$(SDKROOT)/Developer/Library/Frameworks\"",
					"\"$(DEVELOPER_LIBRARY_DIR)/Frameworks\"",
				);
				GCC_PRECOMPILE_PREFIX_HEADER = YES;
				GCC_PREFIX_HEADER = "CarSideBySide/CarSideBySide-Prefix.pch";
				INFOPLIST_FILE = "CarSideBySideTests/CarSideBySideTests-Info.plist";
				PRODUCT_NAME = "$(TARGET_NAME)";
				TEST_HOST = "$(BUNDLE_LOADER)";
				WRAPPER_EXTENSION = octest;
			};
			name = Debug;
		};
		FA2AF9A41755A50B001BA8ED /* Release */ = {
			isa = XCBuildConfiguration;
			buildSettings = {
				BUNDLE_LOADER = "$(BUILT_PRODUCTS_DIR)/CarSideBySide.app/CarSideBySide";
				FRAMEWORK_SEARCH_PATHS = (
					"\"$(SDKROOT)/Developer/Library/Frameworks\"",
					"\"$(DEVELOPER_LIBRARY_DIR)/Frameworks\"",
				);
				GCC_PRECOMPILE_PREFIX_HEADER = YES;
				GCC_PREFIX_HEADER = "CarSideBySide/CarSideBySide-Prefix.pch";
				INFOPLIST_FILE = "CarSideBySideTests/CarSideBySideTests-Info.plist";
				PRODUCT_NAME = "$(TARGET_NAME)";
				TEST_HOST = "$(BUNDLE_LOADER)";
				WRAPPER_EXTENSION = octest;
			};
			name = Release;
		};
/* End XCBuildConfiguration section */

/* Begin XCConfigurationList section */
		FA2AF9571755A50A001BA8ED /* Build configuration list for PBXProject "CarSideBySide" */ = {
			isa = XCConfigurationList;
			buildConfigurations = (
				FA2AF99D1755A50B001BA8ED /* Debug */,
				FA2AF99E1755A50B001BA8ED /* Release */,
			);
			defaultConfigurationIsVisible = 0;
			defaultConfigurationName = Release;
		};
		FA2AF99F1755A50B001BA8ED /* Build configuration list for PBXNativeTarget "CarSideBySide" */ = {
			isa = XCConfigurationList;
			buildConfigurations = (
				FA2AF9A01755A50B001BA8ED /* Debug */,
				FA2AF9A11755A50B001BA8ED /* Release */,
			);
			defaultConfigurationIsVisible = 0;
			defaultConfigurationName = Release;
		};
		FA2AF9A21755A50B001BA8ED /* Build configuration list for PBXNativeTarget "CarSideBySideTests" */ = {
			isa = XCConfigurationList;
			buildConfigurations = (
				FA2AF9A31755A50B001BA8ED /* Debug */,
				FA2AF9A41755A50B001BA8ED /* Release */,
			);
			defaultConfigurationIsVisible = 0;
			defaultConfigurationName = Release;
		};
/* End XCConfigurationList section */

/* Begin XCVersionGroup section */
		FA88C2B91755B90400603295 /* CarSideBySide.xcdatamodeld */ = {
			isa = XCVersionGroup;
			children = (
				FA88C2BA1755B90400603295 /* CarSideBySide.xcdatamodel */,
			);
			currentVersion = FA88C2BA1755B90400603295 /* CarSideBySide.xcdatamodel */;
			path = CarSideBySide.xcdatamodeld;
			sourceTree = "<group>";
			versionGroupType = wrapper.xcdatamodel;
		};
/* End XCVersionGroup section */
	};
	rootObject = FA2AF9541755A50A001BA8ED /* Project object */;
}
