// !$*UTF8*$!
{
	archiveVersion = 1;
	classes = {
	};
	objectVersion = 46;
	objects = {

/* Begin PBXBuildFile section */
		FA2AF9601755A50A001BA8ED /* UIKit.framework in Frameworks */ = {isa = PBXBuildFile; fileRef = FA2AF95F1755A50A001BA8ED /* UIKit.framework */; };
		FA2AF9621755A50A001BA8ED /* Foundation.framework in Frameworks */ = {isa = PBXBuildFile; fileRef = FA2AF9611755A50A001BA8ED /* Foundation.framework */; };
		FA2AF9641755A50A001BA8ED /* CoreGraphics.framework in Frameworks */ = {isa = PBXBuildFile; fileRef = FA2AF9631755A50A001BA8ED /* CoreGraphics.framework */; };
		FA2AF96A1755A50A001BA8ED /* InfoPlist.strings in Resources */ = {isa = PBXBuildFile; fileRef = FA2AF9681755A50A001BA8ED /* InfoPlist.strings */; };
		FA2AF96C1755A50A001BA8ED /* main.m in Sources */ = {isa = PBXBuildFile; fileRef = FA2AF96B1755A50A001BA8ED /* main.m */; };
		FA2AF9701755A50A001BA8ED /* AppDelegate.m in Sources */ = {isa = PBXBuildFile; fileRef = FA2AF96F1755A50A001BA8ED /* AppDelegate.m */; };
		FA2AF9721755A50A001BA8ED /* Default.png in Resources */ = {isa = PBXBuildFile; fileRef = FA2AF9711755A50A001BA8ED /* Default.png */; };
		FA2AF9741755A50A001BA8ED /* Default@2x.png in Resources */ = {isa = PBXBuildFile; fileRef = FA2AF9731755A50A001BA8ED /* Default@2x.png */; };
		FA2AF9761755A50A001BA8ED /* Default-568h@2x.png in Resources */ = {isa = PBXBuildFile; fileRef = FA2AF9751755A50A001BA8ED /* Default-568h@2x.png */; };
		FA2AF9791755A50A001BA8ED /* MainStoryboard.storyboard in Resources */ = {isa = PBXBuildFile; fileRef = FA2AF9771755A50A001BA8ED /* MainStoryboard.storyboard */; };
		FA2AF97C1755A50A001BA8ED /* FirstViewController.m in Sources */ = {isa = PBXBuildFile; fileRef = FA2AF97B1755A50A001BA8ED /* FirstViewController.m */; };
		FA2AF97E1755A50A001BA8ED /* first.png in Resources */ = {isa = PBXBuildFile; fileRef = FA2AF97D1755A50A001BA8ED /* first.png */; };
		FA2AF9801755A50B001BA8ED /* first@2x.png in Resources */ = {isa = PBXBuildFile; fileRef = FA2AF97F1755A50B001BA8ED /* first@2x.png */; };
		FA2AF9831755A50B001BA8ED /* SecondViewController.m in Sources */ = {isa = PBXBuildFile; fileRef = FA2AF9821755A50B001BA8ED /* SecondViewController.m */; };
		FA2AF9851755A50B001BA8ED /* second.png in Resources */ = {isa = PBXBuildFile; fileRef = FA2AF9841755A50B001BA8ED /* second.png */; };
		FA2AF9871755A50B001BA8ED /* second@2x.png in Resources */ = {isa = PBXBuildFile; fileRef = FA2AF9861755A50B001BA8ED /* second@2x.png */; };
		FA2AF98F1755A50B001BA8ED /* SenTestingKit.framework in Frameworks */ = {isa = PBXBuildFile; fileRef = FA2AF98E1755A50B001BA8ED /* SenTestingKit.framework */; };
		FA2AF9901755A50B001BA8ED /* UIKit.framework in Frameworks */ = {isa = PBXBuildFile; fileRef = FA2AF95F1755A50A001BA8ED /* UIKit.framework */; };
		FA2AF9911755A50B001BA8ED /* Foundation.framework in Frameworks */ = {isa = PBXBuildFile; fileRef = FA2AF9611755A50A001BA8ED /* Foundation.framework */; };
		FA2AF9991755A50B001BA8ED /* InfoPlist.strings in Resources */ = {isa = PBXBuildFile; fileRef = FA2AF9971755A50B001BA8ED /* InfoPlist.strings */; };
		FA2AF99C1755A50B001BA8ED /* CarSideBySideTests.m in Sources */ = {isa = PBXBuildFile; fileRef = FA2AF99B1755A50B001BA8ED /* CarSideBySideTests.m */; };
		FA2AF9A61755B3B9001BA8ED /* CoreData.framework in Frameworks */ = {isa = PBXBuildFile; fileRef = FA2AF9A51755B3B9001BA8ED /* CoreData.framework */; settings = {ATTRIBUTES = (Required, ); }; };
		FA88C2BB1755B90400603295 /* CarSideBySide.xcdatamodeld in Sources */ = {isa = PBXBuildFile; fileRef = FA88C2B91755B90400603295 /* CarSideBySide.xcdatamodeld */; };
		FA88C2C21755BDFB00603295 /* Line.m in Sources */ = {isa = PBXBuildFile; fileRef = FA88C2C11755BDFB00603295 /* Line.m */; };
		FA88C2C51755BDFB00603295 /* Serie.m in Sources */ = {isa = PBXBuildFile; fileRef = FA88C2C41755BDFB00603295 /* Serie.m */; };
		FA88C2CB1755BDFB00603295 /* Maker.m in Sources */ = {isa = PBXBuildFile; fileRef = FA88C2CA1755BDFB00603295 /* Maker.m */; };
		FA88C2D11755BE4A00603295 /* Car.m in Sources */ = {isa = PBXBuildFile; fileRef = FA88C2D01755BE4A00603295 /* Car.m */; };
/* End PBXBuildFile section */

/* Begin PBXContainerItemProxy section */
		FA2AF9921755A50B001BA8ED /* PBXContainerItemProxy */ = {
			isa = PBXContainerItemProxy;
			containerPortal = FA2AF9541755A50A001BA8ED /* Project object */;
			proxyType = 1;
			remoteGlobalIDString = FA2AF95B1755A50A001BA8ED;
			remoteInfo = CarSideBySide;
		};
/* End PBXContainerItemProxy section */

/* Begin PBXFileReference section */
		FA2AF95C1755A50A001BA8ED /* CarSideBySide.app */ = {isa = PBXFileReference; explicitFileType = wrapper.application; includeInIndex = 0; path = CarSideBySide.app; sourceTree = BUILT_PRODUCTS_DIR; };
		FA2AF95F1755A50A001BA8ED /* UIKit.framework */ = {isa = PBXFileReference; lastKnownFileType = wrapper.framework; name = UIKit.framework; path = System/Library/Frameworks/UIKit.framework; sourceTree = SDKROOT; };
		FA2AF9611755A50A001BA8ED /* Foundation.framework */ = {isa = PBXFileReference; lastKnownFileType = wrapper.framework; name = Foundation.framework; path = System/Library/Frameworks/Foundation.framework; sourceTree = SDKROOT; };
		FA2AF9631755A50A001BA8ED /* CoreGraphics.framework */ = {isa = PBXFileReference; lastKnownFileType = wrapper.framework; name = CoreGraphics.framework; path = System/Library/Frameworks/CoreGraphics.framework; sourceTree = SDKROOT; };
		FA2AF9671755A50A001BA8ED /* CarSideBySide-Info.plist */ = {isa = PBXFileReference; lastKnownFileType = text.plist.xml; path = "CarSideBySide-Info.plist"; sourceTree = "<group>"; };
		FA2AF9691755A50A001BA8ED /* en */ = {isa = PBXFileReference; lastKnownFileType = text.plist.strings; name = en; path = en.lproj/InfoPlist.strings; sourceTree = "<group>"; };
		FA2AF96B1755A50A001BA8ED /* main.m */ = {isa = PBXFileReference; lastKnownFileType = sourcecode.c.objc; path = main.m; sourceTree = "<group>"; };
		FA2AF96D1755A50A001BA8ED /* CarSideBySide-Prefix.pch */ = {isa = PBXFileReference; lastKnownFileType = sourcecode.c.h; path = "CarSideBySide-Prefix.pch"; sourceTree = "<group>"; };
		FA2AF96E1755A50A001BA8ED /* AppDelegate.h */ = {isa = PBXFileReference; lastKnownFileType = sourcecode.c.h; path = AppDelegate.h; sourceTree = "<group>"; };
		FA2AF96F1755A50A001BA8ED /* AppDelegate.m */ = {isa = PBXFileReference; lastKnownFileType = sourcecode.c.objc; path = AppDelegate.m; sourceTree = "<group>"; };
		FA2AF9711755A50A001BA8ED /* Default.png */ = {isa = PBXFileReference; lastKnownFileType = image.png; path = Default.png; sourceTree = "<group>"; };
		FA2AF9731755A50A001BA8ED /* Default@2x.png */ = {isa = PBXFileReference; lastKnownFileType = image.png; path = "Default@2x.png"; sourceTree = "<group>"; };
		FA2AF9751755A50A001BA8ED /* Default-568h@2x.png */ = {isa = PBXFileReference; lastKnownFileType = image.png; path = "Default-568h@2x.png"; sourceTree = "<group>"; };
		FA2AF9781755A50A001BA8ED /* en */ = {isa = PBXFileReference; lastKnownFileType = file.storyboard; name = en; path = en.lproj/MainStoryboard.storyboard; sourceTree = "<group>"; };
		FA2AF97A1755A50A001BA8ED /* FirstViewController.h */ = {isa = PBXFileReference; lastKnownFileType = sourcecode.c.h; path = FirstViewController.h; sourceTree = "<group>"; };
		FA2AF97B1755A50A001BA8ED /* FirstViewController.m */ = {isa = PBXFileReference; lastKnownFileType = sourcecode.c.objc; path = FirstViewController.m; sourceTree = "<group>"; };
		FA2AF97D1755A50A001BA8ED /* first.png */ = {isa = PBXFileReference; lastKnownFileType = image.png; path = first.png; sourceTree = "<group>"; };
		FA2AF97F1755A50B001BA8ED /* first@2x.png */ = {isa = PBXFileReference; lastKnownFileType = image.png; path = "first@2x.png"; sourceTree = "<group>"; };
		FA2AF9811755A50B001BA8ED /* SecondViewController.h */ = {isa = PBXFileReference; lastKnownFileType = sourcecode.c.h; path = SecondViewController.h; sourceTree = "<group>"; };
		FA2AF9821755A50B001BA8ED /* SecondViewController.m */ = {isa = PBXFileReference; lastKnownFileType = sourcecode.c.objc; path = SecondViewController.m; sourceTree = "<group>"; };
		FA2AF9841755A50B001BA8ED /* second.png */ = {isa = PBXFileReference; lastKnownFileType = image.png; path = second.png; sourceTree = "<group>"; };
		FA2AF9861755A50B001BA8ED /* second@2x.png */ = {isa = PBXFileReference; lastKnownFileType = image.png; path = "second@2x.png"; sourceTree = "<group>"; };
		FA2AF98D1755A50B001BA8ED /* CarSideBySideTests.octest */ = {isa = PBXFileReference; explicitFileType = wrapper.cfbundle; includeInIndex = 0; path = CarSideBySideTests.octest; sourceTree = BUILT_PRODUCTS_DIR; };
		FA2AF98E1755A50B001BA8ED /* SenTestingKit.framework */ = {isa = PBXFileReference; lastKnownFileType = wrapper.framework; name = SenTestingKit.framework; path = Library/Frameworks/SenTestingKit.framework; sourceTree = DEVELOPER_DIR; };
		FA2AF9961755A50B001BA8ED /* CarSideBySideTests-Info.plist */ = {isa = PBXFileReference; lastKnownFileType = text.plist.xml; path = "CarSideBySideTests-Info.plist"; sourceTree = "<group>"; };
		FA2AF9981755A50B001BA8ED /* en */ = {isa = PBXFileReference; lastKnownFileType = text.plist.strings; name = en; path = en.lproj/InfoPlist.strings; sourceTree = "<group>"; };
		FA2AF99A1755A50B001BA8ED /* CarSideBySideTests.h */ = {isa = PBXFileReference; lastKnownFileType = sourcecode.c.h; path = CarSideBySideTests.h; sourceTree = "<group>"; };
		FA2AF99B1755A50B001BA8ED /* CarSideBySideTests.m */ = {isa = PBXFileReference; lastKnownFileType = sourcecode.c.objc; path = CarSideBySideTests.m; sourceTree = "<group>"; };
		FA2AF9A51755B3B9001BA8ED /* CoreData.framework */ = {isa = PBXFileReference; lastKnownFileType = wrapper.framework; name = CoreData.framework; path = System/Library/Frameworks/CoreData.framework; sourceTree = SDKROOT; };
		FA88C2BA1755B90400603295 /* CarSideBySide.xcdatamodel */ = {isa = PBXFileReference; lastKnownFileType = wrapper.xcdatamodel; path = CarSideBySide.xcdatamodel; sourceTree = "<group>"; };
		FA88C2C01755BDFB00603295 /* Line.h */ = {isa = PBXFileReference; fileEncoding = 4; lastKnownFileType = sourcecode.c.h; path = Line.h; sourceTree = "<group>"; };
		FA88C2C11755BDFB00603295 /* Line.m */ = {isa = PBXFileReference; fileEncoding = 4; lastKnownFileType = sourcecode.c.objc; path = Line.m; sourceTree = "<group>"; };
		FA88C2C31755BDFB00603295 /* Serie.h */ = {isa = PBXFileReference; fileEncoding = 4; lastKnownFileType = sourcecode.c.h; path = Serie.h; sourceTree = "<group>"; };
		FA88C2C41755BDFB00603295 /* Serie.m */ = {isa = PBXFileReference; fileEncoding = 4; lastKnownFileType = sourcecode.c.objc; path = Serie.m; sourceTree = "<group>"; };
		FA88C2C91755BDFB00603295 /* Maker.h */ = {isa = PBXFileReference; fileEncoding = 4; lastKnownFileType = sourcecode.c.h; path = Maker.h; sourceTree = "<group>"; };
		FA88C2CA1755BDFB00603295 /* Maker.m */ = {isa = PBXFileReference; fileEncoding = 4; lastKnownFileType = sourcecode.c.objc; path = Maker.m; sourceTree = "<group>"; };
		FA88C2CF1755BE4A00603295 /* Car.h */ = {isa = PBXFileReference; fileEncoding = 4; lastKnownFileType = sourcecode.c.h; path = Car.h; sourceTree = "<group>"; };
		FA88C2D01755BE4A00603295 /* Car.m */ = {isa = PBXFileReference; fileEncoding = 4; lastKnownFileType = sourcecode.c.objc; path = Car.m; sourceTree = "<group>"; };
/* End PBXFileReference section */

/* Begin PBXFrameworksBuildPhase section */
		FA2AF9591755A50A001BA8ED /* Frameworks */ = {
			isa = PBXFrameworksBuildPhase;
			buildActionMask = 2147483647;
			files = (
				FA2AF9A61755B3B9001BA8ED /* CoreData.framework in Frameworks */,
				FA2AF9601755A50A001BA8ED /* UIKit.framework in Frameworks */,
				FA2AF9621755A50A001BA8ED /* Foundation.framework in Frameworks */,
				FA2AF9641755A50A001BA8ED /* CoreGraphics.framework in Frameworks */,
			);
			runOnlyForDeploymentPostprocessing = 0;
		};
		FA2AF9891755A50B001BA8ED /* Frameworks */ = {
			isa = PBXFrameworksBuildPhase;
			buildActionMask = 2147483647;
			files = (
				FA2AF98F1755A50B001BA8ED /* SenTestingKit.framework in Frameworks */,
				FA2AF9901755A50B001BA8ED /* UIKit.framework in Frameworks */,
				FA2AF9911755A50B001BA8ED /* Foundation.framework in Frameworks */,
			);
			runOnlyForDeploymentPostprocessing = 0;
		};
/* End PBXFrameworksBuildPhase section */

/* Begin PBXGroup section */
		FA2AF9531755A50A001BA8ED = {
			isa = PBXGroup;
			children = (
				FA2AF9651755A50A001BA8ED /* CarSideBySide */,
				FA2AF9941755A50B001BA8ED /* CarSideBySideTests */,
				FA2AF95E1755A50A001BA8ED /* Frameworks */,
				FA2AF95D1755A50A001BA8ED /* Products */,
			);
			sourceTree = "<group>";
		};
		FA2AF95D1755A50A001BA8ED /* Products */ = {
			isa = PBXGroup;
			children = (
				FA2AF95C1755A50A001BA8ED /* CarSideBySide.app */,
				FA2AF98D1755A50B001BA8ED /* CarSideBySideTests.octest */,
			);
			name = Products;
			sourceTree = "<group>";
		};
		FA2AF95E1755A50A001BA8ED /* Frameworks */ = {
			isa = PBXGroup;
			children = (
				FA2AF9A51755B3B9001BA8ED /* CoreData.framework */,
				FA2AF95F1755A50A001BA8ED /* UIKit.framework */,
				FA2AF9611755A50A001BA8ED /* Foundation.framework */,
				FA2AF9631755A50A001BA8ED /* CoreGraphics.framework */,
				FA2AF98E1755A50B001BA8ED /* SenTestingKit.framework */,
			);
			name = Frameworks;
			sourceTree = "<group>";
		};
		FA2AF9651755A50A001BA8ED /* CarSideBySide */ = {
			isa = PBXGroup;
			children = (
				FA2AF9A71755B41C001BA8ED /* Models */,
				FA2AF96E1755A50A001BA8ED /* AppDelegate.h */,
				FA2AF96F1755A50A001BA8ED /* AppDelegate.m */,
				FA2AF9771755A50A001BA8ED /* MainStoryboard.storyboard */,
				FA2AF97A1755A50A001BA8ED /* FirstViewController.h */,
				FA2AF97B1755A50A001BA8ED /* FirstViewController.m */,
				FA2AF97D1755A50A001BA8ED /* first.png */,
				FA2AF97F1755A50B001BA8ED /* first@2x.png */,
				FA2AF9811755A50B001BA8ED /* SecondViewController.h */,
				FA2AF9821755A50B001BA8ED /* SecondViewController.m */,
				FA2AF9841755A50B001BA8ED /* second.png */,
				FA2AF9861755A50B001BA8ED /* second@2x.png */,
				FA2AF9661755A50A001BA8ED /* Supporting Files */,
			);
			path = CarSideBySide;
			sourceTree = "<group>";
		};
		FA2AF9661755A50A001BA8ED /* Supporting Files */ = {
			isa = PBXGroup;
			children = (
				FA2AF9671755A50A001BA8ED /* CarSideBySide-Info.plist */,
				FA2AF9681755A50A001BA8ED /* InfoPlist.strings */,
				FA2AF96B1755A50A001BA8ED /* main.m */,
				FA2AF96D1755A50A001BA8ED /* CarSideBySide-Prefix.pch */,
				FA2AF9711755A50A001BA8ED /* Default.png */,
				FA2AF9731755A50A001BA8ED /* Default@2x.png */,
				FA2AF9751755A50A001BA8ED /* Default-568h@2x.png */,
			);
			name = "Supporting Files";
			sourceTree = "<group>";
		};
		FA2AF9941755A50B001BA8ED /* CarSideBySideTests */ = {
			isa = PBXGroup;
			children = (
				FA2AF99A1755A50B001BA8ED /* CarSideBySideTests.h */,
				FA2AF99B1755A50B001BA8ED /* CarSideBySideTests.m */,
				FA2AF9951755A50B001BA8ED /* Supporting Files */,
			);
			path = CarSideBySideTests;
			sourceTree = "<group>";
		};
		FA2AF9951755A50B001BA8ED /* Supporting Files */ = {
			isa = PBXGroup;
			children = (
				FA2AF9961755A50B001BA8ED /* CarSideBySideTests-Info.plist */,
				FA2AF9971755A50B001BA8ED /* InfoPlist.strings */,
			);
			name = "Supporting Files";
			sourceTree = "<group>";
		};
		FA2AF9A71755B41C001BA8ED /* Models */ = {
			isa = PBXGroup;
			children = (
				FA88C2CF1755BE4A00603295 /* Car.h */,
				FA88C2D01755BE4A00603295 /* Car.m */,
				FA88C2B91755B90400603295 /* CarSideBySide.xcdatamodeld */,
				FA88C2C91755BDFB00603295 /* Maker.h */,
				FA88C2CA1755BDFB00603295 /* Maker.m */,
				FA88C2C31755BDFB00603295 /* Serie.h */,
				FA88C2C41755BDFB00603295 /* Serie.m */,
				FA88C2C01755BDFB00603295 /* Line.h */,
				FA88C2C11755BDFB00603295 /* Line.m */,
			);
			name = Models;
			sourceTree = "<group>";
		};
/* End PBXGroup section */

/* Begin PBXNativeTarget section */
		FA2AF95B1755A50A001BA8ED /* CarSideBySide */ = {
			isa = PBXNativeTarget;
			buildConfigurationList = FA2AF99F1755A50B001BA8ED /* Build configuration list for PBXNativeTarget "CarSideBySide" */;
			buildPhases = (
				FA2AF9581755A50A001BA8ED /* Sources */,
				FA2AF9591755A50A001BA8ED /* Frameworks */,
				FA2AF95A1755A50A001BA8ED /* Resources */,
			);
			buildRules = (
			);
			dependencies = (
			);
			name = CarSideBySide;
			productName = CarSideBySide;
			productReference = FA2AF95C1755A50A001BA8ED /* CarSideBySide.app */;
			productType = "com.apple.product-type.application";
		};
		FA2AF98C1755A50B001BA8ED /* CarSideBySideTests */ = {
			isa = PBXNativeTarget;
			buildConfigurationList = FA2AF9A21755A50B001BA8ED /* Build configuration list for PBXNativeTarget "CarSideBySideTests" */;
			buildPhases = (
				FA2AF9881755A50B001BA8ED /* Sources */,
				FA2AF9891755A50B001BA8ED /* Frameworks */,
				FA2AF98A1755A50B001BA8ED /* Resources */,
				FA2AF98B1755A50B001BA8ED /* ShellScript */,
			);
			buildRules = (
			);
			dependencies = (
				FA2AF9931755A50B001BA8ED /* PBXTargetDependency */,
			);
			name = CarSideBySideTests;
			productName = CarSideBySideTests;
			productReference = FA2AF98D1755A50B001BA8ED /* CarSideBySideTests.octest */;
			productType = "com.apple.product-type.bundle";
		};
/* End PBXNativeTarget section */

/* Begin PBXProject section */
		FA2AF9541755A50A001BA8ED /* Project object */ = {
			isa = PBXProject;
			attributes = {
				LastUpgradeCheck = 0460;
				ORGANIZATIONNAME = "Alejandro Juarez Robles";
			};
			buildConfigurationList = FA2AF9571755A50A001BA8ED /* Build configuration list for PBXProject "CarSideBySide" */;
			compatibilityVersion = "Xcode 3.2";
			developmentRegion = English;
			hasScannedForEncodings = 0;
			knownRegions = (
				en,
			);
			mainGroup = FA2AF9531755A50A001BA8ED;
			productRefGroup = FA2AF95D1755A50A001BA8ED /* Products */;
			projectDirPath = "";
			projectRoot = "";
			targets = (
				FA2AF95B1755A50A001BA8ED /* CarSideBySide */,
				FA2AF98C1755A50B001BA8ED /* CarSideBySideTests */,
			);
		};
/* End PBXProject section */

/* Begin PBXResourcesBuildPhase section */
		FA2AF95A1755A50A001BA8ED /* Resources */ = {
			isa = PBXResourcesBuildPhase;
			buildActionMask = 2147483647;
			files = (
				FA2AF96A1755A50A001BA8ED /* InfoPlist.strings in Resources */,
				FA2AF9721755A50A001BA8ED /* Default.png in Resources */,
				FA2AF9741755A50A001BA8ED /* Default@2x.png in Resources */,
				FA2AF9761755A50A001BA8ED /* Default-568h@2x.png in Resources */,
				FA2AF9791755A50A001BA8ED /* MainStoryboard.storyboard in Resources */,
				FA2AF97E1755A50A001BA8ED /* first.png in Resources */,
				FA2AF9801755A50B001BA8ED /* first@2x.png in Resources */,
				FA2AF9851755A50B001BA8ED /* second.png in Resources */,
				FA2AF9871755A50B001BA8ED /* second@2x.png in Resources */,
			);
			runOnlyForDeploymentPostprocessing = 0;
		};
		FA2AF98A1755A50B001BA8ED /* Resources */ = {
			isa = PBXResourcesBuildPhase;
			buildActionMask = 2147483647;
			files = (
				FA2AF9991755A50B001BA8ED /* InfoPlist.strings in Resources */,
			);
			runOnlyForDeploymentPostprocessing = 0;
		};
/* End PBXResourcesBuildPhase section */

/* Begin PBXShellScriptBuildPhase section */
		FA2AF98B1755A50B001BA8ED /* ShellScript */ = {
			isa = PBXShellScriptBuildPhase;
			buildActionMask = 2147483647;
			files = (
			);
			inputPaths = (
			);
			outputPaths = (
			);
			runOnlyForDeploymentPostprocessing = 0;
			shellPath = /bin/sh;
			shellScript = "# Run the unit tests in this test bundle.\n\"${SYSTEM_DEVELOPER_DIR}/Tools/RunUnitTests\"\n";
		};
/* End PBXShellScriptBuildPhase section */

/* Begin PBXSourcesBuildPhase section */
		FA2AF9581755A50A001BA8ED /* Sources */ = {
			isa = PBXSourcesBuildPhase;
			buildActionMask = 2147483647;
			files = (
				FA2AF96C1755A50A001BA8ED /* main.m in Sources */,
				FA2AF9701755A50A001BA8ED /* AppDelegate.m in Sources */,
				FA2AF97C1755A50A001BA8ED /* FirstViewController.m in Sources */,
				FA2AF9831755A50B001BA8ED /* SecondViewController.m in Sources */,
				FA88C2BB1755B90400603295 /* CarSideBySide.xcdatamodeld in Sources */,
				FA88C2C21755BDFB00603295 /* Line.m in Sources */,
				FA88C2C51755BDFB00603295 /* Serie.m in Sources */,
				FA88C2CB1755BDFB00603295 /* Maker.m in Sources */,
				FA88C2D11755BE4A00603295 /* Car.m in Sources */,
			);
			runOnlyForDeploymentPostprocessing = 0;
		};
		FA2AF9881755A50B001BA8ED /* Sources */ = {
			isa = PBXSourcesBuildPhase;
			buildActionMask = 2147483647;
			files = (
				FA2AF99C1755A50B001BA8ED /* CarSideBySideTests.m in Sources */,
			);
			runOnlyForDeploymentPostprocessing = 0;
		};
/* End PBXSourcesBuildPhase section */

/* Begin PBXTargetDependency section */
		FA2AF9931755A50B001BA8ED /* PBXTargetDependency */ = {
			isa = PBXTargetDependency;
			target = FA2AF95B1755A50A001BA8ED /* CarSideBySide */;
			targetProxy = FA2AF9921755A50B001BA8ED /* PBXContainerItemProxy */;
		};
/* End PBXTargetDependency section */

/* Begin PBXVariantGroup section */
		FA2AF9681755A50A001BA8ED /* InfoPlist.strings */ = {
			isa = PBXVariantGroup;
			children = (
				FA2AF9691755A50A001BA8ED /* en */,
			);
			name = InfoPlist.strings;
			sourceTree = "<group>";
		};
		FA2AF9771755A50A001BA8ED /* MainStoryboard.storyboard */ = {
			isa = PBXVariantGroup;
			children = (
				FA2AF9781755A50A001BA8ED /* en */,
			);
			name = MainStoryboard.storyboard;
			sourceTree = "<group>";
		};
		FA2AF9971755A50B001BA8ED /* InfoPlist.strings */ = {
			isa = PBXVariantGroup;
			children = (
				FA2AF9981755A50B001BA8ED /* en */,
			);
			name = InfoPlist.strings;
			sourceTree = "<group>";
		};
/* End PBXVariantGroup section */

/* Begin XCBuildConfiguration section */
		FA2AF99D1755A50B001BA8ED /* Debug */ = {
			isa = XCBuildConfiguration;
			buildSettings = {
				ALWAYS_SEARCH_USER_PATHS = NO;
				CLANG_CXX_LANGUAGE_STANDARD = "gnu++0x";
				CLANG_CXX_LIBRARY = "libc++";
				CLANG_ENABLE_OBJC_ARC = YES;
				CLANG_WARN_CONSTANT_CONVERSION = YES;
				CLANG_WARN_EMPTY_BODY = YES;
				CLANG_WARN_ENUM_CONVERSION = YES;
				CLANG_WARN_INT_CONVERSION = YES;
				CLANG_WARN__DUPLICATE_METHOD_MATCH = YES;
				"CODE_SIGN_IDENTITY[sdk=iphoneos*]" = "iPhone Developer";
				COPY_PHASE_STRIP = NO;
				GCC_C_LANGUAGE_STANDARD = gnu99;
				GCC_DYNAMIC_NO_PIC = NO;
				GCC_OPTIMIZATION_LEVEL = 0;
				GCC_PREPROCESSOR_DEFINITIONS = (
					"DEBUG=1",
					"$(inherited)",
				);
				GCC_SYMBOLS_PRIVATE_EXTERN = NO;
				GCC_WARN_ABOUT_RETURN_TYPE = YES;
				GCC_WARN_UNINITIALIZED_AUTOS = YES;
				GCC_WARN_UNUSED_VARIABLE = YES;
				IPHONEOS_DEPLOYMENT_TARGET = 6.1;
				ONLY_ACTIVE_ARCH = YES;
				SDKROOT = iphoneos;
				TARGETED_DEVICE_FAMILY = 2;
			};
			name = Debug;
		};
		FA2AF99E1755A50B001BA8ED /* Release */ = {
			isa = XCBuildConfiguration;
			buildSettings = {
				ALWAYS_SEARCH_USER_PATHS = NO;
				CLANG_CXX_LANGUAGE_STANDARD = "gnu++0x";
				CLANG_CXX_LIBRARY = "libc++";
				CLANG_ENABLE_OBJC_ARC = YES;
				CLANG_WARN_CONSTANT_CONVERSION = YES;
				CLANG_WARN_EMPTY_BODY = YES;
				CLANG_WARN_ENUM_CONVERSION = YES;
				CLANG_WARN_INT_CONVERSION = YES;
				CLANG_WARN__DUPLICATE_METHOD_MATCH = YES;
				"CODE_SIGN_IDENTITY[sdk=iphoneos*]" = "iPhone Developer";
				COPY_PHASE_STRIP = YES;
				GCC_C_LANGUAGE_STANDARD = gnu99;
				GCC_WARN_ABOUT_RETURN_TYPE = YES;
				GCC_WARN_UNINITIALIZED_AUTOS = YES;
				GCC_WARN_UNUSED_VARIABLE = YES;
				IPHONEOS_DEPLOYMENT_TARGET = 6.1;
				OTHER_CFLAGS = "-DNS_BLOCK_ASSERTIONS=1";
				SDKROOT = iphoneos;
				TARGETED_DEVICE_FAMILY = 2;
				VALIDATE_PRODUCT = YES;
			};
			name = Release;
		};
		FA2AF9A01755A50B001BA8ED /* Debug */ = {
			isa = XCBuildConfiguration;
			buildSettings = {
				GCC_PRECOMPILE_PREFIX_HEADER = YES;
				GCC_PREFIX_HEADER = "CarSideBySide/CarSideBySide-Prefix.pch";
				INFOPLIST_FILE = "CarSideBySide/CarSideBySide-Info.plist";
				PRODUCT_NAME = "$(TARGET_NAME)";
				WRAPPER_EXTENSION = app;
			};
			name = Debug;
		};
		FA2AF9A11755A50B001BA8ED /* Release */ = {
			isa = XCBuildConfiguration;
			buildSettings = {
				GCC_PRECOMPILE_PREFIX_HEADER = YES;
				GCC_PREFIX_HEADER = "CarSideBySide/CarSideBySide-Prefix.pch";
				INFOPLIST_FILE = "CarSideBySide/CarSideBySide-Info.plist";
				PRODUCT_NAME = "$(TARGET_NAME)";
				WRAPPER_EXTENSION = app;
			};
			name = Release;
		};
		FA2AF9A31755A50B001BA8ED /* Debug */ = {
			isa = XCBuildConfiguration;
			buildSettings = {
				BUNDLE_LOADER = "$(BUILT_PRODUCTS_DIR)/CarSideBySide.app/CarSideBySide";
				FRAMEWORK_SEARCH_PATHS = (
					"\"$(SDKROOT)/Developer/Library/Frameworks\"",
					"\"$(DEVELOPER_LIBRARY_DIR)/Frameworks\"",
				);
				GCC_PRECOMPILE_PREFIX_HEADER = YES;
				GCC_PREFIX_HEADER = "CarSideBySide/CarSideBySide-Prefix.pch";
				INFOPLIST_FILE = "CarSideBySideTests/CarSideBySideTests-Info.plist";
				PRODUCT_NAME = "$(TARGET_NAME)";
				TEST_HOST = "$(BUNDLE_LOADER)";
				WRAPPER_EXTENSION = octest;
			};
			name = Debug;
		};
		FA2AF9A41755A50B001BA8ED /* Release */ = {
			isa = XCBuildConfiguration;
			buildSettings = {
				BUNDLE_LOADER = "$(BUILT_PRODUCTS_DIR)/CarSideBySide.app/CarSideBySide";
				FRAMEWORK_SEARCH_PATHS = (
					"\"$(SDKROOT)/Developer/Library/Frameworks\"",
					"\"$(DEVELOPER_LIBRARY_DIR)/Frameworks\"",
				);
				GCC_PRECOMPILE_PREFIX_HEADER = YES;
				GCC_PREFIX_HEADER = "CarSideBySide/CarSideBySide-Prefix.pch";
				INFOPLIST_FILE = "CarSideBySideTests/CarSideBySideTests-Info.plist";
				PRODUCT_NAME = "$(TARGET_NAME)";
				TEST_HOST = "$(BUNDLE_LOADER)";
				WRAPPER_EXTENSION = octest;
			};
			name = Release;
		};
/* End XCBuildConfiguration section */

/* Begin XCConfigurationList section */
		FA2AF9571755A50A001BA8ED /* Build configuration list for PBXProject "CarSideBySide" */ = {
			isa = XCConfigurationList;
			buildConfigurations = (
				FA2AF99D1755A50B001BA8ED /* Debug */,
				FA2AF99E1755A50B001BA8ED /* Release */,
			);
			defaultConfigurationIsVisible = 0;
			defaultConfigurationName = Release;
		};
		FA2AF99F1755A50B001BA8ED /* Build configuration list for PBXNativeTarget "CarSideBySide" */ = {
			isa = XCConfigurationList;
			buildConfigurations = (
				FA2AF9A01755A50B001BA8ED /* Debug */,
				FA2AF9A11755A50B001BA8ED /* Release */,
			);
			defaultConfigurationIsVisible = 0;
			defaultConfigurationName = Release;
		};
		FA2AF9A21755A50B001BA8ED /* Build configuration list for PBXNativeTarget "CarSideBySideTests" */ = {
			isa = XCConfigurationList;
			buildConfigurations = (
				FA2AF9A31755A50B001BA8ED /* Debug */,
				FA2AF9A41755A50B001BA8ED /* Release */,
			);
			defaultConfigurationIsVisible = 0;
			defaultConfigurationName = Release;
		};
/* End XCConfigurationList section */

/* Begin XCVersionGroup section */
		FA88C2B91755B90400603295 /* CarSideBySide.xcdatamodeld */ = {
			isa = XCVersionGroup;
			children = (
				FA88C2BA1755B90400603295 /* CarSideBySide.xcdatamodel */,
			);
			currentVersion = FA88C2BA1755B90400603295 /* CarSideBySide.xcdatamodel */;
			path = CarSideBySide.xcdatamodeld;
			sourceTree = "<group>";
			versionGroupType = wrapper.xcdatamodel;
		};
/* End XCVersionGroup section */
	};
	rootObject = FA2AF9541755A50A001BA8ED /* Project object */;
}
