<?xml version="1.0" encoding="UTF-8"?>
<!DOCTYPE plist PUBLIC "-//Apple//DTD PLIST 1.0//EN" "http://www.apple.com/DTDs/PropertyList-1.0.dtd">
<plist version="1.0">
<dict>
	<key>archiveVersion</key>
	<string>1</string>
	<key>classes</key>
	<dict/>
	<key>objectVersion</key>
	<string>46</string>
	<key>objects</key>
	<dict>
		<key>07EEA42E9E504D3E9B497A89</key>
		<dict>
			<key>buildActionMask</key>
			<string>2147483647</string>
			<key>files</key>
			<array/>
			<key>inputPaths</key>
			<array/>
			<key>isa</key>
			<string>PBXShellScriptBuildPhase</string>
			<key>name</key>
			<string>Copy Pods Resources</string>
			<key>outputPaths</key>
			<array/>
			<key>runOnlyForDeploymentPostprocessing</key>
			<string>0</string>
			<key>shellPath</key>
			<string>/bin/sh</string>
			<key>shellScript</key>
			<string>"${SRCROOT}/Pods/Pods-resources.sh"
</string>
		</dict>
		<key>1ECA49F1D8114DBE84890535</key>
		<dict>
			<key>buildActionMask</key>
			<string>2147483647</string>
			<key>files</key>
			<array/>
			<key>inputPaths</key>
			<array/>
			<key>isa</key>
			<string>PBXShellScriptBuildPhase</string>
			<key>name</key>
			<string>Check Pods Manifest.lock</string>
			<key>outputPaths</key>
			<array/>
			<key>runOnlyForDeploymentPostprocessing</key>
			<string>0</string>
			<key>shellPath</key>
			<string>/bin/sh</string>
			<key>shellScript</key>
			<string>diff "${PODS_ROOT}/../Podfile.lock" "${PODS_ROOT}/Manifest.lock" &gt; /dev/null
if [[ $? != 0 ]] ; then
    cat &lt;&lt; EOM
error: The sandbox is not in sync with the Podfile.lock. Run 'pod install' or update your CocoaPods installation.
EOM
    exit 1
fi
</string>
		</dict>
		<key>25E206E3C6E1426889E97DA6</key>
		<dict>
			<key>buildActionMask</key>
			<string>2147483647</string>
			<key>files</key>
			<array/>
			<key>inputPaths</key>
			<array/>
			<key>isa</key>
			<string>PBXShellScriptBuildPhase</string>
			<key>name</key>
			<string>Copy Pods Resources</string>
			<key>outputPaths</key>
			<array/>
			<key>runOnlyForDeploymentPostprocessing</key>
			<string>0</string>
			<key>shellPath</key>
			<string>/bin/sh</string>
			<key>shellScript</key>
			<string>"${SRCROOT}/Pods/Pods-resources.sh"
</string>
		</dict>
		<key>2B8330BCE45E429F96E0309F</key>
		<dict>
			<key>buildActionMask</key>
			<string>2147483647</string>
			<key>files</key>
			<array/>
			<key>inputPaths</key>
			<array/>
			<key>isa</key>
			<string>PBXShellScriptBuildPhase</string>
			<key>name</key>
			<string>Check Pods Manifest.lock</string>
			<key>outputPaths</key>
			<array/>
			<key>runOnlyForDeploymentPostprocessing</key>
			<string>0</string>
			<key>shellPath</key>
			<string>/bin/sh</string>
			<key>shellScript</key>
			<string>diff "${PODS_ROOT}/../Podfile.lock" "${PODS_ROOT}/Manifest.lock" &gt; /dev/null
if [[ $? != 0 ]] ; then
    cat &lt;&lt; EOM
error: The sandbox is not in sync with the Podfile.lock. Run 'pod install' or update your CocoaPods installation.
EOM
    exit 1
fi
</string>
		</dict>
		<key>39047D878F3A497B970816ED</key>
		<dict>
			<key>includeInIndex</key>
			<string>1</string>
			<key>isa</key>
			<string>PBXFileReference</string>
			<key>lastKnownFileType</key>
			<string>text.xcconfig</string>
			<key>name</key>
			<string>Pods.xcconfig</string>
			<key>path</key>
			<string>Pods/Pods.xcconfig</string>
			<key>sourceTree</key>
			<string>SOURCE_ROOT</string>
		</dict>
		<key>4625FDA1788E4C9FADA9FB50</key>
		<dict>
			<key>buildActionMask</key>
			<string>2147483647</string>
			<key>files</key>
			<array/>
			<key>inputPaths</key>
			<array/>
			<key>isa</key>
			<string>PBXShellScriptBuildPhase</string>
			<key>name</key>
			<string>Check Pods Manifest.lock</string>
			<key>outputPaths</key>
			<array/>
			<key>runOnlyForDeploymentPostprocessing</key>
			<string>0</string>
			<key>shellPath</key>
			<string>/bin/sh</string>
			<key>shellScript</key>
			<string>diff "${PODS_ROOT}/../Podfile.lock" "${PODS_ROOT}/Manifest.lock" &gt; /dev/null
if [[ $? != 0 ]] ; then
    cat &lt;&lt; EOM
error: The sandbox is not in sync with the Podfile.lock. Run 'pod install' or update your CocoaPods installation.
EOM
    exit 1
fi
</string>
		</dict>
		<key>53774DFE7CAB4928A640B8D6</key>
		<dict>
			<key>buildActionMask</key>
			<string>2147483647</string>
			<key>files</key>
			<array/>
			<key>inputPaths</key>
			<array/>
			<key>isa</key>
			<string>PBXShellScriptBuildPhase</string>
			<key>name</key>
			<string>Check Pods Manifest.lock</string>
			<key>outputPaths</key>
			<array/>
			<key>runOnlyForDeploymentPostprocessing</key>
			<string>0</string>
			<key>shellPath</key>
			<string>/bin/sh</string>
			<key>shellScript</key>
			<string>diff "${PODS_ROOT}/../Podfile.lock" "${PODS_ROOT}/Manifest.lock" &gt; /dev/null
if [[ $? != 0 ]] ; then
    cat &lt;&lt; EOM
error: The sandbox is not in sync with the Podfile.lock. Run 'pod install' or update your CocoaPods installation.
EOM
    exit 1
fi
</string>
		</dict>
		<key>54C0B5B4668D4EC1A646900E</key>
		<dict>
			<key>buildActionMask</key>
			<string>2147483647</string>
			<key>files</key>
			<array/>
			<key>inputPaths</key>
			<array/>
			<key>isa</key>
			<string>PBXShellScriptBuildPhase</string>
			<key>name</key>
			<string>Copy Pods Resources</string>
			<key>outputPaths</key>
			<array/>
			<key>runOnlyForDeploymentPostprocessing</key>
			<string>0</string>
			<key>shellPath</key>
			<string>/bin/sh</string>
			<key>shellScript</key>
			<string>"${SRCROOT}/Pods/Pods-resources.sh"
</string>
		</dict>
		<key>59E4B13375ED44A5816A5D7D</key>
		<dict>
			<key>buildActionMask</key>
			<string>2147483647</string>
			<key>files</key>
			<array/>
			<key>inputPaths</key>
			<array/>
			<key>isa</key>
			<string>PBXShellScriptBuildPhase</string>
			<key>name</key>
			<string>Check Pods Manifest.lock</string>
			<key>outputPaths</key>
			<array/>
			<key>runOnlyForDeploymentPostprocessing</key>
			<string>0</string>
			<key>shellPath</key>
			<string>/bin/sh</string>
			<key>shellScript</key>
			<string>diff "${PODS_ROOT}/../Podfile.lock" "${PODS_ROOT}/Manifest.lock" &gt; /dev/null
if [[ $? != 0 ]] ; then
    cat &lt;&lt; EOM
error: The sandbox is not in sync with the Podfile.lock. Run 'pod install' or update your CocoaPods installation.
EOM
    exit 1
fi
</string>
			<key>showEnvVarsInLog</key>
			<string>1</string>
		</dict>
		<key>6CF83FBA838E418DAB322CA8</key>
		<dict>
			<key>buildActionMask</key>
			<string>2147483647</string>
			<key>files</key>
			<array/>
			<key>inputPaths</key>
			<array/>
			<key>isa</key>
			<string>PBXShellScriptBuildPhase</string>
			<key>name</key>
			<string>Copy Pods Resources</string>
			<key>outputPaths</key>
			<array/>
			<key>runOnlyForDeploymentPostprocessing</key>
			<string>0</string>
			<key>shellPath</key>
			<string>/bin/sh</string>
			<key>shellScript</key>
			<string>"${SRCROOT}/Pods/Pods-resources.sh"
</string>
			<key>showEnvVarsInLog</key>
			<string>1</string>
		</dict>
		<key>702D6ADA80D343D9A6D2320F</key>
		<dict>
			<key>buildActionMask</key>
			<string>2147483647</string>
			<key>files</key>
			<array/>
			<key>inputPaths</key>
			<array/>
			<key>isa</key>
			<string>PBXShellScriptBuildPhase</string>
			<key>name</key>
			<string>Copy Pods Resources</string>
			<key>outputPaths</key>
			<array/>
			<key>runOnlyForDeploymentPostprocessing</key>
			<string>0</string>
			<key>shellPath</key>
			<string>/bin/sh</string>
			<key>shellScript</key>
			<string>"${SRCROOT}/Pods/Pods-resources.sh"
</string>
		</dict>
		<key>753CAA444B594B60B8364D8D</key>
		<dict>
			<key>buildActionMask</key>
			<string>2147483647</string>
			<key>files</key>
			<array/>
			<key>inputPaths</key>
			<array/>
			<key>isa</key>
			<string>PBXShellScriptBuildPhase</string>
			<key>name</key>
			<string>Check Pods Manifest.lock</string>
			<key>outputPaths</key>
			<array/>
			<key>runOnlyForDeploymentPostprocessing</key>
			<string>0</string>
			<key>shellPath</key>
			<string>/bin/sh</string>
			<key>shellScript</key>
			<string>diff "${PODS_ROOT}/../Podfile.lock" "${PODS_ROOT}/Manifest.lock" &gt; /dev/null
if [[ $? != 0 ]] ; then
    cat &lt;&lt; EOM
error: The sandbox is not in sync with the Podfile.lock. Run 'pod install' or update your CocoaPods installation.
EOM
    exit 1
fi
</string>
		</dict>
		<key>7D31D978B22B4099BFBE992B</key>
		<dict>
			<key>buildActionMask</key>
			<string>2147483647</string>
			<key>files</key>
			<array/>
			<key>inputPaths</key>
			<array/>
			<key>isa</key>
			<string>PBXShellScriptBuildPhase</string>
			<key>name</key>
			<string>Check Pods Manifest.lock</string>
			<key>outputPaths</key>
			<array/>
			<key>runOnlyForDeploymentPostprocessing</key>
			<string>0</string>
			<key>shellPath</key>
			<string>/bin/sh</string>
			<key>shellScript</key>
			<string>diff "${PODS_ROOT}/../Podfile.lock" "${PODS_ROOT}/Manifest.lock" &gt; /dev/null
if [[ $? != 0 ]] ; then
    cat &lt;&lt; EOM
error: The sandbox is not in sync with the Podfile.lock. Run 'pod install' or update your CocoaPods installation.
EOM
    exit 1
fi
</string>
		</dict>
		<key>7E2342C1FD0949B083FF8FF6</key>
		<dict>
			<key>buildActionMask</key>
			<string>2147483647</string>
			<key>files</key>
			<array/>
			<key>inputPaths</key>
			<array/>
			<key>isa</key>
			<string>PBXShellScriptBuildPhase</string>
			<key>name</key>
			<string>Copy Pods Resources</string>
			<key>outputPaths</key>
			<array/>
			<key>runOnlyForDeploymentPostprocessing</key>
			<string>0</string>
			<key>shellPath</key>
			<string>/bin/sh</string>
			<key>shellScript</key>
			<string>"${SRCROOT}/Pods/Pods-resources.sh"
</string>
		</dict>
		<key>7EC78669A07E4236A3827B04</key>
		<dict>
			<key>buildActionMask</key>
			<string>2147483647</string>
			<key>files</key>
			<array/>
			<key>inputPaths</key>
			<array/>
			<key>isa</key>
			<string>PBXShellScriptBuildPhase</string>
			<key>name</key>
			<string>Copy Pods Resources</string>
			<key>outputPaths</key>
			<array/>
			<key>runOnlyForDeploymentPostprocessing</key>
			<string>0</string>
			<key>shellPath</key>
			<string>/bin/sh</string>
			<key>shellScript</key>
			<string>"${SRCROOT}/Pods/Pods-resources.sh"
</string>
		</dict>
		<key>9163863AEFC344968983A568</key>
		<dict>
			<key>buildActionMask</key>
			<string>2147483647</string>
			<key>files</key>
			<array/>
			<key>inputPaths</key>
			<array/>
			<key>isa</key>
			<string>PBXShellScriptBuildPhase</string>
			<key>name</key>
			<string>Check Pods Manifest.lock</string>
			<key>outputPaths</key>
			<array/>
			<key>runOnlyForDeploymentPostprocessing</key>
			<string>0</string>
			<key>shellPath</key>
			<string>/bin/sh</string>
			<key>shellScript</key>
			<string>diff "${PODS_ROOT}/../Podfile.lock" "${PODS_ROOT}/Manifest.lock" &gt; /dev/null
if [[ $? != 0 ]] ; then
    cat &lt;&lt; EOM
error: The sandbox is not in sync with the Podfile.lock. Run 'pod install' or update your CocoaPods installation.
EOM
    exit 1
fi
</string>
		</dict>
		<key>99214348A4BB48E9987F4AA8</key>
		<dict>
			<key>buildActionMask</key>
			<string>2147483647</string>
			<key>files</key>
			<array/>
			<key>inputPaths</key>
			<array/>
			<key>isa</key>
			<string>PBXShellScriptBuildPhase</string>
			<key>name</key>
			<string>Check Pods Manifest.lock</string>
			<key>outputPaths</key>
			<array/>
			<key>runOnlyForDeploymentPostprocessing</key>
			<string>0</string>
			<key>shellPath</key>
			<string>/bin/sh</string>
			<key>shellScript</key>
			<string>diff "${PODS_ROOT}/../Podfile.lock" "${PODS_ROOT}/Manifest.lock" &gt; /dev/null
if [[ $? != 0 ]] ; then
    cat &lt;&lt; EOM
error: The sandbox is not in sync with the Podfile.lock. Run 'pod install' or update your CocoaPods installation.
EOM
    exit 1
fi
</string>
		</dict>
		<key>AFE0AADDE4A84315B04CA138</key>
		<dict>
			<key>explicitFileType</key>
			<string>archive.ar</string>
			<key>includeInIndex</key>
			<string>0</string>
			<key>isa</key>
			<string>PBXFileReference</string>
			<key>name</key>
			<string>libPods.a</string>
			<key>path</key>
			<string>libPods.a</string>
			<key>sourceTree</key>
			<string>BUILT_PRODUCTS_DIR</string>
		</dict>
		<key>C561D85885364BCDA0442A1A</key>
		<dict>
			<key>buildActionMask</key>
			<string>2147483647</string>
			<key>files</key>
			<array/>
			<key>inputPaths</key>
			<array/>
			<key>isa</key>
			<string>PBXShellScriptBuildPhase</string>
			<key>name</key>
			<string>Copy Pods Resources</string>
			<key>outputPaths</key>
			<array/>
			<key>runOnlyForDeploymentPostprocessing</key>
			<string>0</string>
			<key>shellPath</key>
			<string>/bin/sh</string>
			<key>shellScript</key>
			<string>"${SRCROOT}/Pods/Pods-resources.sh"
</string>
		</dict>
		<key>C8A3365EE1354E769CDB7249</key>
		<dict>
			<key>buildActionMask</key>
			<string>2147483647</string>
			<key>files</key>
			<array/>
			<key>inputPaths</key>
			<array/>
			<key>isa</key>
			<string>PBXShellScriptBuildPhase</string>
			<key>name</key>
			<string>Copy Pods Resources</string>
			<key>outputPaths</key>
			<array/>
			<key>runOnlyForDeploymentPostprocessing</key>
			<string>0</string>
			<key>shellPath</key>
			<string>/bin/sh</string>
			<key>shellScript</key>
			<string>"${SRCROOT}/Pods/Pods-resources.sh"
</string>
		</dict>
		<key>D2D73A937FC34085A2073288</key>
		<dict>
			<key>buildActionMask</key>
			<string>2147483647</string>
			<key>files</key>
			<array/>
			<key>inputPaths</key>
			<array/>
			<key>isa</key>
			<string>PBXShellScriptBuildPhase</string>
			<key>name</key>
			<string>Copy Pods Resources</string>
			<key>outputPaths</key>
			<array/>
			<key>runOnlyForDeploymentPostprocessing</key>
			<string>0</string>
			<key>shellPath</key>
			<string>/bin/sh</string>
			<key>shellScript</key>
			<string>"${SRCROOT}/Pods/Pods-resources.sh"
</string>
		</dict>
		<key>E0E477B930004A02935EB2EC</key>
		<dict>
			<key>fileRef</key>
			<string>AFE0AADDE4A84315B04CA138</string>
			<key>isa</key>
			<string>PBXBuildFile</string>
			<key>settings</key>
			<dict/>
		</dict>
		<key>E3705E8362054CFF90446BC2</key>
		<dict>
			<key>buildActionMask</key>
			<string>2147483647</string>
			<key>files</key>
			<array/>
			<key>inputPaths</key>
			<array/>
			<key>isa</key>
			<string>PBXShellScriptBuildPhase</string>
			<key>name</key>
			<string>Check Pods Manifest.lock</string>
			<key>outputPaths</key>
			<array/>
			<key>runOnlyForDeploymentPostprocessing</key>
			<string>0</string>
			<key>shellPath</key>
			<string>/bin/sh</string>
			<key>shellScript</key>
			<string>diff "${PODS_ROOT}/../Podfile.lock" "${PODS_ROOT}/Manifest.lock" &gt; /dev/null
if [[ $? != 0 ]] ; then
    cat &lt;&lt; EOM
error: The sandbox is not in sync with the Podfile.lock. Run 'pod install' or update your CocoaPods installation.
EOM
    exit 1
fi
</string>
		</dict>
		<key>FA0D4037176146C00025725F</key>
		<dict>
			<key>children</key>
			<array>
				<string>FA0D4039176146E80025725F</string>
				<string>FA0D403A176146E80025725F</string>
				<string>FA0D403B176146E80025725F</string>
				<string>FA0D403C176146E80025725F</string>
				<string>FA0D403D176146E80025725F</string>
			</array>
			<key>isa</key>
			<string>PBXGroup</string>
			<key>name</key>
			<string>Dummy</string>
			<key>sourceTree</key>
			<string>&lt;group&gt;</string>
		</dict>
		<key>FA0D4039176146E80025725F</key>
		<dict>
			<key>isa</key>
			<string>PBXFileReference</string>
			<key>lastKnownFileType</key>
			<string>image.png</string>
			<key>path</key>
			<string>equipment.png</string>
			<key>sourceTree</key>
			<string>&lt;group&gt;</string>
		</dict>
		<key>FA0D403A176146E80025725F</key>
		<dict>
			<key>isa</key>
			<string>PBXFileReference</string>
			<key>lastKnownFileType</key>
			<string>image.png</string>
			<key>path</key>
			<string>lines.png</string>
			<key>sourceTree</key>
			<string>&lt;group&gt;</string>
		</dict>
		<key>FA0D403B176146E80025725F</key>
		<dict>
			<key>isa</key>
			<string>PBXFileReference</string>
			<key>lastKnownFileType</key>
			<string>image.png</string>
			<key>path</key>
			<string>price.png</string>
			<key>sourceTree</key>
			<string>&lt;group&gt;</string>
		</dict>
		<key>FA0D403C176146E80025725F</key>
		<dict>
			<key>isa</key>
			<string>PBXFileReference</string>
			<key>lastKnownFileType</key>
			<string>image.png</string>
			<key>path</key>
			<string>safety.png</string>
			<key>sourceTree</key>
			<string>&lt;group&gt;</string>
		</dict>
		<key>FA0D403D176146E80025725F</key>
		<dict>
			<key>isa</key>
			<string>PBXFileReference</string>
			<key>lastKnownFileType</key>
			<string>image.png</string>
			<key>path</key>
			<string>technical_details.png</string>
			<key>sourceTree</key>
			<string>&lt;group&gt;</string>
		</dict>
		<key>FA0D403E176146E80025725F</key>
		<dict>
			<key>fileRef</key>
			<string>FA0D4039176146E80025725F</string>
			<key>isa</key>
			<string>PBXBuildFile</string>
		</dict>
		<key>FA0D403F176146E80025725F</key>
		<dict>
			<key>fileRef</key>
			<string>FA0D403A176146E80025725F</string>
			<key>isa</key>
			<string>PBXBuildFile</string>
		</dict>
		<key>FA0D4040176146E80025725F</key>
		<dict>
			<key>fileRef</key>
			<string>FA0D403B176146E80025725F</string>
			<key>isa</key>
			<string>PBXBuildFile</string>
		</dict>
		<key>FA0D4041176146E80025725F</key>
		<dict>
			<key>fileRef</key>
			<string>FA0D403C176146E80025725F</string>
			<key>isa</key>
			<string>PBXBuildFile</string>
		</dict>
		<key>FA0D4042176146E80025725F</key>
		<dict>
			<key>fileRef</key>
			<string>FA0D403D176146E80025725F</string>
			<key>isa</key>
			<string>PBXBuildFile</string>
		</dict>
		<key>FA0D4043176148300025725F</key>
		<dict>
			<key>fileEncoding</key>
			<string>4</string>
			<key>isa</key>
			<string>PBXFileReference</string>
			<key>lastKnownFileType</key>
			<string>sourcecode.c.h</string>
			<key>path</key>
			<string>DummyViewController.h</string>
			<key>sourceTree</key>
			<string>&lt;group&gt;</string>
		</dict>
		<key>FA0D4044176148300025725F</key>
		<dict>
			<key>fileEncoding</key>
			<string>4</string>
			<key>isa</key>
			<string>PBXFileReference</string>
			<key>lastKnownFileType</key>
			<string>sourcecode.c.objc</string>
			<key>path</key>
			<string>DummyViewController.m</string>
			<key>sourceTree</key>
			<string>&lt;group&gt;</string>
		</dict>
		<key>FA0D4045176148300025725F</key>
		<dict>
			<key>fileRef</key>
			<string>FA0D4044176148300025725F</string>
			<key>isa</key>
			<string>PBXBuildFile</string>
		</dict>
		<key>FA144A0D1768EF3900081738</key>
		<dict>
			<key>fileEncoding</key>
			<string>4</string>
			<key>isa</key>
			<string>PBXFileReference</string>
			<key>lastKnownFileType</key>
			<string>sourcecode.c.h</string>
			<key>path</key>
			<string>Faker.h</string>
			<key>sourceTree</key>
			<string>&lt;group&gt;</string>
		</dict>
		<key>FA144A0E1768EF3900081738</key>
		<dict>
			<key>fileEncoding</key>
			<string>4</string>
			<key>isa</key>
			<string>PBXFileReference</string>
			<key>lastKnownFileType</key>
			<string>sourcecode.c.objc</string>
			<key>path</key>
			<string>Faker.m</string>
			<key>sourceTree</key>
			<string>&lt;group&gt;</string>
		</dict>
		<key>FA144A0F1768EF3900081738</key>
		<dict>
			<key>fileRef</key>
			<string>FA144A0E1768EF3900081738</string>
			<key>isa</key>
			<string>PBXBuildFile</string>
		</dict>
		<key>FA144A101768F45C00081738</key>
		<dict>
			<key>fileEncoding</key>
			<string>4</string>
			<key>isa</key>
			<string>PBXFileReference</string>
			<key>lastKnownFileType</key>
			<string>sourcecode.c.h</string>
			<key>path</key>
			<string>NSManagedObject+Util.h</string>
			<key>sourceTree</key>
			<string>&lt;group&gt;</string>
		</dict>
		<key>FA144A111768F45C00081738</key>
		<dict>
			<key>fileEncoding</key>
			<string>4</string>
			<key>isa</key>
			<string>PBXFileReference</string>
			<key>lastKnownFileType</key>
			<string>sourcecode.c.objc</string>
			<key>path</key>
			<string>NSManagedObject+Util.m</string>
			<key>sourceTree</key>
			<string>&lt;group&gt;</string>
		</dict>
		<key>FA144A121768F45C00081738</key>
		<dict>
			<key>fileRef</key>
			<string>FA144A111768F45C00081738</string>
			<key>isa</key>
			<string>PBXBuildFile</string>
		</dict>
		<key>FA2AF9531755A50A001BA8ED</key>
		<dict>
			<key>children</key>
			<array>
				<string>FA2AF9651755A50A001BA8ED</string>
				<string>FA2AF9941755A50B001BA8ED</string>
				<string>FA5A9AE61756FD0600B718C1</string>
				<string>FA5A9AE71756FD0600B718C1</string>
				<string>FA2AF95E1755A50A001BA8ED</string>
				<string>FA2AF95D1755A50A001BA8ED</string>
				<string>39047D878F3A497B970816ED</string>
			</array>
			<key>isa</key>
			<string>PBXGroup</string>
			<key>sourceTree</key>
			<string>&lt;group&gt;</string>
		</dict>
		<key>FA2AF9541755A50A001BA8ED</key>
		<dict>
			<key>attributes</key>
			<dict>
				<key>LastUpgradeCheck</key>
				<string>0460</string>
				<key>ORGANIZATIONNAME</key>
				<string>Alejandro Juarez Robles</string>
			</dict>
			<key>buildConfigurationList</key>
			<string>FA2AF9571755A50A001BA8ED</string>
			<key>compatibilityVersion</key>
			<string>Xcode 3.2</string>
			<key>developmentRegion</key>
			<string>English</string>
			<key>hasScannedForEncodings</key>
			<string>0</string>
			<key>isa</key>
			<string>PBXProject</string>
			<key>knownRegions</key>
			<array>
				<string>en</string>
			</array>
			<key>mainGroup</key>
			<string>FA2AF9531755A50A001BA8ED</string>
			<key>productRefGroup</key>
			<string>FA2AF95D1755A50A001BA8ED</string>
			<key>projectDirPath</key>
			<string></string>
			<key>projectReferences</key>
			<array/>
			<key>projectRoot</key>
			<string></string>
			<key>targets</key>
			<array>
				<string>FA2AF95B1755A50A001BA8ED</string>
				<string>FA2AF98C1755A50B001BA8ED</string>
			</array>
		</dict>
		<key>FA2AF9571755A50A001BA8ED</key>
		<dict>
			<key>buildConfigurations</key>
			<array>
				<string>FA2AF99D1755A50B001BA8ED</string>
				<string>FA2AF99E1755A50B001BA8ED</string>
			</array>
			<key>defaultConfigurationIsVisible</key>
			<string>0</string>
			<key>defaultConfigurationName</key>
			<string>Release</string>
			<key>isa</key>
			<string>XCConfigurationList</string>
		</dict>
		<key>FA2AF9581755A50A001BA8ED</key>
		<dict>
			<key>buildActionMask</key>
			<string>2147483647</string>
			<key>files</key>
			<array>
				<string>FA2AF96C1755A50A001BA8ED</string>
				<string>FA2AF9701755A50A001BA8ED</string>
				<string>FA88C2BB1755B90400603295</string>
				<string>FAD9DA781756B54500293DA4</string>
				<string>FA953D141757027D004F770D</string>
				<string>FA2B058117590313000EBAB1</string>
				<string>FA2B0584175905DD000EBAB1</string>
				<string>FAA37F8117594483005DC530</string>
				<string>FA8B0835175A321300C58E04</string>
				<string>FA8B0839175A397700C58E04</string>
				<string>FA98C5A11760FB4600B64805</string>
				<string>FA98C5A517610B1F00B64805</string>
				<string>FA0D4045176148300025725F</string>
				<string>FACB2DE7176790A300AD3D64</string>
				<string>FA2D91BC1767C65B00E8E716</string>
				<string>FA2D92251767E80A00E8E716</string>
				<string>FA144A0F1768EF3900081738</string>
				<string>FA144A121768F45C00081738</string>
				<string>FAE8225E176A328B00B07A1E</string>
				<string>FAE82262176A328B00B07A1E</string>
				<string>FAE82265176A328B00B07A1E</string>
				<string>FAE82268176A328B00B07A1E</string>
				<string>FAE8226B176A328B00B07A1E</string>
				<string>FAE8226E176A328B00B07A1E</string>
				<string>FAE82271176A328B00B07A1E</string>
				<string>FAE82274176A328B00B07A1E</string>
				<string>FAE82277176A328B00B07A1E</string>
				<string>FAE8227A176A328B00B07A1E</string>
			</array>
			<key>isa</key>
			<string>PBXSourcesBuildPhase</string>
			<key>runOnlyForDeploymentPostprocessing</key>
			<string>0</string>
		</dict>
		<key>FA2AF9591755A50A001BA8ED</key>
		<dict>
			<key>buildActionMask</key>
			<string>2147483647</string>
			<key>files</key>
			<array>
				<string>FA2AF9A61755B3B9001BA8ED</string>
				<string>FA2AF9601755A50A001BA8ED</string>
				<string>FA2AF9621755A50A001BA8ED</string>
				<string>FA2AF9641755A50A001BA8ED</string>
				<string>E0E477B930004A02935EB2EC</string>
			</array>
			<key>isa</key>
			<string>PBXFrameworksBuildPhase</string>
			<key>runOnlyForDeploymentPostprocessing</key>
			<string>0</string>
		</dict>
		<key>FA2AF95A1755A50A001BA8ED</key>
		<dict>
			<key>buildActionMask</key>
			<string>2147483647</string>
			<key>files</key>
			<array>
				<string>FA2AF96A1755A50A001BA8ED</string>
				<string>FA2AF9791755A50A001BA8ED</string>
				<string>FA2AF97E1755A50A001BA8ED</string>
				<string>FA2AF9801755A50B001BA8ED</string>
				<string>FA2AF9851755A50B001BA8ED</string>
				<string>FA2AF9871755A50B001BA8ED</string>
				<string>FADABF4F1755CC490072E8C9</string>
				<string>FADABF501755CC490072E8C9</string>
				<string>FADABF511755CC490072E8C9</string>
				<string>FADABF521755CC490072E8C9</string>
				<string>FADABF531755CC490072E8C9</string>
				<string>FADABF541755CC490072E8C9</string>
				<string>FADABF551755CC490072E8C9</string>
				<string>FADABF561755CC490072E8C9</string>
				<string>FADABF571755CC490072E8C9</string>
				<string>FADABF581755CC490072E8C9</string>
				<string>FADABF591755CC490072E8C9</string>
				<string>FADABF5A1755CC490072E8C9</string>
				<string>FADABF5B1755CC490072E8C9</string>
				<string>FADABF5C1755CC490072E8C9</string>
				<string>FADABF5D1755CC490072E8C9</string>
				<string>FADABF5E1755CC490072E8C9</string>
				<string>FADABF5F1755CC490072E8C9</string>
				<string>FADABF601755CC490072E8C9</string>
				<string>FADABF611755CC490072E8C9</string>
				<string>FADABF621755CC490072E8C9</string>
				<string>FADABF631755CC490072E8C9</string>
				<string>FADABF641755CC490072E8C9</string>
				<string>FADABF651755CC490072E8C9</string>
				<string>FADABF661755CC490072E8C9</string>
				<string>FADABF671755CC490072E8C9</string>
				<string>FADABF681755CC490072E8C9</string>
				<string>FA590727175674B8008F8B78</string>
				<string>FA590728175674B8008F8B78</string>
				<string>FA590729175674B8008F8B78</string>
				<string>FA5A9B081756FD0600B718C1</string>
				<string>FA5A9B091756FD0600B718C1</string>
				<string>FA6EAAF2175E3A5400502168</string>
				<string>FA6EAAF3175E3A5400502168</string>
				<string>FACE6928175E75870009F595</string>
				<string>FACE6929175E75870009F595</string>
				<string>FA0D403E176146E80025725F</string>
				<string>FA0D403F176146E80025725F</string>
				<string>FA0D4040176146E80025725F</string>
				<string>FA0D4041176146E80025725F</string>
				<string>FA0D4042176146E80025725F</string>
			</array>
			<key>isa</key>
			<string>PBXResourcesBuildPhase</string>
			<key>runOnlyForDeploymentPostprocessing</key>
			<string>0</string>
		</dict>
		<key>FA2AF95B1755A50A001BA8ED</key>
		<dict>
			<key>buildConfigurationList</key>
			<string>FA2AF99F1755A50B001BA8ED</string>
			<key>buildPhases</key>
			<array>
				<string>59E4B13375ED44A5816A5D7D</string>
				<string>4625FDA1788E4C9FADA9FB50</string>
				<string>753CAA444B594B60B8364D8D</string>
				<string>E3705E8362054CFF90446BC2</string>
				<string>2B8330BCE45E429F96E0309F</string>
				<string>7D31D978B22B4099BFBE992B</string>
				<string>53774DFE7CAB4928A640B8D6</string>
				<string>1ECA49F1D8114DBE84890535</string>
				<string>99214348A4BB48E9987F4AA8</string>
				<string>9163863AEFC344968983A568</string>
				<string>FA2AF9581755A50A001BA8ED</string>
				<string>FA2AF9591755A50A001BA8ED</string>
				<string>FA2AF95A1755A50A001BA8ED</string>
				<string>702D6ADA80D343D9A6D2320F</string>
				<string>7E2342C1FD0949B083FF8FF6</string>
				<string>D2D73A937FC34085A2073288</string>
				<string>7EC78669A07E4236A3827B04</string>
				<string>C561D85885364BCDA0442A1A</string>
				<string>07EEA42E9E504D3E9B497A89</string>
				<string>54C0B5B4668D4EC1A646900E</string>
				<string>25E206E3C6E1426889E97DA6</string>
				<string>C8A3365EE1354E769CDB7249</string>
				<string>6CF83FBA838E418DAB322CA8</string>
			</array>
			<key>buildRules</key>
			<array/>
			<key>dependencies</key>
			<array/>
			<key>isa</key>
			<string>PBXNativeTarget</string>
			<key>name</key>
			<string>CarSideBySide</string>
			<key>productName</key>
			<string>CarSideBySide</string>
			<key>productReference</key>
			<string>FA2AF95C1755A50A001BA8ED</string>
			<key>productType</key>
			<string>com.apple.product-type.application</string>
		</dict>
		<key>FA2AF95C1755A50A001BA8ED</key>
		<dict>
			<key>explicitFileType</key>
			<string>wrapper.application</string>
			<key>includeInIndex</key>
			<string>0</string>
			<key>isa</key>
			<string>PBXFileReference</string>
			<key>path</key>
			<string>CarSideBySide.app</string>
			<key>sourceTree</key>
			<string>BUILT_PRODUCTS_DIR</string>
		</dict>
		<key>FA2AF95D1755A50A001BA8ED</key>
		<dict>
			<key>children</key>
			<array>
				<string>FA2AF95C1755A50A001BA8ED</string>
				<string>FA2AF98D1755A50B001BA8ED</string>
			</array>
			<key>isa</key>
			<string>PBXGroup</string>
			<key>name</key>
			<string>Products</string>
			<key>sourceTree</key>
			<string>&lt;group&gt;</string>
		</dict>
		<key>FA2AF95E1755A50A001BA8ED</key>
		<dict>
			<key>children</key>
			<array>
				<string>FA2AF9A51755B3B9001BA8ED</string>
				<string>FA2AF95F1755A50A001BA8ED</string>
				<string>FA2AF9611755A50A001BA8ED</string>
				<string>FA2AF9631755A50A001BA8ED</string>
				<string>FA2AF98E1755A50B001BA8ED</string>
				<string>AFE0AADDE4A84315B04CA138</string>
			</array>
			<key>isa</key>
			<string>PBXGroup</string>
			<key>name</key>
			<string>Frameworks</string>
			<key>sourceTree</key>
			<string>&lt;group&gt;</string>
		</dict>
		<key>FA2AF95F1755A50A001BA8ED</key>
		<dict>
			<key>isa</key>
			<string>PBXFileReference</string>
			<key>lastKnownFileType</key>
			<string>wrapper.framework</string>
			<key>name</key>
			<string>UIKit.framework</string>
			<key>path</key>
			<string>System/Library/Frameworks/UIKit.framework</string>
			<key>sourceTree</key>
			<string>SDKROOT</string>
		</dict>
		<key>FA2AF9601755A50A001BA8ED</key>
		<dict>
			<key>fileRef</key>
			<string>FA2AF95F1755A50A001BA8ED</string>
			<key>isa</key>
			<string>PBXBuildFile</string>
		</dict>
		<key>FA2AF9611755A50A001BA8ED</key>
		<dict>
			<key>isa</key>
			<string>PBXFileReference</string>
			<key>lastKnownFileType</key>
			<string>wrapper.framework</string>
			<key>name</key>
			<string>Foundation.framework</string>
			<key>path</key>
			<string>System/Library/Frameworks/Foundation.framework</string>
			<key>sourceTree</key>
			<string>SDKROOT</string>
		</dict>
		<key>FA2AF9621755A50A001BA8ED</key>
		<dict>
			<key>fileRef</key>
			<string>FA2AF9611755A50A001BA8ED</string>
			<key>isa</key>
			<string>PBXBuildFile</string>
		</dict>
		<key>FA2AF9631755A50A001BA8ED</key>
		<dict>
			<key>isa</key>
			<string>PBXFileReference</string>
			<key>lastKnownFileType</key>
			<string>wrapper.framework</string>
			<key>name</key>
			<string>CoreGraphics.framework</string>
			<key>path</key>
			<string>System/Library/Frameworks/CoreGraphics.framework</string>
			<key>sourceTree</key>
			<string>SDKROOT</string>
		</dict>
		<key>FA2AF9641755A50A001BA8ED</key>
		<dict>
			<key>fileRef</key>
			<string>FA2AF9631755A50A001BA8ED</string>
			<key>isa</key>
			<string>PBXBuildFile</string>
		</dict>
		<key>FA2AF9651755A50A001BA8ED</key>
		<dict>
			<key>children</key>
			<array>
				<string>FACB2DE3176783D800AD3D64</string>
				<string>FA2AF9A71755B41C001BA8ED</string>
				<string>FA2AF96E1755A50A001BA8ED</string>
				<string>FA2AF96F1755A50A001BA8ED</string>
				<string>FA2AF9771755A50A001BA8ED</string>
				<string>FA0D4043176148300025725F</string>
				<string>FA0D4044176148300025725F</string>
				<string>FA98C5A317610B1F00B64805</string>
				<string>FA98C5A417610B1F00B64805</string>
				<string>FA8B0837175A397700C58E04</string>
				<string>FA8B0838175A397700C58E04</string>
				<string>FA8B0833175A321300C58E04</string>
				<string>FA8B0834175A321300C58E04</string>
				<string>FA98C59F1760FB4600B64805</string>
				<string>FA98C5A01760FB4600B64805</string>
				<string>FAA37F7F17594483005DC530</string>
				<string>FAA37F8017594483005DC530</string>
				<string>FA2B057F17590313000EBAB1</string>
				<string>FA2B058017590313000EBAB1</string>
				<string>FAD9DA761756B54500293DA4</string>
				<string>FAD9DA771756B54500293DA4</string>
				<string>FA953D121757027D004F770D</string>
				<string>FA953D131757027D004F770D</string>
				<string>FA2B0582175905DD000EBAB1</string>
				<string>FA2B0583175905DD000EBAB1</string>
				<string>FA2AF97D1755A50A001BA8ED</string>
				<string>FA2AF97F1755A50B001BA8ED</string>
				<string>FA2AF9841755A50B001BA8ED</string>
				<string>FA2AF9861755A50B001BA8ED</string>
				<string>FA2AF9661755A50A001BA8ED</string>
				<string>FA2D91BA1767C65B00E8E716</string>
				<string>FA2D91BB1767C65B00E8E716</string>
				<string>FA144A101768F45C00081738</string>
				<string>FA144A111768F45C00081738</string>
			</array>
			<key>isa</key>
			<string>PBXGroup</string>
			<key>path</key>
			<string>CarSideBySide</string>
			<key>sourceTree</key>
			<string>&lt;group&gt;</string>
		</dict>
		<key>FA2AF9661755A50A001BA8ED</key>
		<dict>
			<key>children</key>
			<array>
				<string>FACE6926175E75870009F595</string>
				<string>FACE6927175E75870009F595</string>
				<string>FA6EAAEE175E3A5400502168</string>
				<string>FA6EAAEF175E3A5400502168</string>
				<string>FADABF341755CC1B0072E8C9</string>
				<string>FA2AF9671755A50A001BA8ED</string>
				<string>FA2AF9681755A50A001BA8ED</string>
				<string>FA2AF96B1755A50A001BA8ED</string>
				<string>FA2AF96D1755A50A001BA8ED</string>
			</array>
			<key>isa</key>
			<string>PBXGroup</string>
			<key>name</key>
			<string>Supporting Files</string>
			<key>sourceTree</key>
			<string>&lt;group&gt;</string>
		</dict>
		<key>FA2AF9671755A50A001BA8ED</key>
		<dict>
			<key>isa</key>
			<string>PBXFileReference</string>
			<key>lastKnownFileType</key>
			<string>text.plist.xml</string>
			<key>path</key>
			<string>CarSideBySide-Info.plist</string>
			<key>sourceTree</key>
			<string>&lt;group&gt;</string>
		</dict>
		<key>FA2AF9681755A50A001BA8ED</key>
		<dict>
			<key>children</key>
			<array>
				<string>FA2AF9691755A50A001BA8ED</string>
			</array>
			<key>isa</key>
			<string>PBXVariantGroup</string>
			<key>name</key>
			<string>InfoPlist.strings</string>
			<key>sourceTree</key>
			<string>&lt;group&gt;</string>
		</dict>
		<key>FA2AF9691755A50A001BA8ED</key>
		<dict>
			<key>isa</key>
			<string>PBXFileReference</string>
			<key>lastKnownFileType</key>
			<string>text.plist.strings</string>
			<key>name</key>
			<string>en</string>
			<key>path</key>
			<string>en.lproj/InfoPlist.strings</string>
			<key>sourceTree</key>
			<string>&lt;group&gt;</string>
		</dict>
		<key>FA2AF96A1755A50A001BA8ED</key>
		<dict>
			<key>fileRef</key>
			<string>FA2AF9681755A50A001BA8ED</string>
			<key>isa</key>
			<string>PBXBuildFile</string>
		</dict>
		<key>FA2AF96B1755A50A001BA8ED</key>
		<dict>
			<key>isa</key>
			<string>PBXFileReference</string>
			<key>lastKnownFileType</key>
			<string>sourcecode.c.objc</string>
			<key>path</key>
			<string>main.m</string>
			<key>sourceTree</key>
			<string>&lt;group&gt;</string>
		</dict>
		<key>FA2AF96C1755A50A001BA8ED</key>
		<dict>
			<key>fileRef</key>
			<string>FA2AF96B1755A50A001BA8ED</string>
			<key>isa</key>
			<string>PBXBuildFile</string>
		</dict>
		<key>FA2AF96D1755A50A001BA8ED</key>
		<dict>
			<key>isa</key>
			<string>PBXFileReference</string>
			<key>lastKnownFileType</key>
			<string>sourcecode.c.h</string>
			<key>path</key>
			<string>CarSideBySide-Prefix.pch</string>
			<key>sourceTree</key>
			<string>&lt;group&gt;</string>
		</dict>
		<key>FA2AF96E1755A50A001BA8ED</key>
		<dict>
			<key>isa</key>
			<string>PBXFileReference</string>
			<key>lastKnownFileType</key>
			<string>sourcecode.c.h</string>
			<key>path</key>
			<string>AppDelegate.h</string>
			<key>sourceTree</key>
			<string>&lt;group&gt;</string>
		</dict>
		<key>FA2AF96F1755A50A001BA8ED</key>
		<dict>
			<key>isa</key>
			<string>PBXFileReference</string>
			<key>lastKnownFileType</key>
			<string>sourcecode.c.objc</string>
			<key>path</key>
			<string>AppDelegate.m</string>
			<key>sourceTree</key>
			<string>&lt;group&gt;</string>
		</dict>
		<key>FA2AF9701755A50A001BA8ED</key>
		<dict>
			<key>fileRef</key>
			<string>FA2AF96F1755A50A001BA8ED</string>
			<key>isa</key>
			<string>PBXBuildFile</string>
		</dict>
		<key>FA2AF9771755A50A001BA8ED</key>
		<dict>
			<key>children</key>
			<array>
				<string>FA2AF9781755A50A001BA8ED</string>
			</array>
			<key>isa</key>
			<string>PBXVariantGroup</string>
			<key>name</key>
			<string>MainStoryboard.storyboard</string>
			<key>sourceTree</key>
			<string>&lt;group&gt;</string>
		</dict>
		<key>FA2AF9781755A50A001BA8ED</key>
		<dict>
			<key>isa</key>
			<string>PBXFileReference</string>
			<key>lastKnownFileType</key>
			<string>file.storyboard</string>
			<key>name</key>
			<string>en</string>
			<key>path</key>
			<string>en.lproj/MainStoryboard.storyboard</string>
			<key>sourceTree</key>
			<string>&lt;group&gt;</string>
		</dict>
		<key>FA2AF9791755A50A001BA8ED</key>
		<dict>
			<key>fileRef</key>
			<string>FA2AF9771755A50A001BA8ED</string>
			<key>isa</key>
			<string>PBXBuildFile</string>
		</dict>
		<key>FA2AF97D1755A50A001BA8ED</key>
		<dict>
			<key>isa</key>
			<string>PBXFileReference</string>
			<key>lastKnownFileType</key>
			<string>image.png</string>
			<key>path</key>
			<string>first.png</string>
			<key>sourceTree</key>
			<string>&lt;group&gt;</string>
		</dict>
		<key>FA2AF97E1755A50A001BA8ED</key>
		<dict>
			<key>fileRef</key>
			<string>FA2AF97D1755A50A001BA8ED</string>
			<key>isa</key>
			<string>PBXBuildFile</string>
		</dict>
		<key>FA2AF97F1755A50B001BA8ED</key>
		<dict>
			<key>isa</key>
			<string>PBXFileReference</string>
			<key>lastKnownFileType</key>
			<string>image.png</string>
			<key>path</key>
			<string>first@2x.png</string>
			<key>sourceTree</key>
			<string>&lt;group&gt;</string>
		</dict>
		<key>FA2AF9801755A50B001BA8ED</key>
		<dict>
			<key>fileRef</key>
			<string>FA2AF97F1755A50B001BA8ED</string>
			<key>isa</key>
			<string>PBXBuildFile</string>
		</dict>
		<key>FA2AF9841755A50B001BA8ED</key>
		<dict>
			<key>isa</key>
			<string>PBXFileReference</string>
			<key>lastKnownFileType</key>
			<string>image.png</string>
			<key>path</key>
			<string>second.png</string>
			<key>sourceTree</key>
			<string>&lt;group&gt;</string>
		</dict>
		<key>FA2AF9851755A50B001BA8ED</key>
		<dict>
			<key>fileRef</key>
			<string>FA2AF9841755A50B001BA8ED</string>
			<key>isa</key>
			<string>PBXBuildFile</string>
		</dict>
		<key>FA2AF9861755A50B001BA8ED</key>
		<dict>
			<key>isa</key>
			<string>PBXFileReference</string>
			<key>lastKnownFileType</key>
			<string>image.png</string>
			<key>path</key>
			<string>second@2x.png</string>
			<key>sourceTree</key>
			<string>&lt;group&gt;</string>
		</dict>
		<key>FA2AF9871755A50B001BA8ED</key>
		<dict>
			<key>fileRef</key>
			<string>FA2AF9861755A50B001BA8ED</string>
			<key>isa</key>
			<string>PBXBuildFile</string>
		</dict>
		<key>FA2AF9881755A50B001BA8ED</key>
		<dict>
			<key>buildActionMask</key>
			<string>2147483647</string>
			<key>files</key>
			<array>
				<string>FA2AF99C1755A50B001BA8ED</string>
			</array>
			<key>isa</key>
			<string>PBXSourcesBuildPhase</string>
			<key>runOnlyForDeploymentPostprocessing</key>
			<string>0</string>
		</dict>
		<key>FA2AF9891755A50B001BA8ED</key>
		<dict>
			<key>buildActionMask</key>
			<string>2147483647</string>
			<key>files</key>
			<array>
				<string>FA2AF98F1755A50B001BA8ED</string>
				<string>FA2AF9901755A50B001BA8ED</string>
				<string>FA2AF9911755A50B001BA8ED</string>
			</array>
			<key>isa</key>
			<string>PBXFrameworksBuildPhase</string>
			<key>runOnlyForDeploymentPostprocessing</key>
			<string>0</string>
		</dict>
		<key>FA2AF98A1755A50B001BA8ED</key>
		<dict>
			<key>buildActionMask</key>
			<string>2147483647</string>
			<key>files</key>
			<array>
				<string>FA2AF9991755A50B001BA8ED</string>
			</array>
			<key>isa</key>
			<string>PBXResourcesBuildPhase</string>
			<key>runOnlyForDeploymentPostprocessing</key>
			<string>0</string>
		</dict>
		<key>FA2AF98B1755A50B001BA8ED</key>
		<dict>
			<key>buildActionMask</key>
			<string>2147483647</string>
			<key>files</key>
			<array/>
			<key>inputPaths</key>
			<array/>
			<key>isa</key>
			<string>PBXShellScriptBuildPhase</string>
			<key>outputPaths</key>
			<array/>
			<key>runOnlyForDeploymentPostprocessing</key>
			<string>0</string>
			<key>shellPath</key>
			<string>/bin/sh</string>
			<key>shellScript</key>
			<string># Run the unit tests in this test bundle.
"${SYSTEM_DEVELOPER_DIR}/Tools/RunUnitTests"
</string>
		</dict>
		<key>FA2AF98C1755A50B001BA8ED</key>
		<dict>
			<key>buildConfigurationList</key>
			<string>FA2AF9A21755A50B001BA8ED</string>
			<key>buildPhases</key>
			<array>
				<string>FA2AF9881755A50B001BA8ED</string>
				<string>FA2AF9891755A50B001BA8ED</string>
				<string>FA2AF98A1755A50B001BA8ED</string>
				<string>FA2AF98B1755A50B001BA8ED</string>
			</array>
			<key>buildRules</key>
			<array/>
			<key>dependencies</key>
			<array>
				<string>FA2AF9931755A50B001BA8ED</string>
			</array>
			<key>isa</key>
			<string>PBXNativeTarget</string>
			<key>name</key>
			<string>CarSideBySideTests</string>
			<key>productName</key>
			<string>CarSideBySideTests</string>
			<key>productReference</key>
			<string>FA2AF98D1755A50B001BA8ED</string>
			<key>productType</key>
			<string>com.apple.product-type.bundle</string>
		</dict>
		<key>FA2AF98D1755A50B001BA8ED</key>
		<dict>
			<key>explicitFileType</key>
			<string>wrapper.cfbundle</string>
			<key>includeInIndex</key>
			<string>0</string>
			<key>isa</key>
			<string>PBXFileReference</string>
			<key>path</key>
			<string>CarSideBySideTests.octest</string>
			<key>sourceTree</key>
			<string>BUILT_PRODUCTS_DIR</string>
		</dict>
		<key>FA2AF98E1755A50B001BA8ED</key>
		<dict>
			<key>isa</key>
			<string>PBXFileReference</string>
			<key>lastKnownFileType</key>
			<string>wrapper.framework</string>
			<key>name</key>
			<string>SenTestingKit.framework</string>
			<key>path</key>
			<string>Library/Frameworks/SenTestingKit.framework</string>
			<key>sourceTree</key>
			<string>DEVELOPER_DIR</string>
		</dict>
		<key>FA2AF98F1755A50B001BA8ED</key>
		<dict>
			<key>fileRef</key>
			<string>FA2AF98E1755A50B001BA8ED</string>
			<key>isa</key>
			<string>PBXBuildFile</string>
		</dict>
		<key>FA2AF9901755A50B001BA8ED</key>
		<dict>
			<key>fileRef</key>
			<string>FA2AF95F1755A50A001BA8ED</string>
			<key>isa</key>
			<string>PBXBuildFile</string>
		</dict>
		<key>FA2AF9911755A50B001BA8ED</key>
		<dict>
			<key>fileRef</key>
			<string>FA2AF9611755A50A001BA8ED</string>
			<key>isa</key>
			<string>PBXBuildFile</string>
		</dict>
		<key>FA2AF9921755A50B001BA8ED</key>
		<dict>
			<key>containerPortal</key>
			<string>FA2AF9541755A50A001BA8ED</string>
			<key>isa</key>
			<string>PBXContainerItemProxy</string>
			<key>proxyType</key>
			<string>1</string>
			<key>remoteGlobalIDString</key>
			<string>FA2AF95B1755A50A001BA8ED</string>
			<key>remoteInfo</key>
			<string>CarSideBySide</string>
		</dict>
		<key>FA2AF9931755A50B001BA8ED</key>
		<dict>
			<key>isa</key>
			<string>PBXTargetDependency</string>
			<key>target</key>
			<string>FA2AF95B1755A50A001BA8ED</string>
			<key>targetProxy</key>
			<string>FA2AF9921755A50B001BA8ED</string>
		</dict>
		<key>FA2AF9941755A50B001BA8ED</key>
		<dict>
			<key>children</key>
			<array>
				<string>FA2AF99A1755A50B001BA8ED</string>
				<string>FA2AF99B1755A50B001BA8ED</string>
				<string>FA2AF9951755A50B001BA8ED</string>
			</array>
			<key>isa</key>
			<string>PBXGroup</string>
			<key>path</key>
			<string>CarSideBySideTests</string>
			<key>sourceTree</key>
			<string>&lt;group&gt;</string>
		</dict>
		<key>FA2AF9951755A50B001BA8ED</key>
		<dict>
			<key>children</key>
			<array>
				<string>FA2AF9961755A50B001BA8ED</string>
				<string>FA2AF9971755A50B001BA8ED</string>
			</array>
			<key>isa</key>
			<string>PBXGroup</string>
			<key>name</key>
			<string>Supporting Files</string>
			<key>sourceTree</key>
			<string>&lt;group&gt;</string>
		</dict>
		<key>FA2AF9961755A50B001BA8ED</key>
		<dict>
			<key>isa</key>
			<string>PBXFileReference</string>
			<key>lastKnownFileType</key>
			<string>text.plist.xml</string>
			<key>path</key>
			<string>CarSideBySideTests-Info.plist</string>
			<key>sourceTree</key>
			<string>&lt;group&gt;</string>
		</dict>
		<key>FA2AF9971755A50B001BA8ED</key>
		<dict>
			<key>children</key>
			<array>
				<string>FA2AF9981755A50B001BA8ED</string>
			</array>
			<key>isa</key>
			<string>PBXVariantGroup</string>
			<key>name</key>
			<string>InfoPlist.strings</string>
			<key>sourceTree</key>
			<string>&lt;group&gt;</string>
		</dict>
		<key>FA2AF9981755A50B001BA8ED</key>
		<dict>
			<key>isa</key>
			<string>PBXFileReference</string>
			<key>lastKnownFileType</key>
			<string>text.plist.strings</string>
			<key>name</key>
			<string>en</string>
			<key>path</key>
			<string>en.lproj/InfoPlist.strings</string>
			<key>sourceTree</key>
			<string>&lt;group&gt;</string>
		</dict>
		<key>FA2AF9991755A50B001BA8ED</key>
		<dict>
			<key>fileRef</key>
			<string>FA2AF9971755A50B001BA8ED</string>
			<key>isa</key>
			<string>PBXBuildFile</string>
		</dict>
		<key>FA2AF99A1755A50B001BA8ED</key>
		<dict>
			<key>isa</key>
			<string>PBXFileReference</string>
			<key>lastKnownFileType</key>
			<string>sourcecode.c.h</string>
			<key>path</key>
			<string>CarSideBySideTests.h</string>
			<key>sourceTree</key>
			<string>&lt;group&gt;</string>
		</dict>
		<key>FA2AF99B1755A50B001BA8ED</key>
		<dict>
			<key>isa</key>
			<string>PBXFileReference</string>
			<key>lastKnownFileType</key>
			<string>sourcecode.c.objc</string>
			<key>path</key>
			<string>CarSideBySideTests.m</string>
			<key>sourceTree</key>
			<string>&lt;group&gt;</string>
		</dict>
		<key>FA2AF99C1755A50B001BA8ED</key>
		<dict>
			<key>fileRef</key>
			<string>FA2AF99B1755A50B001BA8ED</string>
			<key>isa</key>
			<string>PBXBuildFile</string>
		</dict>
		<key>FA2AF99D1755A50B001BA8ED</key>
		<dict>
			<key>buildSettings</key>
			<dict>
				<key>ALWAYS_SEARCH_USER_PATHS</key>
				<string>NO</string>
				<key>CLANG_CXX_LANGUAGE_STANDARD</key>
				<string>gnu++0x</string>
				<key>CLANG_CXX_LIBRARY</key>
				<string>libc++</string>
				<key>CLANG_ENABLE_OBJC_ARC</key>
				<string>YES</string>
				<key>CLANG_WARN_CONSTANT_CONVERSION</key>
				<string>YES</string>
				<key>CLANG_WARN_EMPTY_BODY</key>
				<string>YES</string>
				<key>CLANG_WARN_ENUM_CONVERSION</key>
				<string>YES</string>
				<key>CLANG_WARN_INT_CONVERSION</key>
				<string>YES</string>
				<key>CLANG_WARN__DUPLICATE_METHOD_MATCH</key>
				<string>YES</string>
				<key>COPY_PHASE_STRIP</key>
				<string>NO</string>
				<key>GCC_C_LANGUAGE_STANDARD</key>
				<string>gnu99</string>
				<key>GCC_DYNAMIC_NO_PIC</key>
				<string>NO</string>
				<key>GCC_OPTIMIZATION_LEVEL</key>
				<string>0</string>
				<key>GCC_PREPROCESSOR_DEFINITIONS</key>
				<array>
					<string>DEBUG=1</string>
					<string>$(inherited)</string>
				</array>
				<key>GCC_SYMBOLS_PRIVATE_EXTERN</key>
				<string>NO</string>
				<key>GCC_WARN_ABOUT_RETURN_TYPE</key>
				<string>YES</string>
				<key>GCC_WARN_UNINITIALIZED_AUTOS</key>
				<string>YES</string>
				<key>GCC_WARN_UNUSED_VARIABLE</key>
				<string>YES</string>
				<key>IPHONEOS_DEPLOYMENT_TARGET</key>
				<string>6.1</string>
				<key>New_Setting</key>
				<string></string>
				<key>ONLY_ACTIVE_ARCH</key>
				<string>YES</string>
				<key>SDKROOT</key>
				<string>iphoneos</string>
				<key>TARGETED_DEVICE_FAMILY</key>
				<string>2</string>
			</dict>
			<key>isa</key>
			<string>XCBuildConfiguration</string>
			<key>name</key>
			<string>Debug</string>
		</dict>
		<key>FA2AF99E1755A50B001BA8ED</key>
		<dict>
			<key>buildSettings</key>
			<dict>
				<key>ALWAYS_SEARCH_USER_PATHS</key>
				<string>NO</string>
				<key>CLANG_CXX_LANGUAGE_STANDARD</key>
				<string>gnu++0x</string>
				<key>CLANG_CXX_LIBRARY</key>
				<string>libc++</string>
				<key>CLANG_ENABLE_OBJC_ARC</key>
				<string>YES</string>
				<key>CLANG_WARN_CONSTANT_CONVERSION</key>
				<string>YES</string>
				<key>CLANG_WARN_EMPTY_BODY</key>
				<string>YES</string>
				<key>CLANG_WARN_ENUM_CONVERSION</key>
				<string>YES</string>
				<key>CLANG_WARN_INT_CONVERSION</key>
				<string>YES</string>
				<key>CLANG_WARN__DUPLICATE_METHOD_MATCH</key>
				<string>YES</string>
				<key>COPY_PHASE_STRIP</key>
				<string>YES</string>
				<key>GCC_C_LANGUAGE_STANDARD</key>
				<string>gnu99</string>
				<key>GCC_WARN_ABOUT_RETURN_TYPE</key>
				<string>YES</string>
				<key>GCC_WARN_UNINITIALIZED_AUTOS</key>
				<string>YES</string>
				<key>GCC_WARN_UNUSED_VARIABLE</key>
				<string>YES</string>
				<key>IPHONEOS_DEPLOYMENT_TARGET</key>
				<string>6.1</string>
				<key>New_Setting</key>
				<string></string>
				<key>OTHER_CFLAGS</key>
				<string>-DNS_BLOCK_ASSERTIONS=1</string>
				<key>SDKROOT</key>
				<string>iphoneos</string>
				<key>TARGETED_DEVICE_FAMILY</key>
				<string>2</string>
				<key>VALIDATE_PRODUCT</key>
				<string>YES</string>
			</dict>
			<key>isa</key>
			<string>XCBuildConfiguration</string>
			<key>name</key>
			<string>Release</string>
		</dict>
		<key>FA2AF99F1755A50B001BA8ED</key>
		<dict>
			<key>buildConfigurations</key>
			<array>
				<string>FA2AF9A01755A50B001BA8ED</string>
				<string>FA2AF9A11755A50B001BA8ED</string>
			</array>
			<key>defaultConfigurationIsVisible</key>
			<string>0</string>
			<key>defaultConfigurationName</key>
			<string>Release</string>
			<key>isa</key>
			<string>XCConfigurationList</string>
		</dict>
		<key>FA2AF9A01755A50B001BA8ED</key>
		<dict>
			<key>baseConfigurationReference</key>
			<string>39047D878F3A497B970816ED</string>
			<key>buildSettings</key>
			<dict>
				<key>GCC_PRECOMPILE_PREFIX_HEADER</key>
				<string>YES</string>
				<key>GCC_PREFIX_HEADER</key>
				<string>CarSideBySide/CarSideBySide-Prefix.pch</string>
				<key>INFOPLIST_FILE</key>
				<string>CarSideBySide/CarSideBySide-Info.plist</string>
				<key>IPHONEOS_DEPLOYMENT_TARGET</key>
				<string>6.1</string>
				<key>PRODUCT_NAME</key>
				<string>$(TARGET_NAME)</string>
				<key>WRAPPER_EXTENSION</key>
				<string>app</string>
			</dict>
			<key>isa</key>
			<string>XCBuildConfiguration</string>
			<key>name</key>
			<string>Debug</string>
		</dict>
		<key>FA2AF9A11755A50B001BA8ED</key>
		<dict>
			<key>baseConfigurationReference</key>
			<string>39047D878F3A497B970816ED</string>
			<key>buildSettings</key>
			<dict>
				<key>GCC_PRECOMPILE_PREFIX_HEADER</key>
				<string>YES</string>
				<key>GCC_PREFIX_HEADER</key>
				<string>CarSideBySide/CarSideBySide-Prefix.pch</string>
				<key>INFOPLIST_FILE</key>
				<string>CarSideBySide/CarSideBySide-Info.plist</string>
				<key>IPHONEOS_DEPLOYMENT_TARGET</key>
				<string>6.1</string>
				<key>PRODUCT_NAME</key>
				<string>$(TARGET_NAME)</string>
				<key>WRAPPER_EXTENSION</key>
				<string>app</string>
			</dict>
			<key>isa</key>
			<string>XCBuildConfiguration</string>
			<key>name</key>
			<string>Release</string>
		</dict>
		<key>FA2AF9A21755A50B001BA8ED</key>
		<dict>
			<key>buildConfigurations</key>
			<array>
				<string>FA2AF9A31755A50B001BA8ED</string>
				<string>FA2AF9A41755A50B001BA8ED</string>
			</array>
			<key>defaultConfigurationIsVisible</key>
			<string>0</string>
			<key>defaultConfigurationName</key>
			<string>Release</string>
			<key>isa</key>
			<string>XCConfigurationList</string>
		</dict>
		<key>FA2AF9A31755A50B001BA8ED</key>
		<dict>
			<key>buildSettings</key>
			<dict>
				<key>BUNDLE_LOADER</key>
				<string>$(BUILT_PRODUCTS_DIR)/CarSideBySide.app/CarSideBySide</string>
				<key>FRAMEWORK_SEARCH_PATHS</key>
				<array>
					<string>"$(SDKROOT)/Developer/Library/Frameworks"</string>
					<string>"$(DEVELOPER_LIBRARY_DIR)/Frameworks"</string>
				</array>
				<key>GCC_PRECOMPILE_PREFIX_HEADER</key>
				<string>YES</string>
				<key>GCC_PREFIX_HEADER</key>
				<string>CarSideBySide/CarSideBySide-Prefix.pch</string>
				<key>INFOPLIST_FILE</key>
				<string>CarSideBySideTests/CarSideBySideTests-Info.plist</string>
				<key>PRODUCT_NAME</key>
				<string>$(TARGET_NAME)</string>
				<key>TEST_HOST</key>
				<string>$(BUNDLE_LOADER)</string>
				<key>WRAPPER_EXTENSION</key>
				<string>octest</string>
			</dict>
			<key>isa</key>
			<string>XCBuildConfiguration</string>
			<key>name</key>
			<string>Debug</string>
		</dict>
		<key>FA2AF9A41755A50B001BA8ED</key>
		<dict>
			<key>buildSettings</key>
			<dict>
				<key>BUNDLE_LOADER</key>
				<string>$(BUILT_PRODUCTS_DIR)/CarSideBySide.app/CarSideBySide</string>
				<key>FRAMEWORK_SEARCH_PATHS</key>
				<array>
					<string>"$(SDKROOT)/Developer/Library/Frameworks"</string>
					<string>"$(DEVELOPER_LIBRARY_DIR)/Frameworks"</string>
				</array>
				<key>GCC_PRECOMPILE_PREFIX_HEADER</key>
				<string>YES</string>
				<key>GCC_PREFIX_HEADER</key>
				<string>CarSideBySide/CarSideBySide-Prefix.pch</string>
				<key>INFOPLIST_FILE</key>
				<string>CarSideBySideTests/CarSideBySideTests-Info.plist</string>
				<key>PRODUCT_NAME</key>
				<string>$(TARGET_NAME)</string>
				<key>TEST_HOST</key>
				<string>$(BUNDLE_LOADER)</string>
				<key>WRAPPER_EXTENSION</key>
				<string>octest</string>
			</dict>
			<key>isa</key>
			<string>XCBuildConfiguration</string>
			<key>name</key>
			<string>Release</string>
		</dict>
		<key>FA2AF9A51755B3B9001BA8ED</key>
		<dict>
			<key>isa</key>
			<string>PBXFileReference</string>
			<key>lastKnownFileType</key>
			<string>wrapper.framework</string>
			<key>name</key>
			<string>CoreData.framework</string>
			<key>path</key>
			<string>System/Library/Frameworks/CoreData.framework</string>
			<key>sourceTree</key>
			<string>SDKROOT</string>
		</dict>
		<key>FA2AF9A61755B3B9001BA8ED</key>
		<dict>
			<key>fileRef</key>
			<string>FA2AF9A51755B3B9001BA8ED</string>
			<key>isa</key>
			<string>PBXBuildFile</string>
			<key>settings</key>
			<dict>
				<key>ATTRIBUTES</key>
				<array>
					<string>Required</string>
				</array>
			</dict>
		</dict>
		<key>FA2AF9A71755B41C001BA8ED</key>
		<dict>
			<key>children</key>
			<array>
				<string>FA88C2B91755B90400603295</string>
				<string>FAE82278176A328B00B07A1E</string>
				<string>FAE82279176A328B00B07A1E</string>
				<string>FAE82275176A328B00B07A1E</string>
				<string>FAE82276176A328B00B07A1E</string>
				<string>FAE82272176A328B00B07A1E</string>
				<string>FAE82273176A328B00B07A1E</string>
				<string>FAE8226F176A328B00B07A1E</string>
				<string>FAE82270176A328B00B07A1E</string>
				<string>FAE8226C176A328B00B07A1E</string>
				<string>FAE8226D176A328B00B07A1E</string>
				<string>FAE82269176A328B00B07A1E</string>
				<string>FAE8226A176A328B00B07A1E</string>
				<string>FAE82266176A328B00B07A1E</string>
				<string>FAE82267176A328B00B07A1E</string>
				<string>FAE82263176A328B00B07A1E</string>
				<string>FAE82264176A328B00B07A1E</string>
				<string>FAE82260176A328B00B07A1E</string>
				<string>FAE82261176A328B00B07A1E</string>
				<string>FAE8225C176A328B00B07A1E</string>
				<string>FAE8225D176A328B00B07A1E</string>
				<string>FA2D92231767E80A00E8E716</string>
				<string>FA2D92241767E80A00E8E716</string>
			</array>
			<key>isa</key>
			<string>PBXGroup</string>
			<key>name</key>
			<string>Models</string>
			<key>sourceTree</key>
			<string>&lt;group&gt;</string>
		</dict>
		<key>FA2B057F17590313000EBAB1</key>
		<dict>
			<key>fileEncoding</key>
			<string>4</string>
			<key>isa</key>
			<string>PBXFileReference</string>
			<key>lastKnownFileType</key>
			<string>sourcecode.c.h</string>
			<key>path</key>
			<string>CarListViewController.h</string>
			<key>sourceTree</key>
			<string>&lt;group&gt;</string>
		</dict>
		<key>FA2B058017590313000EBAB1</key>
		<dict>
			<key>fileEncoding</key>
			<string>4</string>
			<key>isa</key>
			<string>PBXFileReference</string>
			<key>lastKnownFileType</key>
			<string>sourcecode.c.objc</string>
			<key>path</key>
			<string>CarListViewController.m</string>
			<key>sourceTree</key>
			<string>&lt;group&gt;</string>
		</dict>
		<key>FA2B058117590313000EBAB1</key>
		<dict>
			<key>fileRef</key>
			<string>FA2B058017590313000EBAB1</string>
			<key>isa</key>
			<string>PBXBuildFile</string>
		</dict>
		<key>FA2B0582175905DD000EBAB1</key>
		<dict>
			<key>fileEncoding</key>
			<string>4</string>
			<key>isa</key>
			<string>PBXFileReference</string>
			<key>lastKnownFileType</key>
			<string>sourcecode.c.h</string>
			<key>path</key>
			<string>CarCell.h</string>
			<key>sourceTree</key>
			<string>&lt;group&gt;</string>
		</dict>
		<key>FA2B0583175905DD000EBAB1</key>
		<dict>
			<key>fileEncoding</key>
			<string>4</string>
			<key>isa</key>
			<string>PBXFileReference</string>
			<key>lastKnownFileType</key>
			<string>sourcecode.c.objc</string>
			<key>path</key>
			<string>CarCell.m</string>
			<key>sourceTree</key>
			<string>&lt;group&gt;</string>
		</dict>
		<key>FA2B0584175905DD000EBAB1</key>
		<dict>
			<key>fileRef</key>
			<string>FA2B0583175905DD000EBAB1</string>
			<key>isa</key>
			<string>PBXBuildFile</string>
		</dict>
		<key>FA2D91BA1767C65B00E8E716</key>
		<dict>
			<key>fileEncoding</key>
			<string>4</string>
			<key>isa</key>
			<string>PBXFileReference</string>
			<key>lastKnownFileType</key>
			<string>sourcecode.c.h</string>
			<key>path</key>
			<string>NSManagedObject+Find.h</string>
			<key>sourceTree</key>
			<string>&lt;group&gt;</string>
		</dict>
		<key>FA2D91BB1767C65B00E8E716</key>
		<dict>
			<key>fileEncoding</key>
			<string>4</string>
			<key>isa</key>
			<string>PBXFileReference</string>
			<key>lastKnownFileType</key>
			<string>sourcecode.c.objc</string>
			<key>path</key>
			<string>NSManagedObject+Find.m</string>
			<key>sourceTree</key>
			<string>&lt;group&gt;</string>
		</dict>
		<key>FA2D91BC1767C65B00E8E716</key>
		<dict>
			<key>fileRef</key>
			<string>FA2D91BB1767C65B00E8E716</string>
			<key>isa</key>
			<string>PBXBuildFile</string>
		</dict>
		<key>FA2D92231767E80A00E8E716</key>
		<dict>
			<key>fileEncoding</key>
			<string>4</string>
			<key>isa</key>
			<string>PBXFileReference</string>
			<key>lastKnownFileType</key>
			<string>sourcecode.c.h</string>
			<key>path</key>
			<string>Offer.h</string>
			<key>sourceTree</key>
			<string>&lt;group&gt;</string>
		</dict>
		<key>FA2D92241767E80A00E8E716</key>
		<dict>
			<key>fileEncoding</key>
			<string>4</string>
			<key>isa</key>
			<string>PBXFileReference</string>
			<key>lastKnownFileType</key>
			<string>sourcecode.c.objc</string>
			<key>path</key>
			<string>Offer.m</string>
			<key>sourceTree</key>
			<string>&lt;group&gt;</string>
		</dict>
		<key>FA2D92251767E80A00E8E716</key>
		<dict>
			<key>fileRef</key>
			<string>FA2D92241767E80A00E8E716</string>
			<key>isa</key>
			<string>PBXBuildFile</string>
		</dict>
		<key>FA590724175674B8008F8B78</key>
		<dict>
			<key>isa</key>
			<string>PBXFileReference</string>
			<key>lastKnownFileType</key>
			<string>image.jpeg</string>
			<key>path</key>
			<string>bmw_offer_test_1.jpg</string>
			<key>sourceTree</key>
			<string>&lt;group&gt;</string>
		</dict>
		<key>FA590725175674B8008F8B78</key>
		<dict>
			<key>isa</key>
			<string>PBXFileReference</string>
			<key>lastKnownFileType</key>
			<string>image.jpeg</string>
			<key>path</key>
			<string>bmw_offer_test_2.jpg</string>
			<key>sourceTree</key>
			<string>&lt;group&gt;</string>
		</dict>
		<key>FA590726175674B8008F8B78</key>
		<dict>
			<key>isa</key>
			<string>PBXFileReference</string>
			<key>lastKnownFileType</key>
			<string>image.jpeg</string>
			<key>path</key>
			<string>bmw_offer_test_3.jpg</string>
			<key>sourceTree</key>
			<string>&lt;group&gt;</string>
		</dict>
		<key>FA590727175674B8008F8B78</key>
		<dict>
			<key>fileRef</key>
			<string>FA590724175674B8008F8B78</string>
			<key>isa</key>
			<string>PBXBuildFile</string>
		</dict>
		<key>FA590728175674B8008F8B78</key>
		<dict>
			<key>fileRef</key>
			<string>FA590725175674B8008F8B78</string>
			<key>isa</key>
			<string>PBXBuildFile</string>
		</dict>
		<key>FA590729175674B8008F8B78</key>
		<dict>
			<key>fileRef</key>
			<string>FA590726175674B8008F8B78</string>
			<key>isa</key>
			<string>PBXBuildFile</string>
		</dict>
		<key>FA5A9AE61756FD0600B718C1</key>
		<dict>
			<key>fileEncoding</key>
			<string>4</string>
			<key>isa</key>
			<string>PBXFileReference</string>
			<key>lastKnownFileType</key>
			<string>text</string>
			<key>path</key>
			<string>Podfile</string>
			<key>sourceTree</key>
			<string>&lt;group&gt;</string>
			<key>xcLanguageSpecificationIdentifier</key>
			<string>xcode.lang.ruby</string>
		</dict>
		<key>FA5A9AE71756FD0600B718C1</key>
		<dict>
			<key>fileEncoding</key>
			<string>4</string>
			<key>isa</key>
			<string>PBXFileReference</string>
			<key>lastKnownFileType</key>
			<string>text</string>
			<key>path</key>
			<string>Podfile.lock</string>
			<key>sourceTree</key>
			<string>&lt;group&gt;</string>
		</dict>
		<key>FA5A9B081756FD0600B718C1</key>
		<dict>
			<key>fileRef</key>
			<string>FA5A9AE61756FD0600B718C1</string>
			<key>isa</key>
			<string>PBXBuildFile</string>
		</dict>
		<key>FA5A9B091756FD0600B718C1</key>
		<dict>
			<key>fileRef</key>
			<string>FA5A9AE71756FD0600B718C1</string>
			<key>isa</key>
			<string>PBXBuildFile</string>
		</dict>
		<key>FA6EAAEE175E3A5400502168</key>
		<dict>
			<key>isa</key>
			<string>PBXFileReference</string>
			<key>lastKnownFileType</key>
			<string>image.png</string>
			<key>path</key>
			<string>Icon-72.png</string>
			<key>sourceTree</key>
			<string>&lt;group&gt;</string>
		</dict>
		<key>FA6EAAEF175E3A5400502168</key>
		<dict>
			<key>isa</key>
			<string>PBXFileReference</string>
			<key>lastKnownFileType</key>
			<string>image.png</string>
			<key>path</key>
			<string>Icon-72@2x.png</string>
			<key>sourceTree</key>
			<string>&lt;group&gt;</string>
		</dict>
		<key>FA6EAAF2175E3A5400502168</key>
		<dict>
			<key>fileRef</key>
			<string>FA6EAAEE175E3A5400502168</string>
			<key>isa</key>
			<string>PBXBuildFile</string>
		</dict>
		<key>FA6EAAF3175E3A5400502168</key>
		<dict>
			<key>fileRef</key>
			<string>FA6EAAEF175E3A5400502168</string>
			<key>isa</key>
			<string>PBXBuildFile</string>
		</dict>
		<key>FA88C2B91755B90400603295</key>
		<dict>
			<key>children</key>
			<array>
				<string>FA88C2BA1755B90400603295</string>
			</array>
			<key>currentVersion</key>
			<string>FA88C2BA1755B90400603295</string>
			<key>isa</key>
			<string>XCVersionGroup</string>
			<key>path</key>
			<string>CarSideBySide.xcdatamodeld</string>
			<key>sourceTree</key>
			<string>&lt;group&gt;</string>
			<key>versionGroupType</key>
			<string>wrapper.xcdatamodel</string>
		</dict>
		<key>FA88C2BA1755B90400603295</key>
		<dict>
			<key>isa</key>
			<string>PBXFileReference</string>
			<key>lastKnownFileType</key>
			<string>wrapper.xcdatamodel</string>
			<key>path</key>
			<string>CarSideBySide.xcdatamodel</string>
			<key>sourceTree</key>
			<string>&lt;group&gt;</string>
		</dict>
		<key>FA88C2BB1755B90400603295</key>
		<dict>
			<key>fileRef</key>
			<string>FA88C2B91755B90400603295</string>
			<key>isa</key>
			<string>PBXBuildFile</string>
		</dict>
		<key>FA8B0833175A321300C58E04</key>
		<dict>
			<key>fileEncoding</key>
			<string>4</string>
			<key>isa</key>
			<string>PBXFileReference</string>
			<key>lastKnownFileType</key>
			<string>sourcecode.c.h</string>
			<key>path</key>
			<string>OfferListHeaderView.h</string>
			<key>sourceTree</key>
			<string>&lt;group&gt;</string>
		</dict>
		<key>FA8B0834175A321300C58E04</key>
		<dict>
			<key>fileEncoding</key>
			<string>4</string>
			<key>isa</key>
			<string>PBXFileReference</string>
			<key>lastKnownFileType</key>
			<string>sourcecode.c.objc</string>
			<key>path</key>
			<string>OfferListHeaderView.m</string>
			<key>sourceTree</key>
			<string>&lt;group&gt;</string>
		</dict>
		<key>FA8B0835175A321300C58E04</key>
		<dict>
			<key>fileRef</key>
			<string>FA8B0834175A321300C58E04</string>
			<key>isa</key>
			<string>PBXBuildFile</string>
		</dict>
		<key>FA8B0837175A397700C58E04</key>
		<dict>
			<key>fileEncoding</key>
			<string>4</string>
			<key>isa</key>
			<string>PBXFileReference</string>
			<key>lastKnownFileType</key>
			<string>sourcecode.c.h</string>
			<key>path</key>
			<string>OfferDetailViewController.h</string>
			<key>sourceTree</key>
			<string>&lt;group&gt;</string>
		</dict>
		<key>FA8B0838175A397700C58E04</key>
		<dict>
			<key>fileEncoding</key>
			<string>4</string>
			<key>isa</key>
			<string>PBXFileReference</string>
			<key>lastKnownFileType</key>
			<string>sourcecode.c.objc</string>
			<key>path</key>
			<string>OfferDetailViewController.m</string>
			<key>sourceTree</key>
			<string>&lt;group&gt;</string>
		</dict>
		<key>FA8B0839175A397700C58E04</key>
		<dict>
			<key>fileRef</key>
			<string>FA8B0838175A397700C58E04</string>
			<key>isa</key>
			<string>PBXBuildFile</string>
		</dict>
		<key>FA953D121757027D004F770D</key>
		<dict>
			<key>fileEncoding</key>
			<string>4</string>
			<key>isa</key>
			<string>PBXFileReference</string>
			<key>lastKnownFileType</key>
			<string>sourcecode.c.h</string>
			<key>path</key>
			<string>OfferCell.h</string>
			<key>sourceTree</key>
			<string>&lt;group&gt;</string>
		</dict>
		<key>FA953D131757027D004F770D</key>
		<dict>
			<key>fileEncoding</key>
			<string>4</string>
			<key>isa</key>
			<string>PBXFileReference</string>
			<key>lastKnownFileType</key>
			<string>sourcecode.c.objc</string>
			<key>path</key>
			<string>OfferCell.m</string>
			<key>sourceTree</key>
			<string>&lt;group&gt;</string>
		</dict>
		<key>FA953D141757027D004F770D</key>
		<dict>
			<key>fileRef</key>
			<string>FA953D131757027D004F770D</string>
			<key>isa</key>
			<string>PBXBuildFile</string>
		</dict>
		<key>FA98C59F1760FB4600B64805</key>
		<dict>
			<key>fileEncoding</key>
			<string>4</string>
			<key>isa</key>
			<string>PBXFileReference</string>
			<key>lastKnownFileType</key>
			<string>sourcecode.c.h</string>
			<key>path</key>
			<string>CarListHeaderView.h</string>
			<key>sourceTree</key>
			<string>&lt;group&gt;</string>
		</dict>
		<key>FA98C5A01760FB4600B64805</key>
		<dict>
			<key>fileEncoding</key>
			<string>4</string>
			<key>isa</key>
			<string>PBXFileReference</string>
			<key>lastKnownFileType</key>
			<string>sourcecode.c.objc</string>
			<key>path</key>
			<string>CarListHeaderView.m</string>
			<key>sourceTree</key>
			<string>&lt;group&gt;</string>
		</dict>
		<key>FA98C5A11760FB4600B64805</key>
		<dict>
			<key>fileRef</key>
			<string>FA98C5A01760FB4600B64805</string>
			<key>isa</key>
			<string>PBXBuildFile</string>
		</dict>
		<key>FA98C5A317610B1F00B64805</key>
		<dict>
			<key>fileEncoding</key>
			<string>4</string>
			<key>isa</key>
			<string>PBXFileReference</string>
			<key>lastKnownFileType</key>
			<string>sourcecode.c.h</string>
			<key>path</key>
			<string>SerieListViewController.h</string>
			<key>sourceTree</key>
			<string>&lt;group&gt;</string>
		</dict>
		<key>FA98C5A417610B1F00B64805</key>
		<dict>
			<key>fileEncoding</key>
			<string>4</string>
			<key>isa</key>
			<string>PBXFileReference</string>
			<key>lastKnownFileType</key>
			<string>sourcecode.c.objc</string>
			<key>path</key>
			<string>SerieListViewController.m</string>
			<key>sourceTree</key>
			<string>&lt;group&gt;</string>
		</dict>
		<key>FA98C5A517610B1F00B64805</key>
		<dict>
			<key>fileRef</key>
			<string>FA98C5A417610B1F00B64805</string>
			<key>isa</key>
			<string>PBXBuildFile</string>
		</dict>
		<key>FAA37F7F17594483005DC530</key>
		<dict>
			<key>fileEncoding</key>
			<string>4</string>
			<key>isa</key>
			<string>PBXFileReference</string>
			<key>lastKnownFileType</key>
			<string>sourcecode.c.h</string>
			<key>path</key>
			<string>CarDetailViewController.h</string>
			<key>sourceTree</key>
			<string>&lt;group&gt;</string>
		</dict>
		<key>FAA37F8017594483005DC530</key>
		<dict>
			<key>fileEncoding</key>
			<string>4</string>
			<key>isa</key>
			<string>PBXFileReference</string>
			<key>lastKnownFileType</key>
			<string>sourcecode.c.objc</string>
			<key>path</key>
			<string>CarDetailViewController.m</string>
			<key>sourceTree</key>
			<string>&lt;group&gt;</string>
		</dict>
		<key>FAA37F8117594483005DC530</key>
		<dict>
			<key>fileRef</key>
			<string>FAA37F8017594483005DC530</string>
			<key>isa</key>
			<string>PBXBuildFile</string>
		</dict>
		<key>FACB2DE3176783D800AD3D64</key>
		<dict>
			<key>children</key>
			<array>
				<string>FACB2DE5176790A300AD3D64</string>
				<string>FACB2DE6176790A300AD3D64</string>
				<string>FA144A0D1768EF3900081738</string>
				<string>FA144A0E1768EF3900081738</string>
			</array>
			<key>isa</key>
			<string>PBXGroup</string>
			<key>name</key>
			<string>Migrate</string>
			<key>sourceTree</key>
			<string>&lt;group&gt;</string>
		</dict>
		<key>FACB2DE5176790A300AD3D64</key>
		<dict>
			<key>fileEncoding</key>
			<string>4</string>
			<key>isa</key>
			<string>PBXFileReference</string>
			<key>lastKnownFileType</key>
			<string>sourcecode.c.h</string>
			<key>path</key>
			<string>CoreDataSeed.h</string>
			<key>sourceTree</key>
			<string>&lt;group&gt;</string>
		</dict>
		<key>FACB2DE6176790A300AD3D64</key>
		<dict>
			<key>fileEncoding</key>
			<string>4</string>
			<key>isa</key>
			<string>PBXFileReference</string>
			<key>lastKnownFileType</key>
			<string>sourcecode.c.objc</string>
			<key>path</key>
			<string>CoreDataSeed.m</string>
			<key>sourceTree</key>
			<string>&lt;group&gt;</string>
		</dict>
		<key>FACB2DE7176790A300AD3D64</key>
		<dict>
			<key>fileRef</key>
			<string>FACB2DE6176790A300AD3D64</string>
			<key>isa</key>
			<string>PBXBuildFile</string>
		</dict>
		<key>FACE6926175E75870009F595</key>
		<dict>
			<key>isa</key>
			<string>PBXFileReference</string>
			<key>lastKnownFileType</key>
			<string>image.png</string>
			<key>path</key>
			<string>Default-Landscape~ipad.png</string>
			<key>sourceTree</key>
			<string>&lt;group&gt;</string>
		</dict>
		<key>FACE6927175E75870009F595</key>
		<dict>
			<key>isa</key>
			<string>PBXFileReference</string>
			<key>lastKnownFileType</key>
			<string>image.png</string>
			<key>path</key>
			<string>Default-Portrait~ipad.png</string>
			<key>sourceTree</key>
			<string>&lt;group&gt;</string>
		</dict>
		<key>FACE6928175E75870009F595</key>
		<dict>
			<key>fileRef</key>
			<string>FACE6926175E75870009F595</string>
			<key>isa</key>
			<string>PBXBuildFile</string>
		</dict>
		<key>FACE6929175E75870009F595</key>
		<dict>
			<key>fileRef</key>
			<string>FACE6927175E75870009F595</string>
			<key>isa</key>
			<string>PBXBuildFile</string>
		</dict>
		<key>FAD4A376175652D500CB039A</key>
		<dict>
			<key>children</key>
			<array>
				<string>FADABF351755CC490072E8C9</string>
				<string>FADABF361755CC490072E8C9</string>
				<string>FADABF371755CC490072E8C9</string>
				<string>FADABF381755CC490072E8C9</string>
				<string>FADABF391755CC490072E8C9</string>
				<string>FADABF3A1755CC490072E8C9</string>
				<string>FADABF3B1755CC490072E8C9</string>
				<string>FADABF3C1755CC490072E8C9</string>
				<string>FADABF3D1755CC490072E8C9</string>
				<string>FADABF3E1755CC490072E8C9</string>
				<string>FADABF3F1755CC490072E8C9</string>
				<string>FADABF401755CC490072E8C9</string>
				<string>FADABF411755CC490072E8C9</string>
				<string>FADABF421755CC490072E8C9</string>
				<string>FADABF431755CC490072E8C9</string>
				<string>FADABF441755CC490072E8C9</string>
				<string>FADABF451755CC490072E8C9</string>
				<string>FADABF461755CC490072E8C9</string>
				<string>FADABF471755CC490072E8C9</string>
				<string>FADABF481755CC490072E8C9</string>
				<string>FADABF491755CC490072E8C9</string>
				<string>FADABF4A1755CC490072E8C9</string>
				<string>FADABF4B1755CC490072E8C9</string>
				<string>FADABF4C1755CC490072E8C9</string>
				<string>FADABF4D1755CC490072E8C9</string>
				<string>FADABF4E1755CC490072E8C9</string>
			</array>
			<key>isa</key>
			<string>PBXGroup</string>
			<key>name</key>
			<string>Cars</string>
			<key>sourceTree</key>
			<string>&lt;group&gt;</string>
		</dict>
		<key>FAD4A377175652F700CB039A</key>
		<dict>
			<key>children</key>
			<array>
				<string>FA590724175674B8008F8B78</string>
				<string>FA590725175674B8008F8B78</string>
				<string>FA590726175674B8008F8B78</string>
			</array>
			<key>isa</key>
			<string>PBXGroup</string>
			<key>name</key>
			<string>Offers</string>
			<key>sourceTree</key>
			<string>&lt;group&gt;</string>
		</dict>
		<key>FAD9DA761756B54500293DA4</key>
		<dict>
			<key>fileEncoding</key>
			<string>4</string>
			<key>isa</key>
			<string>PBXFileReference</string>
			<key>lastKnownFileType</key>
			<string>sourcecode.c.h</string>
			<key>path</key>
			<string>OfferListViewController.h</string>
			<key>sourceTree</key>
			<string>&lt;group&gt;</string>
		</dict>
		<key>FAD9DA771756B54500293DA4</key>
		<dict>
			<key>fileEncoding</key>
			<string>4</string>
			<key>isa</key>
			<string>PBXFileReference</string>
			<key>lastKnownFileType</key>
			<string>sourcecode.c.objc</string>
			<key>path</key>
			<string>OfferListViewController.m</string>
			<key>sourceTree</key>
			<string>&lt;group&gt;</string>
		</dict>
		<key>FAD9DA781756B54500293DA4</key>
		<dict>
			<key>fileRef</key>
			<string>FAD9DA771756B54500293DA4</string>
			<key>isa</key>
			<string>PBXBuildFile</string>
		</dict>
		<key>FADABF341755CC1B0072E8C9</key>
		<dict>
			<key>children</key>
			<array>
				<string>FA0D4037176146C00025725F</string>
				<string>FAD4A377175652F700CB039A</string>
				<string>FAD4A376175652D500CB039A</string>
			</array>
			<key>isa</key>
			<string>PBXGroup</string>
			<key>name</key>
			<string>Images</string>
			<key>sourceTree</key>
			<string>&lt;group&gt;</string>
		</dict>
		<key>FADABF351755CC490072E8C9</key>
		<dict>
			<key>isa</key>
			<string>PBXFileReference</string>
			<key>lastKnownFileType</key>
			<string>image.jpeg</string>
			<key>path</key>
			<string>bmw_s1_3_puertas_large.jpg</string>
			<key>sourceTree</key>
			<string>&lt;group&gt;</string>
		</dict>
		<key>FADABF361755CC490072E8C9</key>
		<dict>
			<key>isa</key>
			<string>PBXFileReference</string>
			<key>lastKnownFileType</key>
			<string>image.jpeg</string>
			<key>path</key>
			<string>bmw_s1_3_puertas.jpg</string>
			<key>sourceTree</key>
			<string>&lt;group&gt;</string>
		</dict>
		<key>FADABF371755CC490072E8C9</key>
		<dict>
			<key>isa</key>
			<string>PBXFileReference</string>
			<key>lastKnownFileType</key>
			<string>image.jpeg</string>
			<key>path</key>
			<string>bmw_s1_5_puertas_large.jpg</string>
			<key>sourceTree</key>
			<string>&lt;group&gt;</string>
		</dict>
		<key>FADABF381755CC490072E8C9</key>
		<dict>
			<key>isa</key>
			<string>PBXFileReference</string>
			<key>lastKnownFileType</key>
			<string>image.jpeg</string>
			<key>path</key>
			<string>bmw_s1_5_puertas.jpg</string>
			<key>sourceTree</key>
			<string>&lt;group&gt;</string>
		</dict>
		<key>FADABF391755CC490072E8C9</key>
		<dict>
			<key>isa</key>
			<string>PBXFileReference</string>
			<key>lastKnownFileType</key>
			<string>image.jpeg</string>
			<key>path</key>
			<string>bmw_s1_active_e_large.jpg</string>
			<key>sourceTree</key>
			<string>&lt;group&gt;</string>
		</dict>
		<key>FADABF3A1755CC490072E8C9</key>
		<dict>
			<key>isa</key>
			<string>PBXFileReference</string>
			<key>lastKnownFileType</key>
			<string>image.jpeg</string>
			<key>path</key>
			<string>bmw_s1_active_e.jpg</string>
			<key>sourceTree</key>
			<string>&lt;group&gt;</string>
		</dict>
		<key>FADABF3B1755CC490072E8C9</key>
		<dict>
			<key>isa</key>
			<string>PBXFileReference</string>
			<key>lastKnownFileType</key>
			<string>image.jpeg</string>
			<key>path</key>
			<string>bmw_s1_convertible_large.jpg</string>
			<key>sourceTree</key>
			<string>&lt;group&gt;</string>
		</dict>
		<key>FADABF3C1755CC490072E8C9</key>
		<dict>
			<key>isa</key>
			<string>PBXFileReference</string>
			<key>lastKnownFileType</key>
			<string>image.jpeg</string>
			<key>path</key>
			<string>bmw_s1_convertible.jpg</string>
			<key>sourceTree</key>
			<string>&lt;group&gt;</string>
		</dict>
		<key>FADABF3D1755CC490072E8C9</key>
		<dict>
			<key>isa</key>
			<string>PBXFileReference</string>
			<key>lastKnownFileType</key>
			<string>image.jpeg</string>
			<key>path</key>
			<string>bmw_s1_coupe_large.jpg</string>
			<key>sourceTree</key>
			<string>&lt;group&gt;</string>
		</dict>
		<key>FADABF3E1755CC490072E8C9</key>
		<dict>
			<key>isa</key>
			<string>PBXFileReference</string>
			<key>lastKnownFileType</key>
			<string>image.jpeg</string>
			<key>path</key>
			<string>bmw_s1_coupe.jpg</string>
			<key>sourceTree</key>
			<string>&lt;group&gt;</string>
		</dict>
		<key>FADABF3F1755CC490072E8C9</key>
		<dict>
			<key>isa</key>
			<string>PBXFileReference</string>
			<key>lastKnownFileType</key>
			<string>image.jpeg</string>
			<key>path</key>
			<string>bmw_s3_convertible_large.jpg</string>
			<key>sourceTree</key>
			<string>&lt;group&gt;</string>
		</dict>
		<key>FADABF401755CC490072E8C9</key>
		<dict>
			<key>isa</key>
			<string>PBXFileReference</string>
			<key>lastKnownFileType</key>
			<string>image.jpeg</string>
			<key>path</key>
			<string>bmw_s3_convertible.jpg</string>
			<key>sourceTree</key>
			<string>&lt;group&gt;</string>
		</dict>
		<key>FADABF411755CC490072E8C9</key>
		<dict>
			<key>isa</key>
			<string>PBXFileReference</string>
			<key>lastKnownFileType</key>
			<string>image.jpeg</string>
			<key>path</key>
			<string>bmw_s3_coupe.jpg</string>
			<key>sourceTree</key>
			<string>&lt;group&gt;</string>
		</dict>
		<key>FADABF421755CC490072E8C9</key>
		<dict>
			<key>isa</key>
			<string>PBXFileReference</string>
			<key>lastKnownFileType</key>
			<string>image.jpeg</string>
			<key>path</key>
			<string>bmw_s3_coupe_large.jpg</string>
			<key>sourceTree</key>
			<string>&lt;group&gt;</string>
		</dict>
		<key>FADABF431755CC490072E8C9</key>
		<dict>
			<key>isa</key>
			<string>PBXFileReference</string>
			<key>lastKnownFileType</key>
			<string>image.jpeg</string>
			<key>path</key>
			<string>bmw_s3_gran_turismo_large.jpg</string>
			<key>sourceTree</key>
			<string>&lt;group&gt;</string>
		</dict>
		<key>FADABF441755CC490072E8C9</key>
		<dict>
			<key>isa</key>
			<string>PBXFileReference</string>
			<key>lastKnownFileType</key>
			<string>image.jpeg</string>
			<key>path</key>
			<string>bmw_s3_gran_turismo.jpg</string>
			<key>sourceTree</key>
			<string>&lt;group&gt;</string>
		</dict>
		<key>FADABF451755CC490072E8C9</key>
		<dict>
			<key>isa</key>
			<string>PBXFileReference</string>
			<key>lastKnownFileType</key>
			<string>image.jpeg</string>
			<key>path</key>
			<string>bmw_s3_sedan_active_hybrid_large.jpg</string>
			<key>sourceTree</key>
			<string>&lt;group&gt;</string>
		</dict>
		<key>FADABF461755CC490072E8C9</key>
		<dict>
			<key>isa</key>
			<string>PBXFileReference</string>
			<key>lastKnownFileType</key>
			<string>image.jpeg</string>
			<key>path</key>
			<string>bmw_s3_sedan_active_hybrid.jpg</string>
			<key>sourceTree</key>
			<string>&lt;group&gt;</string>
		</dict>
		<key>FADABF471755CC490072E8C9</key>
		<dict>
			<key>isa</key>
			<string>PBXFileReference</string>
			<key>lastKnownFileType</key>
			<string>image.jpeg</string>
			<key>path</key>
			<string>bmw_s3_sedan_large.jpg</string>
			<key>sourceTree</key>
			<string>&lt;group&gt;</string>
		</dict>
		<key>FADABF481755CC490072E8C9</key>
		<dict>
			<key>isa</key>
			<string>PBXFileReference</string>
			<key>lastKnownFileType</key>
			<string>image.jpeg</string>
			<key>path</key>
			<string>bmw_s3_sedan.jpg</string>
			<key>sourceTree</key>
			<string>&lt;group&gt;</string>
		</dict>
		<key>FADABF491755CC490072E8C9</key>
		<dict>
			<key>isa</key>
			<string>PBXFileReference</string>
			<key>lastKnownFileType</key>
			<string>image.jpeg</string>
			<key>path</key>
			<string>bmw_s3_touring_large.jpg</string>
			<key>sourceTree</key>
			<string>&lt;group&gt;</string>
		</dict>
		<key>FADABF4A1755CC490072E8C9</key>
		<dict>
			<key>isa</key>
			<string>PBXFileReference</string>
			<key>lastKnownFileType</key>
			<string>image.jpeg</string>
			<key>path</key>
			<string>bmw_s3_touring.jpg</string>
			<key>sourceTree</key>
			<string>&lt;group&gt;</string>
		</dict>
		<key>FADABF4B1755CC490072E8C9</key>
		<dict>
			<key>isa</key>
			<string>PBXFileReference</string>
			<key>lastKnownFileType</key>
			<string>image.jpeg</string>
			<key>path</key>
			<string>bmw_s5_gran_turismo_large.jpg</string>
			<key>sourceTree</key>
			<string>&lt;group&gt;</string>
		</dict>
		<key>FADABF4C1755CC490072E8C9</key>
		<dict>
			<key>isa</key>
			<string>PBXFileReference</string>
			<key>lastKnownFileType</key>
			<string>image.jpeg</string>
			<key>path</key>
			<string>bmw_s5_gran_turismo.jpg</string>
			<key>sourceTree</key>
			<string>&lt;group&gt;</string>
		</dict>
		<key>FADABF4D1755CC490072E8C9</key>
		<dict>
			<key>isa</key>
			<string>PBXFileReference</string>
			<key>lastKnownFileType</key>
			<string>image.jpeg</string>
			<key>path</key>
			<string>bmw_s5_sedan_large.jpg</string>
			<key>sourceTree</key>
			<string>&lt;group&gt;</string>
		</dict>
		<key>FADABF4E1755CC490072E8C9</key>
		<dict>
			<key>isa</key>
			<string>PBXFileReference</string>
			<key>lastKnownFileType</key>
			<string>image.jpeg</string>
			<key>path</key>
			<string>bmw_s5_sedan.jpg</string>
			<key>sourceTree</key>
			<string>&lt;group&gt;</string>
		</dict>
		<key>FADABF4F1755CC490072E8C9</key>
		<dict>
			<key>fileRef</key>
			<string>FADABF351755CC490072E8C9</string>
			<key>isa</key>
			<string>PBXBuildFile</string>
		</dict>
		<key>FADABF501755CC490072E8C9</key>
		<dict>
			<key>fileRef</key>
			<string>FADABF361755CC490072E8C9</string>
			<key>isa</key>
			<string>PBXBuildFile</string>
		</dict>
		<key>FADABF511755CC490072E8C9</key>
		<dict>
			<key>fileRef</key>
			<string>FADABF371755CC490072E8C9</string>
			<key>isa</key>
			<string>PBXBuildFile</string>
		</dict>
		<key>FADABF521755CC490072E8C9</key>
		<dict>
			<key>fileRef</key>
			<string>FADABF381755CC490072E8C9</string>
			<key>isa</key>
			<string>PBXBuildFile</string>
		</dict>
		<key>FADABF531755CC490072E8C9</key>
		<dict>
			<key>fileRef</key>
			<string>FADABF391755CC490072E8C9</string>
			<key>isa</key>
			<string>PBXBuildFile</string>
		</dict>
		<key>FADABF541755CC490072E8C9</key>
		<dict>
			<key>fileRef</key>
			<string>FADABF3A1755CC490072E8C9</string>
			<key>isa</key>
			<string>PBXBuildFile</string>
		</dict>
		<key>FADABF551755CC490072E8C9</key>
		<dict>
			<key>fileRef</key>
			<string>FADABF3B1755CC490072E8C9</string>
			<key>isa</key>
			<string>PBXBuildFile</string>
		</dict>
		<key>FADABF561755CC490072E8C9</key>
		<dict>
			<key>fileRef</key>
			<string>FADABF3C1755CC490072E8C9</string>
			<key>isa</key>
			<string>PBXBuildFile</string>
		</dict>
		<key>FADABF571755CC490072E8C9</key>
		<dict>
			<key>fileRef</key>
			<string>FADABF3D1755CC490072E8C9</string>
			<key>isa</key>
			<string>PBXBuildFile</string>
		</dict>
		<key>FADABF581755CC490072E8C9</key>
		<dict>
			<key>fileRef</key>
			<string>FADABF3E1755CC490072E8C9</string>
			<key>isa</key>
			<string>PBXBuildFile</string>
		</dict>
		<key>FADABF591755CC490072E8C9</key>
		<dict>
			<key>fileRef</key>
			<string>FADABF3F1755CC490072E8C9</string>
			<key>isa</key>
			<string>PBXBuildFile</string>
		</dict>
		<key>FADABF5A1755CC490072E8C9</key>
		<dict>
			<key>fileRef</key>
			<string>FADABF401755CC490072E8C9</string>
			<key>isa</key>
			<string>PBXBuildFile</string>
		</dict>
		<key>FADABF5B1755CC490072E8C9</key>
		<dict>
			<key>fileRef</key>
			<string>FADABF411755CC490072E8C9</string>
			<key>isa</key>
			<string>PBXBuildFile</string>
		</dict>
		<key>FADABF5C1755CC490072E8C9</key>
		<dict>
			<key>fileRef</key>
			<string>FADABF421755CC490072E8C9</string>
			<key>isa</key>
			<string>PBXBuildFile</string>
		</dict>
		<key>FADABF5D1755CC490072E8C9</key>
		<dict>
			<key>fileRef</key>
			<string>FADABF431755CC490072E8C9</string>
			<key>isa</key>
			<string>PBXBuildFile</string>
		</dict>
		<key>FADABF5E1755CC490072E8C9</key>
		<dict>
			<key>fileRef</key>
			<string>FADABF441755CC490072E8C9</string>
			<key>isa</key>
			<string>PBXBuildFile</string>
		</dict>
		<key>FADABF5F1755CC490072E8C9</key>
		<dict>
			<key>fileRef</key>
			<string>FADABF451755CC490072E8C9</string>
			<key>isa</key>
			<string>PBXBuildFile</string>
		</dict>
		<key>FADABF601755CC490072E8C9</key>
		<dict>
			<key>fileRef</key>
			<string>FADABF461755CC490072E8C9</string>
			<key>isa</key>
			<string>PBXBuildFile</string>
		</dict>
		<key>FADABF611755CC490072E8C9</key>
		<dict>
			<key>fileRef</key>
			<string>FADABF471755CC490072E8C9</string>
			<key>isa</key>
			<string>PBXBuildFile</string>
		</dict>
		<key>FADABF621755CC490072E8C9</key>
		<dict>
			<key>fileRef</key>
			<string>FADABF481755CC490072E8C9</string>
			<key>isa</key>
			<string>PBXBuildFile</string>
		</dict>
		<key>FADABF631755CC490072E8C9</key>
		<dict>
			<key>fileRef</key>
			<string>FADABF491755CC490072E8C9</string>
			<key>isa</key>
			<string>PBXBuildFile</string>
		</dict>
		<key>FADABF641755CC490072E8C9</key>
		<dict>
			<key>fileRef</key>
			<string>FADABF4A1755CC490072E8C9</string>
			<key>isa</key>
			<string>PBXBuildFile</string>
		</dict>
		<key>FADABF651755CC490072E8C9</key>
		<dict>
			<key>fileRef</key>
			<string>FADABF4B1755CC490072E8C9</string>
			<key>isa</key>
			<string>PBXBuildFile</string>
		</dict>
		<key>FADABF661755CC490072E8C9</key>
		<dict>
			<key>fileRef</key>
			<string>FADABF4C1755CC490072E8C9</string>
			<key>isa</key>
			<string>PBXBuildFile</string>
		</dict>
		<key>FADABF671755CC490072E8C9</key>
		<dict>
			<key>fileRef</key>
			<string>FADABF4D1755CC490072E8C9</string>
			<key>isa</key>
			<string>PBXBuildFile</string>
		</dict>
		<key>FADABF681755CC490072E8C9</key>
		<dict>
			<key>fileRef</key>
			<string>FADABF4E1755CC490072E8C9</string>
			<key>isa</key>
			<string>PBXBuildFile</string>
		</dict>
		<key>FAE8225C176A328B00B07A1E</key>
		<dict>
			<key>fileEncoding</key>
			<string>4</string>
			<key>isa</key>
			<string>PBXFileReference</string>
			<key>lastKnownFileType</key>
			<string>sourcecode.c.h</string>
			<key>path</key>
			<string>ComparedCar.h</string>
			<key>sourceTree</key>
			<string>&lt;group&gt;</string>
		</dict>
		<key>FAE8225D176A328B00B07A1E</key>
		<dict>
			<key>fileEncoding</key>
			<string>4</string>
			<key>isa</key>
			<string>PBXFileReference</string>
			<key>lastKnownFileType</key>
			<string>sourcecode.c.objc</string>
			<key>path</key>
			<string>ComparedCar.m</string>
			<key>sourceTree</key>
			<string>&lt;group&gt;</string>
		</dict>
		<key>FAE8225E176A328B00B07A1E</key>
		<dict>
			<key>fileRef</key>
			<string>FAE8225D176A328B00B07A1E</string>
			<key>isa</key>
			<string>PBXBuildFile</string>
		</dict>
		<key>FAE82260176A328B00B07A1E</key>
		<dict>
			<key>fileEncoding</key>
			<string>4</string>
			<key>isa</key>
			<string>PBXFileReference</string>
			<key>lastKnownFileType</key>
			<string>sourcecode.c.h</string>
			<key>path</key>
			<string>CarModel.h</string>
			<key>sourceTree</key>
			<string>&lt;group&gt;</string>
		</dict>
		<key>FAE82261176A328B00B07A1E</key>
		<dict>
			<key>fileEncoding</key>
			<string>4</string>
			<key>isa</key>
			<string>PBXFileReference</string>
			<key>lastKnownFileType</key>
			<string>sourcecode.c.objc</string>
			<key>path</key>
			<string>CarModel.m</string>
			<key>sourceTree</key>
			<string>&lt;group&gt;</string>
		</dict>
		<key>FAE82262176A328B00B07A1E</key>
		<dict>
			<key>fileRef</key>
			<string>FAE82261176A328B00B07A1E</string>
			<key>isa</key>
			<string>PBXBuildFile</string>
		</dict>
		<key>FAE82263176A328B00B07A1E</key>
		<dict>
			<key>fileEncoding</key>
			<string>4</string>
			<key>isa</key>
			<string>PBXFileReference</string>
			<key>lastKnownFileType</key>
			<string>sourcecode.c.h</string>
			<key>path</key>
			<string>Specification.h</string>
			<key>sourceTree</key>
			<string>&lt;group&gt;</string>
		</dict>
		<key>FAE82264176A328B00B07A1E</key>
		<dict>
			<key>fileEncoding</key>
			<string>4</string>
			<key>isa</key>
			<string>PBXFileReference</string>
			<key>lastKnownFileType</key>
			<string>sourcecode.c.objc</string>
			<key>path</key>
			<string>Specification.m</string>
			<key>sourceTree</key>
			<string>&lt;group&gt;</string>
		</dict>
		<key>FAE82265176A328B00B07A1E</key>
		<dict>
			<key>fileRef</key>
			<string>FAE82264176A328B00B07A1E</string>
			<key>isa</key>
			<string>PBXBuildFile</string>
		</dict>
		<key>FAE82266176A328B00B07A1E</key>
		<dict>
			<key>fileEncoding</key>
			<string>4</string>
			<key>isa</key>
			<string>PBXFileReference</string>
			<key>lastKnownFileType</key>
			<string>sourcecode.c.h</string>
			<key>path</key>
			<string>Brand.h</string>
			<key>sourceTree</key>
			<string>&lt;group&gt;</string>
		</dict>
		<key>FAE82267176A328B00B07A1E</key>
		<dict>
			<key>fileEncoding</key>
			<string>4</string>
			<key>isa</key>
			<string>PBXFileReference</string>
			<key>lastKnownFileType</key>
			<string>sourcecode.c.objc</string>
			<key>path</key>
			<string>Brand.m</string>
			<key>sourceTree</key>
			<string>&lt;group&gt;</string>
		</dict>
		<key>FAE82268176A328B00B07A1E</key>
		<dict>
			<key>fileRef</key>
			<string>FAE82267176A328B00B07A1E</string>
			<key>isa</key>
			<string>PBXBuildFile</string>
		</dict>
		<key>FAE82269176A328B00B07A1E</key>
		<dict>
			<key>fileEncoding</key>
			<string>4</string>
			<key>isa</key>
			<string>PBXFileReference</string>
			<key>lastKnownFileType</key>
			<string>sourcecode.c.h</string>
			<key>path</key>
			<string>Car.h</string>
			<key>sourceTree</key>
			<string>&lt;group&gt;</string>
		</dict>
		<key>FAE8226A176A328B00B07A1E</key>
		<dict>
			<key>fileEncoding</key>
			<string>4</string>
			<key>isa</key>
			<string>PBXFileReference</string>
			<key>lastKnownFileType</key>
			<string>sourcecode.c.objc</string>
			<key>path</key>
			<string>Car.m</string>
			<key>sourceTree</key>
			<string>&lt;group&gt;</string>
		</dict>
		<key>FAE8226B176A328B00B07A1E</key>
		<dict>
			<key>fileRef</key>
			<string>FAE8226A176A328B00B07A1E</string>
			<key>isa</key>
			<string>PBXBuildFile</string>
		</dict>
		<key>FAE8226C176A328B00B07A1E</key>
		<dict>
			<key>fileEncoding</key>
			<string>4</string>
			<key>isa</key>
			<string>PBXFileReference</string>
			<key>lastKnownFileType</key>
			<string>sourcecode.c.h</string>
			<key>path</key>
			<string>Comparative.h</string>
			<key>sourceTree</key>
			<string>&lt;group&gt;</string>
		</dict>
		<key>FAE8226D176A328B00B07A1E</key>
		<dict>
			<key>fileEncoding</key>
			<string>4</string>
			<key>isa</key>
			<string>PBXFileReference</string>
			<key>lastKnownFileType</key>
			<string>sourcecode.c.objc</string>
			<key>path</key>
			<string>Comparative.m</string>
			<key>sourceTree</key>
			<string>&lt;group&gt;</string>
		</dict>
		<key>FAE8226E176A328B00B07A1E</key>
		<dict>
			<key>fileRef</key>
			<string>FAE8226D176A328B00B07A1E</string>
			<key>isa</key>
			<string>PBXBuildFile</string>
		</dict>
		<key>FAE8226F176A328B00B07A1E</key>
		<dict>
			<key>fileEncoding</key>
			<string>4</string>
			<key>isa</key>
			<string>PBXFileReference</string>
			<key>lastKnownFileType</key>
			<string>sourcecode.c.h</string>
			<key>path</key>
			<string>Feature.h</string>
			<key>sourceTree</key>
			<string>&lt;group&gt;</string>
		</dict>
		<key>FAE82270176A328B00B07A1E</key>
		<dict>
			<key>fileEncoding</key>
			<string>4</string>
			<key>isa</key>
			<string>PBXFileReference</string>
			<key>lastKnownFileType</key>
			<string>sourcecode.c.objc</string>
			<key>path</key>
			<string>Feature.m</string>
			<key>sourceTree</key>
			<string>&lt;group&gt;</string>
		</dict>
		<key>FAE82271176A328B00B07A1E</key>
		<dict>
			<key>fileRef</key>
			<string>FAE82270176A328B00B07A1E</string>
			<key>isa</key>
			<string>PBXBuildFile</string>
		</dict>
		<key>FAE82272176A328B00B07A1E</key>
		<dict>
			<key>fileEncoding</key>
			<string>4</string>
			<key>isa</key>
			<string>PBXFileReference</string>
			<key>lastKnownFileType</key>
			<string>sourcecode.c.h</string>
			<key>path</key>
			<string>Line.h</string>
			<key>sourceTree</key>
			<string>&lt;group&gt;</string>
		</dict>
		<key>FAE82273176A328B00B07A1E</key>
		<dict>
			<key>fileEncoding</key>
			<string>4</string>
			<key>isa</key>
			<string>PBXFileReference</string>
			<key>lastKnownFileType</key>
			<string>sourcecode.c.objc</string>
			<key>path</key>
			<string>Line.m</string>
			<key>sourceTree</key>
			<string>&lt;group&gt;</string>
		</dict>
		<key>FAE82274176A328B00B07A1E</key>
		<dict>
			<key>fileRef</key>
			<string>FAE82273176A328B00B07A1E</string>
			<key>isa</key>
			<string>PBXBuildFile</string>
		</dict>
		<key>FAE82275176A328B00B07A1E</key>
		<dict>
			<key>fileEncoding</key>
			<string>4</string>
			<key>isa</key>
			<string>PBXFileReference</string>
			<key>lastKnownFileType</key>
			<string>sourcecode.c.h</string>
			<key>path</key>
			<string>Serie.h</string>
			<key>sourceTree</key>
			<string>&lt;group&gt;</string>
		</dict>
		<key>FAE82276176A328B00B07A1E</key>
		<dict>
			<key>fileEncoding</key>
			<string>4</string>
			<key>isa</key>
			<string>PBXFileReference</string>
			<key>lastKnownFileType</key>
			<string>sourcecode.c.objc</string>
			<key>path</key>
			<string>Serie.m</string>
			<key>sourceTree</key>
			<string>&lt;group&gt;</string>
		</dict>
		<key>FAE82277176A328B00B07A1E</key>
		<dict>
			<key>fileRef</key>
			<string>FAE82276176A328B00B07A1E</string>
			<key>isa</key>
			<string>PBXBuildFile</string>
		</dict>
		<key>FAE82278176A328B00B07A1E</key>
		<dict>
			<key>fileEncoding</key>
			<string>4</string>
			<key>isa</key>
			<string>PBXFileReference</string>
			<key>lastKnownFileType</key>
			<string>sourcecode.c.h</string>
			<key>path</key>
			<string>SpecificationType.h</string>
			<key>sourceTree</key>
			<string>&lt;group&gt;</string>
		</dict>
		<key>FAE82279176A328B00B07A1E</key>
		<dict>
			<key>fileEncoding</key>
			<string>4</string>
			<key>isa</key>
			<string>PBXFileReference</string>
			<key>lastKnownFileType</key>
			<string>sourcecode.c.objc</string>
			<key>path</key>
			<string>SpecificationType.m</string>
			<key>sourceTree</key>
			<string>&lt;group&gt;</string>
		</dict>
		<key>FAE8227A176A328B00B07A1E</key>
		<dict>
			<key>fileRef</key>
			<string>FAE82279176A328B00B07A1E</string>
			<key>isa</key>
			<string>PBXBuildFile</string>
		</dict>
	</dict>
	<key>rootObject</key>
	<string>FA2AF9541755A50A001BA8ED</string>
</dict>
</plist>
